// !$*UTF8*$!
{
	archiveVersion = 1;
	classes = {
	};
	objectVersion = 48;
	objects = {

/* Begin PBXBuildFile section */
		5E1069A323CFD68100C79FC2 /* PGLNilObject.m in Sources */ = {isa = PBXBuildFile; fileRef = 5E1069A223CFD68100C79FC2 /* PGLNilObject.m */; };
		5E1069A423CFD68100C79FC2 /* PGLNilObject.m in Sources */ = {isa = PBXBuildFile; fileRef = 5E1069A223CFD68100C79FC2 /* PGLNilObject.m */; };
		5E1069A523CFD68100C79FC2 /* PGLNilObject.m in Sources */ = {isa = PBXBuildFile; fileRef = 5E1069A223CFD68100C79FC2 /* PGLNilObject.m */; };
		5E184715202BB72700F01AD1 /* TypeName.swift in Sources */ = {isa = PBXBuildFile; fileRef = 5E184714202BB72700F01AD1 /* TypeName.swift */; };
		5E184718202BB80200F01AD1 /* PGLConcurrentMap.h in Headers */ = {isa = PBXBuildFile; fileRef = 5E184716202BB80200F01AD1 /* PGLConcurrentMap.h */; settings = {ATTRIBUTES = (Public, ); }; };
		5E184719202BB80200F01AD1 /* PGLConcurrentMap_MRR.m in Sources */ = {isa = PBXBuildFile; fileRef = 5E184717202BB80200F01AD1 /* PGLConcurrentMap_MRR.m */; settings = {COMPILER_FLAGS = "-fno-objc-arc"; }; };
		5E2646311FB64876002DC6B6 /* PlaygroundLogger.framework in Frameworks */ = {isa = PBXBuildFile; fileRef = 5E2646271FB64876002DC6B6 /* PlaygroundLogger.framework */; };
		5E2646381FB64876002DC6B6 /* PlaygroundLogger.h in Headers */ = {isa = PBXBuildFile; fileRef = 5E26462A1FB64876002DC6B6 /* PlaygroundLogger.h */; settings = {ATTRIBUTES = (Public, ); }; };
		5E2646431FB64B2A002DC6B6 /* LoggerEntrypoints.swift in Sources */ = {isa = PBXBuildFile; fileRef = 5E2646421FB64B2A002DC6B6 /* LoggerEntrypoints.swift */; };
		5E2646521FB65026002DC6B6 /* LoggerInitialization.swift in Sources */ = {isa = PBXBuildFile; fileRef = 5E2646511FB65026002DC6B6 /* LoggerInitialization.swift */; };
		5E2755CF1FB657F200B69C83 /* LogEntry.swift in Sources */ = {isa = PBXBuildFile; fileRef = 5E2755CE1FB657F200B69C83 /* LogEntry.swift */; };
		5E2755D11FB6619800B69C83 /* LogPacket.swift in Sources */ = {isa = PBXBuildFile; fileRef = 5E2755D01FB6619800B69C83 /* LogPacket.swift */; };
		5E2755D31FB672DC00B69C83 /* SendData.swift in Sources */ = {isa = PBXBuildFile; fileRef = 5E2755D21FB672DC00B69C83 /* SendData.swift */; };
		5E2755D51FB6807F00B69C83 /* LogPacket+Encoding.swift in Sources */ = {isa = PBXBuildFile; fileRef = 5E2755D41FB6807F00B69C83 /* LogPacket+Encoding.swift */; };
		5E2755D71FB682DE00B69C83 /* LogEntry+Encoding.swift in Sources */ = {isa = PBXBuildFile; fileRef = 5E2755D61FB682DE00B69C83 /* LogEntry+Encoding.swift */; };
		5E2755D91FB6836800B69C83 /* LogEncoder.swift in Sources */ = {isa = PBXBuildFile; fileRef = 5E2755D81FB6836800B69C83 /* LogEncoder.swift */; };
		5E2755DB1FB7069300B69C83 /* LogEntry+Reflection.swift in Sources */ = {isa = PBXBuildFile; fileRef = 5E2755DA1FB7069300B69C83 /* LogEntry+Reflection.swift */; };
		5E27561E1FC4859300B69C83 /* Int64+TaggedOpaqueRepresentation.swift in Sources */ = {isa = PBXBuildFile; fileRef = 5E27561D1FC4859300B69C83 /* Int64+TaggedOpaqueRepresentation.swift */; };
		5E2756201FC485AA00B69C83 /* TaggedOpaqueRepresentation.swift in Sources */ = {isa = PBXBuildFile; fileRef = 5E27561F1FC485AA00B69C83 /* TaggedOpaqueRepresentation.swift */; };
		5E2756221FC4873000B69C83 /* UInt64+TaggedOpaqueRepresentation.swift in Sources */ = {isa = PBXBuildFile; fileRef = 5E2756211FC4873000B69C83 /* UInt64+TaggedOpaqueRepresentation.swift */; };
		5E2756241FC4886A00B69C83 /* String+TaggedOpaqueRepresentation.swift in Sources */ = {isa = PBXBuildFile; fileRef = 5E2756231FC4886A00B69C83 /* String+TaggedOpaqueRepresentation.swift */; };
		5E2756261FC488DC00B69C83 /* Float+TaggedOpaqueRepresentation.swift in Sources */ = {isa = PBXBuildFile; fileRef = 5E2756251FC488DC00B69C83 /* Float+TaggedOpaqueRepresentation.swift */; };
		5E2756281FC4895100B69C83 /* Double+TaggedOpaqueRepresentation.swift in Sources */ = {isa = PBXBuildFile; fileRef = 5E2756271FC4895100B69C83 /* Double+TaggedOpaqueRepresentation.swift */; };
		5E27562A1FC48C7D00B69C83 /* Bool+TaggedOpaqueRepresentation.swift in Sources */ = {isa = PBXBuildFile; fileRef = 5E2756291FC48C7D00B69C83 /* Bool+TaggedOpaqueRepresentation.swift */; };
		5E27562D1FC48D2800B69C83 /* CGGeometry+KeyedArchiveOpaqueRepresentation.swift in Sources */ = {isa = PBXBuildFile; fileRef = 5E27562C1FC48D2800B69C83 /* CGGeometry+KeyedArchiveOpaqueRepresentation.swift */; };
		5E27562F1FC48DDE00B69C83 /* KeyedArchiveOpaqueRepresentation.swift in Sources */ = {isa = PBXBuildFile; fileRef = 5E27562E1FC48DDE00B69C83 /* KeyedArchiveOpaqueRepresentation.swift */; };
		5E2756321FC48FD300B69C83 /* NSRange+KeyedArchiveOpaqueRepresentation.swift in Sources */ = {isa = PBXBuildFile; fileRef = 5E2756311FC48FD300B69C83 /* NSRange+KeyedArchiveOpaqueRepresentation.swift */; };
		5E2756341FC490AF00B69C83 /* NSAttributedString+KeyedArchiveOpaqueRepresentation.swift in Sources */ = {isa = PBXBuildFile; fileRef = 5E2756331FC490AF00B69C83 /* NSAttributedString+KeyedArchiveOpaqueRepresentation.swift */; };
		5E2756361FC4CC2600B69C83 /* URL+TaggedOpaqueRepresentation.swift in Sources */ = {isa = PBXBuildFile; fileRef = 5E2756351FC4CC2600B69C83 /* URL+TaggedOpaqueRepresentation.swift */; };
		5E27563D1FC4D17F00B69C83 /* CGColor+KeyedArchiveOpaqueRepresentation.swift in Sources */ = {isa = PBXBuildFile; fileRef = 5E27563C1FC4D17F00B69C83 /* CGColor+KeyedArchiveOpaqueRepresentation.swift */; };
		5E27563F1FC4D31D00B69C83 /* NSBezierPath+KeyedArchiveOpaqueRepresentation.swift in Sources */ = {isa = PBXBuildFile; fileRef = 5E27563E1FC4D31D00B69C83 /* NSBezierPath+KeyedArchiveOpaqueRepresentation.swift */; };
		5E2756421FC4D3BF00B69C83 /* UIBezierPath+KeyedArchiveOpaqueRepresentation.swift in Sources */ = {isa = PBXBuildFile; fileRef = 5E2756411FC4D3BF00B69C83 /* UIBezierPath+KeyedArchiveOpaqueRepresentation.swift */; };
		5E2756441FC4D60600B69C83 /* NSImage+OpaqueImageRepresentable.swift in Sources */ = {isa = PBXBuildFile; fileRef = 5E2756431FC4D60600B69C83 /* NSImage+OpaqueImageRepresentable.swift */; };
		5E2756461FC4DC0C00B69C83 /* ImageOpaqueRepresentation.swift in Sources */ = {isa = PBXBuildFile; fileRef = 5E2756451FC4DC0C00B69C83 /* ImageOpaqueRepresentation.swift */; };
		5E2756481FC4DE1500B69C83 /* NSView+OpaqueImageRepresentable.swift in Sources */ = {isa = PBXBuildFile; fileRef = 5E2756471FC4DE1500B69C83 /* NSView+OpaqueImageRepresentable.swift */; };
		5E27564A1FC4DF0200B69C83 /* UIImage+OpaqueImageRepresentable.swift in Sources */ = {isa = PBXBuildFile; fileRef = 5E2756491FC4DF0200B69C83 /* UIImage+OpaqueImageRepresentable.swift */; };
		5E27564C1FC4E07600B69C83 /* UIView+OpaqueImageRepresentable.swift in Sources */ = {isa = PBXBuildFile; fileRef = 5E27564B1FC4E07600B69C83 /* UIView+OpaqueImageRepresentable.swift */; };
		5E27564F1FC4E58300B69C83 /* PlaygroundQuickLook+OpaqueRepresentationSupport.swift in Sources */ = {isa = PBXBuildFile; fileRef = 5E27564E1FC4E58300B69C83 /* PlaygroundQuickLook+OpaqueRepresentationSupport.swift */; };
		5E2756531FC4EC6200B69C83 /* CustomOpaqueLoggable.swift in Sources */ = {isa = PBXBuildFile; fileRef = 5E2756521FC4EC6200B69C83 /* CustomOpaqueLoggable.swift */; };
		5E2756561FC4F25E00B69C83 /* String+CustomOpaqueLoggable.swift in Sources */ = {isa = PBXBuildFile; fileRef = 5E2756551FC4F25E00B69C83 /* String+CustomOpaqueLoggable.swift */; };
		5E2756581FC4F2C900B69C83 /* Integers+CustomOpaqueLoggable.swift in Sources */ = {isa = PBXBuildFile; fileRef = 5E2756571FC4F2C900B69C83 /* Integers+CustomOpaqueLoggable.swift */; };
		5E27565A1FC4F35300B69C83 /* FloatingPoint+CustomOpaqueLoggable.swift in Sources */ = {isa = PBXBuildFile; fileRef = 5E2756591FC4F35300B69C83 /* FloatingPoint+CustomOpaqueLoggable.swift */; };
		5E27565C1FC4F3B200B69C83 /* Bool+CustomOpaqueLoggable.swift in Sources */ = {isa = PBXBuildFile; fileRef = 5E27565B1FC4F3B200B69C83 /* Bool+CustomOpaqueLoggable.swift */; };
		5E27565E1FC4F3E600B69C83 /* UnsafePointers+CustomPlaygroundLoggable.swift in Sources */ = {isa = PBXBuildFile; fileRef = 5E27565D1FC4F3E600B69C83 /* UnsafePointers+CustomPlaygroundLoggable.swift */; };
		5E2756611FC51BAE00B69C83 /* Date+CustomOpaqueLoggable.swift in Sources */ = {isa = PBXBuildFile; fileRef = 5E2756601FC51BAE00B69C83 /* Date+CustomOpaqueLoggable.swift */; };
		5E2756631FC51C3E00B69C83 /* URL+CustomOpaqueLoggable.swift in Sources */ = {isa = PBXBuildFile; fileRef = 5E2756621FC51C3E00B69C83 /* URL+CustomOpaqueLoggable.swift */; };
		5E2756651FC51C7700B69C83 /* NSString+CustomOpaqueLoggable.swift in Sources */ = {isa = PBXBuildFile; fileRef = 5E2756641FC51C7700B69C83 /* NSString+CustomOpaqueLoggable.swift */; };
		5E2756671FC51C9C00B69C83 /* NSRange+CustomOpaqueLoggable.swift in Sources */ = {isa = PBXBuildFile; fileRef = 5E2756661FC51C9C00B69C83 /* NSRange+CustomOpaqueLoggable.swift */; };
		5E2756691FC51CBD00B69C83 /* NSNumber+CustomOpaqueLoggable.swift in Sources */ = {isa = PBXBuildFile; fileRef = 5E2756681FC51CBD00B69C83 /* NSNumber+CustomOpaqueLoggable.swift */; };
		5E27566B1FC51D2B00B69C83 /* NSAttributedString+CustomOpaqueLoggable.swift in Sources */ = {isa = PBXBuildFile; fileRef = 5E27566A1FC51D2B00B69C83 /* NSAttributedString+CustomOpaqueLoggable.swift */; };
		5E27566E1FC51F7E00B69C83 /* CGGeometry+CustomOpaqueLoggable.swift in Sources */ = {isa = PBXBuildFile; fileRef = 5E27566D1FC51F7E00B69C83 /* CGGeometry+CustomOpaqueLoggable.swift */; };
		5E2756701FC51FCB00B69C83 /* CGColor+OpaquePlaygroundLoggable.swift in Sources */ = {isa = PBXBuildFile; fileRef = 5E27566F1FC51FCB00B69C83 /* CGColor+OpaquePlaygroundLoggable.swift */; };
		5E2756721FC51FF400B69C83 /* CGImage+CustomOpaqueLoggable.swift in Sources */ = {isa = PBXBuildFile; fileRef = 5E2756711FC51FF400B69C83 /* CGImage+CustomOpaqueLoggable.swift */; };
		5E2756741FC5205F00B69C83 /* CGImage+OpaqueImageRepresentable.swift in Sources */ = {isa = PBXBuildFile; fileRef = 5E2756731FC5205F00B69C83 /* CGImage+OpaqueImageRepresentable.swift */; };
		5E2756771FCF3C9700B69C83 /* CIColor+CustomOpaqueLoggable.swift in Sources */ = {isa = PBXBuildFile; fileRef = 5E2756761FCF3C9700B69C83 /* CIColor+CustomOpaqueLoggable.swift */; };
		5E2756791FCF3D3200B69C83 /* CIImage+CustomOpaqueLoggable.swift in Sources */ = {isa = PBXBuildFile; fileRef = 5E2756781FCF3D3200B69C83 /* CIImage+CustomOpaqueLoggable.swift */; };
		5E27567C1FCF423400B69C83 /* NSColor+CustomOpaqueLoggable.swift in Sources */ = {isa = PBXBuildFile; fileRef = 5E27567B1FCF423400B69C83 /* NSColor+CustomOpaqueLoggable.swift */; };
		5E27567E1FCF429900B69C83 /* NSCursor+CustomOpaqueLoggable.swift in Sources */ = {isa = PBXBuildFile; fileRef = 5E27567D1FCF429900B69C83 /* NSCursor+CustomOpaqueLoggable.swift */; };
		5E2756801FCF435300B69C83 /* NSBezierPath+CustomOpaqueLoggable.swift in Sources */ = {isa = PBXBuildFile; fileRef = 5E27567F1FCF435300B69C83 /* NSBezierPath+CustomOpaqueLoggable.swift */; };
		5E2756821FCF439D00B69C83 /* NSImage+CustomOpaqueLoggable.swift in Sources */ = {isa = PBXBuildFile; fileRef = 5E2756811FCF439D00B69C83 /* NSImage+CustomOpaqueLoggable.swift */; };
		5E2756841FCF43DD00B69C83 /* NSView+CustomOpaqueLoggable.swift in Sources */ = {isa = PBXBuildFile; fileRef = 5E2756831FCF43DD00B69C83 /* NSView+CustomOpaqueLoggable.swift */; };
		5E2756871FCF451900B69C83 /* UIBezierPath+CustomOpaqueLoggable.swift in Sources */ = {isa = PBXBuildFile; fileRef = 5E2756861FCF451900B69C83 /* UIBezierPath+CustomOpaqueLoggable.swift */; };
		5E2756891FCF454D00B69C83 /* UIColor+CustomOpaqueLoggable.swift in Sources */ = {isa = PBXBuildFile; fileRef = 5E2756881FCF454D00B69C83 /* UIColor+CustomOpaqueLoggable.swift */; };
		5E27568B1FCF458900B69C83 /* UIImage+CustomOpaqueLoggable.swift in Sources */ = {isa = PBXBuildFile; fileRef = 5E27568A1FCF458900B69C83 /* UIImage+CustomOpaqueLoggable.swift */; };
		5E27568D1FCF45AE00B69C83 /* UIView+CustomOpaqueLoggable.swift in Sources */ = {isa = PBXBuildFile; fileRef = 5E27568C1FCF45AE00B69C83 /* UIView+CustomOpaqueLoggable.swift */; };
		5E27568F1FCF964400B69C83 /* NSBitmapImageRep+CustomOpaqueLoggable.swift in Sources */ = {isa = PBXBuildFile; fileRef = 5E27568E1FCF964400B69C83 /* NSBitmapImageRep+CustomOpaqueLoggable.swift */; };
		5E2756911FCF967300B69C83 /* NSBitmapImageRep+OpaqueImageRepresentable.swift in Sources */ = {isa = PBXBuildFile; fileRef = 5E2756901FCF967300B69C83 /* NSBitmapImageRep+OpaqueImageRepresentable.swift */; };
		5E2756941FCF9CB000B69C83 /* SpriteKitOpaqueLoggable.swift in Sources */ = {isa = PBXBuildFile; fileRef = 5E2756931FCF9CB000B69C83 /* SpriteKitOpaqueLoggable.swift */; };
		5E48E0AA2042925B00C7712D /* LogEntryTests.swift in Sources */ = {isa = PBXBuildFile; fileRef = 5E48E0A92042925B00C7712D /* LogEntryTests.swift */; };
		5E48E0AB2042925B00C7712D /* LogEntryTests.swift in Sources */ = {isa = PBXBuildFile; fileRef = 5E48E0A92042925B00C7712D /* LogEntryTests.swift */; };
		5E48E0AC2042925B00C7712D /* LogEntryTests.swift in Sources */ = {isa = PBXBuildFile; fileRef = 5E48E0A92042925B00C7712D /* LogEntryTests.swift */; };
		5E4AF1AF1FDDC12A00B7C9D9 /* LegacyEntrypoints.swift in Sources */ = {isa = PBXBuildFile; fileRef = 5E4AF1AE1FDDC12A00B7C9D9 /* LegacyEntrypoints.swift */; };
		5E5D77802040BD7D00EBC3A9 /* LogPolicyTests.swift in Sources */ = {isa = PBXBuildFile; fileRef = 5E5D777F2040BD7D00EBC3A9 /* LogPolicyTests.swift */; };
		5E5D77812040BD7D00EBC3A9 /* LogPolicyTests.swift in Sources */ = {isa = PBXBuildFile; fileRef = 5E5D777F2040BD7D00EBC3A9 /* LogPolicyTests.swift */; };
		5E5D77822040BD7D00EBC3A9 /* LogPolicyTests.swift in Sources */ = {isa = PBXBuildFile; fileRef = 5E5D777F2040BD7D00EBC3A9 /* LogPolicyTests.swift */; };
		5E5D77842040F5E900EBC3A9 /* LoggingError.swift in Sources */ = {isa = PBXBuildFile; fileRef = 5E5D77832040F5E900EBC3A9 /* LoggingError.swift */; };
		5E5F600B20409D4E007EF0A8 /* LogPolicy.swift in Sources */ = {isa = PBXBuildFile; fileRef = 5E5F600A20409D4E007EF0A8 /* LogPolicy.swift */; };
		5E5FE50B202D13C800E28C3C /* PGLConcurrentMap.swift in Sources */ = {isa = PBXBuildFile; fileRef = 5E5FE50A202D13C800E28C3C /* PGLConcurrentMap.swift */; };
		5EB651C0213A01D0001CC984 /* LegacyEntrypointTests.swift in Sources */ = {isa = PBXBuildFile; fileRef = 5EB651BF213A01D0001CC984 /* LegacyEntrypointTests.swift */; };
		5EB651C1213A01D0001CC984 /* LegacyEntrypointTests.swift in Sources */ = {isa = PBXBuildFile; fileRef = 5EB651BF213A01D0001CC984 /* LegacyEntrypointTests.swift */; };
		5EB651C2213A01D0001CC984 /* LegacyEntrypointTests.swift in Sources */ = {isa = PBXBuildFile; fileRef = 5EB651BF213A01D0001CC984 /* LegacyEntrypointTests.swift */; };
		5EB651C4213A081A001CC984 /* LoggerEntrypointTests.swift in Sources */ = {isa = PBXBuildFile; fileRef = 5EB651C3213A081A001CC984 /* LoggerEntrypointTests.swift */; };
		5EB651C5213A081A001CC984 /* LoggerEntrypointTests.swift in Sources */ = {isa = PBXBuildFile; fileRef = 5EB651C3213A081A001CC984 /* LoggerEntrypointTests.swift */; };
		5EB651C6213A081A001CC984 /* LoggerEntrypointTests.swift in Sources */ = {isa = PBXBuildFile; fileRef = 5EB651C3213A081A001CC984 /* LoggerEntrypointTests.swift */; };
		5ECE8F911FFCD2A70034D9BC /* LegacyPlaygroundLoggerTests.swift in Sources */ = {isa = PBXBuildFile; fileRef = 5ECE8F901FFCD2A70034D9BC /* LegacyPlaygroundLoggerTests.swift */; };
		5EE3867420352F3200D625F0 /* CGFloat+CustomOpaqueLoggable.swift in Sources */ = {isa = PBXBuildFile; fileRef = 5EE3867320352F3200D625F0 /* CGFloat+CustomOpaqueLoggable.swift */; };
		5EF581532041387C00AC14FE /* CustomPlaygroundDisplayConvertibleTests.swift in Sources */ = {isa = PBXBuildFile; fileRef = 5EF581512041384700AC14FE /* CustomPlaygroundDisplayConvertibleTests.swift */; };
		5EF581542041387C00AC14FE /* CustomPlaygroundDisplayConvertibleTests.swift in Sources */ = {isa = PBXBuildFile; fileRef = 5EF581512041384700AC14FE /* CustomPlaygroundDisplayConvertibleTests.swift */; };
		5EF581552041387C00AC14FE /* CustomPlaygroundDisplayConvertibleTests.swift in Sources */ = {isa = PBXBuildFile; fileRef = 5EF581512041384700AC14FE /* CustomPlaygroundDisplayConvertibleTests.swift */; };
		5EF64039204145A80007BDD2 /* NSAttributedString+PGLKeyedArchivingUtilities.h in Headers */ = {isa = PBXBuildFile; fileRef = 5EF64037204145A80007BDD2 /* NSAttributedString+PGLKeyedArchivingUtilities.h */; settings = {ATTRIBUTES = (Public, ); }; };
		5EF6403A204145A80007BDD2 /* NSAttributedString+PGLKeyedArchivingUtilities.m in Sources */ = {isa = PBXBuildFile; fileRef = 5EF64038204145A80007BDD2 /* NSAttributedString+PGLKeyedArchivingUtilities.m */; settings = {COMPILER_FLAGS = "-fobjc-arc-exceptions"; }; };
		5EF6403D204148B80007BDD2 /* NSBezierPath+PGLKeyedArchivingUtilities.h in Headers */ = {isa = PBXBuildFile; fileRef = 5EF6403B204148B80007BDD2 /* NSBezierPath+PGLKeyedArchivingUtilities.h */; settings = {ATTRIBUTES = (Public, ); }; };
		5EF6403E204148B80007BDD2 /* NSBezierPath+PGLKeyedArchivingUtilities.m in Sources */ = {isa = PBXBuildFile; fileRef = 5EF6403C204148B80007BDD2 /* NSBezierPath+PGLKeyedArchivingUtilities.m */; settings = {COMPILER_FLAGS = "-fobjc-arc-exceptions"; }; };
		5EF64041204149DE0007BDD2 /* UIBezierPath+PGLKeyedArchivingUtilities.h in Headers */ = {isa = PBXBuildFile; fileRef = 5EF6403F204149DE0007BDD2 /* UIBezierPath+PGLKeyedArchivingUtilities.h */; settings = {ATTRIBUTES = (Public, ); }; };
		5EF64042204149DE0007BDD2 /* UIBezierPath+PGLKeyedArchivingUtilities.m in Sources */ = {isa = PBXBuildFile; fileRef = 5EF64040204149DE0007BDD2 /* UIBezierPath+PGLKeyedArchivingUtilities.m */; settings = {COMPILER_FLAGS = "-fobjc-arc-exceptions"; }; };
		5EFB2A5321211BC300BA43D3 /* PGLThreadIsLogging.h in Headers */ = {isa = PBXBuildFile; fileRef = 5EFB2A5121211BC300BA43D3 /* PGLThreadIsLogging.h */; settings = {ATTRIBUTES = (Public, ); }; };
		5EFB2A5421211BC300BA43D3 /* PGLThreadIsLogging.m in Sources */ = {isa = PBXBuildFile; fileRef = 5EFB2A5221211BC300BA43D3 /* PGLThreadIsLogging.m */; };
		5EFE9193203F6CF900E21BAA /* LegacyPlaygroundLoggerTests.swift in Sources */ = {isa = PBXBuildFile; fileRef = 5ECE8F901FFCD2A70034D9BC /* LegacyPlaygroundLoggerTests.swift */; };
		5EFE919B203F6DD700E21BAA /* AppDelegate.swift in Sources */ = {isa = PBXBuildFile; fileRef = 5EFE919A203F6DD700E21BAA /* AppDelegate.swift */; };
		5EFE919D203F6DD700E21BAA /* ViewController.swift in Sources */ = {isa = PBXBuildFile; fileRef = 5EFE919C203F6DD700E21BAA /* ViewController.swift */; };
		5EFE91A0203F6DD700E21BAA /* Main.storyboard in Resources */ = {isa = PBXBuildFile; fileRef = 5EFE919E203F6DD700E21BAA /* Main.storyboard */; };
		5EFE91A5203F6DD900E21BAA /* LaunchScreen.storyboard in Resources */ = {isa = PBXBuildFile; fileRef = 5EFE91A3203F6DD900E21BAA /* LaunchScreen.storyboard */; };
		5EFE91B3203F6E8D00E21BAA /* AppDelegate.swift in Sources */ = {isa = PBXBuildFile; fileRef = 5EFE91B2203F6E8D00E21BAA /* AppDelegate.swift */; };
		5EFE91B5203F6E8D00E21BAA /* ViewController.swift in Sources */ = {isa = PBXBuildFile; fileRef = 5EFE91B4203F6E8D00E21BAA /* ViewController.swift */; };
		5EFE91B8203F6E8D00E21BAA /* Main.storyboard in Resources */ = {isa = PBXBuildFile; fileRef = 5EFE91B6203F6E8D00E21BAA /* Main.storyboard */; };
		5EFE91C0203F6EDD00E21BAA /* PlaygroundLogger.framework in Embed Frameworks */ = {isa = PBXBuildFile; fileRef = 5E2646271FB64876002DC6B6 /* PlaygroundLogger.framework */; settings = {ATTRIBUTES = (CodeSignOnCopy, RemoveHeadersOnCopy, ); }; };
		5EFE91C5203F6EEC00E21BAA /* PlaygroundLogger.framework in Embed Frameworks */ = {isa = PBXBuildFile; fileRef = 5E2646271FB64876002DC6B6 /* PlaygroundLogger.framework */; settings = {ATTRIBUTES = (CodeSignOnCopy, RemoveHeadersOnCopy, ); }; };
		5EFE91D7203F6F8100E21BAA /* LegacyPlaygroundLoggerTests.swift in Sources */ = {isa = PBXBuildFile; fileRef = 5ECE8F901FFCD2A70034D9BC /* LegacyPlaygroundLoggerTests.swift */; };
/* End PBXBuildFile section */

/* Begin PBXContainerItemProxy section */
		5E2646321FB64876002DC6B6 /* PBXContainerItemProxy */ = {
			isa = PBXContainerItemProxy;
			containerPortal = 5E26461E1FB64876002DC6B6 /* Project object */;
			proxyType = 1;
			remoteGlobalIDString = 5E2646261FB64876002DC6B6;
			remoteInfo = PlaygroundLogger;
		};
		5EFE9191203F6CE500E21BAA /* PBXContainerItemProxy */ = {
			isa = PBXContainerItemProxy;
			containerPortal = 5E26461E1FB64876002DC6B6 /* Project object */;
			proxyType = 1;
			remoteGlobalIDString = 5E2646261FB64876002DC6B6;
			remoteInfo = PlaygroundLogger;
		};
		5EFE91AA203F6DE100E21BAA /* PBXContainerItemProxy */ = {
			isa = PBXContainerItemProxy;
			containerPortal = 5E26461E1FB64876002DC6B6 /* Project object */;
			proxyType = 1;
			remoteGlobalIDString = 5EFE9197203F6DD700E21BAA;
			remoteInfo = PlaygroundLoggerTestHost_iOS;
		};
		5EFE91C1203F6EDD00E21BAA /* PBXContainerItemProxy */ = {
			isa = PBXContainerItemProxy;
			containerPortal = 5E26461E1FB64876002DC6B6 /* Project object */;
			proxyType = 1;
			remoteGlobalIDString = 5E2646261FB64876002DC6B6;
			remoteInfo = PlaygroundLogger;
		};
		5EFE91C6203F6EEC00E21BAA /* PBXContainerItemProxy */ = {
			isa = PBXContainerItemProxy;
			containerPortal = 5E26461E1FB64876002DC6B6 /* Project object */;
			proxyType = 1;
			remoteGlobalIDString = 5E2646261FB64876002DC6B6;
			remoteInfo = PlaygroundLogger;
		};
		5EFE91D2203F6F6A00E21BAA /* PBXContainerItemProxy */ = {
			isa = PBXContainerItemProxy;
			containerPortal = 5E26461E1FB64876002DC6B6 /* Project object */;
			proxyType = 1;
			remoteGlobalIDString = 5EFE91AF203F6E8D00E21BAA;
			remoteInfo = PlaygroundLoggerTestHost_tvOS;
		};
		5EFE91D8203F6FF800E21BAA /* PBXContainerItemProxy */ = {
			isa = PBXContainerItemProxy;
			containerPortal = 5E26461E1FB64876002DC6B6 /* Project object */;
			proxyType = 1;
			remoteGlobalIDString = 5E2646261FB64876002DC6B6;
			remoteInfo = PlaygroundLogger;
		};
/* End PBXContainerItemProxy section */

/* Begin PBXCopyFilesBuildPhase section */
		5EFE91C3203F6EDD00E21BAA /* Embed Frameworks */ = {
			isa = PBXCopyFilesBuildPhase;
			buildActionMask = 2147483647;
			dstPath = "";
			dstSubfolderSpec = 10;
			files = (
				5EFE91C0203F6EDD00E21BAA /* PlaygroundLogger.framework in Embed Frameworks */,
			);
			name = "Embed Frameworks";
			runOnlyForDeploymentPostprocessing = 0;
		};
		5EFE91C8203F6EEC00E21BAA /* Embed Frameworks */ = {
			isa = PBXCopyFilesBuildPhase;
			buildActionMask = 2147483647;
			dstPath = "";
			dstSubfolderSpec = 10;
			files = (
				5EFE91C5203F6EEC00E21BAA /* PlaygroundLogger.framework in Embed Frameworks */,
			);
			name = "Embed Frameworks";
			runOnlyForDeploymentPostprocessing = 0;
		};
/* End PBXCopyFilesBuildPhase section */

/* Begin PBXFileReference section */
		5E10699E23CFD68100C79FC2 /* PlaygroundLoggerTests-Bridging-Header.h */ = {isa = PBXFileReference; lastKnownFileType = sourcecode.c.h; path = "PlaygroundLoggerTests-Bridging-Header.h"; sourceTree = "<group>"; };
		5E1069A123CFD68100C79FC2 /* PGLNilObject.h */ = {isa = PBXFileReference; lastKnownFileType = sourcecode.c.h; path = PGLNilObject.h; sourceTree = "<group>"; };
		5E1069A223CFD68100C79FC2 /* PGLNilObject.m */ = {isa = PBXFileReference; lastKnownFileType = sourcecode.c.objc; path = PGLNilObject.m; sourceTree = "<group>"; };
		5E11805920414E2700B73EE9 /* Debug.xcconfig */ = {isa = PBXFileReference; lastKnownFileType = text.xcconfig; name = Debug.xcconfig; path = ../XcodeConfig/Debug.xcconfig; sourceTree = "<group>"; };
		5E11805A20414E2700B73EE9 /* Release.xcconfig */ = {isa = PBXFileReference; lastKnownFileType = text.xcconfig; name = Release.xcconfig; path = ../XcodeConfig/Release.xcconfig; sourceTree = "<group>"; };
		5E184714202BB72700F01AD1 /* TypeName.swift */ = {isa = PBXFileReference; lastKnownFileType = sourcecode.swift; path = TypeName.swift; sourceTree = "<group>"; };
		5E184716202BB80200F01AD1 /* PGLConcurrentMap.h */ = {isa = PBXFileReference; lastKnownFileType = sourcecode.c.h; path = PGLConcurrentMap.h; sourceTree = "<group>"; };
		5E184717202BB80200F01AD1 /* PGLConcurrentMap_MRR.m */ = {isa = PBXFileReference; lastKnownFileType = sourcecode.c.objc; path = PGLConcurrentMap_MRR.m; sourceTree = "<group>"; };
		5E2646271FB64876002DC6B6 /* PlaygroundLogger.framework */ = {isa = PBXFileReference; explicitFileType = wrapper.framework; includeInIndex = 0; path = PlaygroundLogger.framework; sourceTree = BUILT_PRODUCTS_DIR; };
		5E26462A1FB64876002DC6B6 /* PlaygroundLogger.h */ = {isa = PBXFileReference; lastKnownFileType = sourcecode.c.h; path = PlaygroundLogger.h; sourceTree = "<group>"; };
		5E26462B1FB64876002DC6B6 /* Info.plist */ = {isa = PBXFileReference; lastKnownFileType = text.plist.xml; path = Info.plist; sourceTree = "<group>"; };
		5E2646301FB64876002DC6B6 /* PlaygroundLoggerTests_macOS.xctest */ = {isa = PBXFileReference; explicitFileType = wrapper.cfbundle; includeInIndex = 0; path = PlaygroundLoggerTests_macOS.xctest; sourceTree = BUILT_PRODUCTS_DIR; };
		5E2646371FB64876002DC6B6 /* Info.plist */ = {isa = PBXFileReference; lastKnownFileType = text.plist.xml; path = Info.plist; sourceTree = "<group>"; };
		5E2646421FB64B2A002DC6B6 /* LoggerEntrypoints.swift */ = {isa = PBXFileReference; lastKnownFileType = sourcecode.swift; path = LoggerEntrypoints.swift; sourceTree = "<group>"; };
		5E2646511FB65026002DC6B6 /* LoggerInitialization.swift */ = {isa = PBXFileReference; lastKnownFileType = sourcecode.swift; path = LoggerInitialization.swift; sourceTree = "<group>"; };
		5E2755CE1FB657F200B69C83 /* LogEntry.swift */ = {isa = PBXFileReference; lastKnownFileType = sourcecode.swift; path = LogEntry.swift; sourceTree = "<group>"; };
		5E2755D01FB6619800B69C83 /* LogPacket.swift */ = {isa = PBXFileReference; lastKnownFileType = sourcecode.swift; path = LogPacket.swift; sourceTree = "<group>"; };
		5E2755D21FB672DC00B69C83 /* SendData.swift */ = {isa = PBXFileReference; lastKnownFileType = sourcecode.swift; path = SendData.swift; sourceTree = "<group>"; };
		5E2755D41FB6807F00B69C83 /* LogPacket+Encoding.swift */ = {isa = PBXFileReference; lastKnownFileType = sourcecode.swift; path = "LogPacket+Encoding.swift"; sourceTree = "<group>"; };
		5E2755D61FB682DE00B69C83 /* LogEntry+Encoding.swift */ = {isa = PBXFileReference; lastKnownFileType = sourcecode.swift; path = "LogEntry+Encoding.swift"; sourceTree = "<group>"; };
		5E2755D81FB6836800B69C83 /* LogEncoder.swift */ = {isa = PBXFileReference; lastKnownFileType = sourcecode.swift; path = LogEncoder.swift; sourceTree = "<group>"; };
		5E2755DA1FB7069300B69C83 /* LogEntry+Reflection.swift */ = {isa = PBXFileReference; lastKnownFileType = sourcecode.swift; path = "LogEntry+Reflection.swift"; sourceTree = "<group>"; };
		5E27561D1FC4859300B69C83 /* Int64+TaggedOpaqueRepresentation.swift */ = {isa = PBXFileReference; lastKnownFileType = sourcecode.swift; path = "Int64+TaggedOpaqueRepresentation.swift"; sourceTree = "<group>"; };
		5E27561F1FC485AA00B69C83 /* TaggedOpaqueRepresentation.swift */ = {isa = PBXFileReference; lastKnownFileType = sourcecode.swift; path = TaggedOpaqueRepresentation.swift; sourceTree = "<group>"; };
		5E2756211FC4873000B69C83 /* UInt64+TaggedOpaqueRepresentation.swift */ = {isa = PBXFileReference; lastKnownFileType = sourcecode.swift; path = "UInt64+TaggedOpaqueRepresentation.swift"; sourceTree = "<group>"; };
		5E2756231FC4886A00B69C83 /* String+TaggedOpaqueRepresentation.swift */ = {isa = PBXFileReference; lastKnownFileType = sourcecode.swift; path = "String+TaggedOpaqueRepresentation.swift"; sourceTree = "<group>"; };
		5E2756251FC488DC00B69C83 /* Float+TaggedOpaqueRepresentation.swift */ = {isa = PBXFileReference; lastKnownFileType = sourcecode.swift; path = "Float+TaggedOpaqueRepresentation.swift"; sourceTree = "<group>"; };
		5E2756271FC4895100B69C83 /* Double+TaggedOpaqueRepresentation.swift */ = {isa = PBXFileReference; lastKnownFileType = sourcecode.swift; path = "Double+TaggedOpaqueRepresentation.swift"; sourceTree = "<group>"; };
		5E2756291FC48C7D00B69C83 /* Bool+TaggedOpaqueRepresentation.swift */ = {isa = PBXFileReference; lastKnownFileType = sourcecode.swift; path = "Bool+TaggedOpaqueRepresentation.swift"; sourceTree = "<group>"; };
		5E27562C1FC48D2800B69C83 /* CGGeometry+KeyedArchiveOpaqueRepresentation.swift */ = {isa = PBXFileReference; lastKnownFileType = sourcecode.swift; path = "CGGeometry+KeyedArchiveOpaqueRepresentation.swift"; sourceTree = "<group>"; };
		5E27562E1FC48DDE00B69C83 /* KeyedArchiveOpaqueRepresentation.swift */ = {isa = PBXFileReference; lastKnownFileType = sourcecode.swift; path = KeyedArchiveOpaqueRepresentation.swift; sourceTree = "<group>"; };
		5E2756311FC48FD300B69C83 /* NSRange+KeyedArchiveOpaqueRepresentation.swift */ = {isa = PBXFileReference; lastKnownFileType = sourcecode.swift; path = "NSRange+KeyedArchiveOpaqueRepresentation.swift"; sourceTree = "<group>"; };
		5E2756331FC490AF00B69C83 /* NSAttributedString+KeyedArchiveOpaqueRepresentation.swift */ = {isa = PBXFileReference; lastKnownFileType = sourcecode.swift; path = "NSAttributedString+KeyedArchiveOpaqueRepresentation.swift"; sourceTree = "<group>"; };
		5E2756351FC4CC2600B69C83 /* URL+TaggedOpaqueRepresentation.swift */ = {isa = PBXFileReference; lastKnownFileType = sourcecode.swift; path = "URL+TaggedOpaqueRepresentation.swift"; sourceTree = "<group>"; };
		5E27563C1FC4D17F00B69C83 /* CGColor+KeyedArchiveOpaqueRepresentation.swift */ = {isa = PBXFileReference; lastKnownFileType = sourcecode.swift; path = "CGColor+KeyedArchiveOpaqueRepresentation.swift"; sourceTree = "<group>"; };
		5E27563E1FC4D31D00B69C83 /* NSBezierPath+KeyedArchiveOpaqueRepresentation.swift */ = {isa = PBXFileReference; lastKnownFileType = sourcecode.swift; path = "NSBezierPath+KeyedArchiveOpaqueRepresentation.swift"; sourceTree = "<group>"; };
		5E2756411FC4D3BF00B69C83 /* UIBezierPath+KeyedArchiveOpaqueRepresentation.swift */ = {isa = PBXFileReference; lastKnownFileType = sourcecode.swift; path = "UIBezierPath+KeyedArchiveOpaqueRepresentation.swift"; sourceTree = "<group>"; };
		5E2756431FC4D60600B69C83 /* NSImage+OpaqueImageRepresentable.swift */ = {isa = PBXFileReference; lastKnownFileType = sourcecode.swift; path = "NSImage+OpaqueImageRepresentable.swift"; sourceTree = "<group>"; };
		5E2756451FC4DC0C00B69C83 /* ImageOpaqueRepresentation.swift */ = {isa = PBXFileReference; lastKnownFileType = sourcecode.swift; path = ImageOpaqueRepresentation.swift; sourceTree = "<group>"; };
		5E2756471FC4DE1500B69C83 /* NSView+OpaqueImageRepresentable.swift */ = {isa = PBXFileReference; lastKnownFileType = sourcecode.swift; path = "NSView+OpaqueImageRepresentable.swift"; sourceTree = "<group>"; };
		5E2756491FC4DF0200B69C83 /* UIImage+OpaqueImageRepresentable.swift */ = {isa = PBXFileReference; lastKnownFileType = sourcecode.swift; path = "UIImage+OpaqueImageRepresentable.swift"; sourceTree = "<group>"; };
		5E27564B1FC4E07600B69C83 /* UIView+OpaqueImageRepresentable.swift */ = {isa = PBXFileReference; lastKnownFileType = sourcecode.swift; path = "UIView+OpaqueImageRepresentable.swift"; sourceTree = "<group>"; };
		5E27564E1FC4E58300B69C83 /* PlaygroundQuickLook+OpaqueRepresentationSupport.swift */ = {isa = PBXFileReference; lastKnownFileType = sourcecode.swift; path = "PlaygroundQuickLook+OpaqueRepresentationSupport.swift"; sourceTree = "<group>"; };
		5E2756521FC4EC6200B69C83 /* CustomOpaqueLoggable.swift */ = {isa = PBXFileReference; lastKnownFileType = sourcecode.swift; path = CustomOpaqueLoggable.swift; sourceTree = "<group>"; };
		5E2756551FC4F25E00B69C83 /* String+CustomOpaqueLoggable.swift */ = {isa = PBXFileReference; lastKnownFileType = sourcecode.swift; path = "String+CustomOpaqueLoggable.swift"; sourceTree = "<group>"; };
		5E2756571FC4F2C900B69C83 /* Integers+CustomOpaqueLoggable.swift */ = {isa = PBXFileReference; lastKnownFileType = sourcecode.swift; path = "Integers+CustomOpaqueLoggable.swift"; sourceTree = "<group>"; };
		5E2756591FC4F35300B69C83 /* FloatingPoint+CustomOpaqueLoggable.swift */ = {isa = PBXFileReference; lastKnownFileType = sourcecode.swift; path = "FloatingPoint+CustomOpaqueLoggable.swift"; sourceTree = "<group>"; };
		5E27565B1FC4F3B200B69C83 /* Bool+CustomOpaqueLoggable.swift */ = {isa = PBXFileReference; lastKnownFileType = sourcecode.swift; path = "Bool+CustomOpaqueLoggable.swift"; sourceTree = "<group>"; };
		5E27565D1FC4F3E600B69C83 /* UnsafePointers+CustomPlaygroundLoggable.swift */ = {isa = PBXFileReference; lastKnownFileType = sourcecode.swift; path = "UnsafePointers+CustomPlaygroundLoggable.swift"; sourceTree = "<group>"; };
		5E2756601FC51BAE00B69C83 /* Date+CustomOpaqueLoggable.swift */ = {isa = PBXFileReference; lastKnownFileType = sourcecode.swift; path = "Date+CustomOpaqueLoggable.swift"; sourceTree = "<group>"; };
		5E2756621FC51C3E00B69C83 /* URL+CustomOpaqueLoggable.swift */ = {isa = PBXFileReference; lastKnownFileType = sourcecode.swift; path = "URL+CustomOpaqueLoggable.swift"; sourceTree = "<group>"; };
		5E2756641FC51C7700B69C83 /* NSString+CustomOpaqueLoggable.swift */ = {isa = PBXFileReference; lastKnownFileType = sourcecode.swift; path = "NSString+CustomOpaqueLoggable.swift"; sourceTree = "<group>"; };
		5E2756661FC51C9C00B69C83 /* NSRange+CustomOpaqueLoggable.swift */ = {isa = PBXFileReference; lastKnownFileType = sourcecode.swift; path = "NSRange+CustomOpaqueLoggable.swift"; sourceTree = "<group>"; };
		5E2756681FC51CBD00B69C83 /* NSNumber+CustomOpaqueLoggable.swift */ = {isa = PBXFileReference; lastKnownFileType = sourcecode.swift; path = "NSNumber+CustomOpaqueLoggable.swift"; sourceTree = "<group>"; };
		5E27566A1FC51D2B00B69C83 /* NSAttributedString+CustomOpaqueLoggable.swift */ = {isa = PBXFileReference; lastKnownFileType = sourcecode.swift; path = "NSAttributedString+CustomOpaqueLoggable.swift"; sourceTree = "<group>"; };
		5E27566D1FC51F7E00B69C83 /* CGGeometry+CustomOpaqueLoggable.swift */ = {isa = PBXFileReference; lastKnownFileType = sourcecode.swift; path = "CGGeometry+CustomOpaqueLoggable.swift"; sourceTree = "<group>"; };
		5E27566F1FC51FCB00B69C83 /* CGColor+OpaquePlaygroundLoggable.swift */ = {isa = PBXFileReference; lastKnownFileType = sourcecode.swift; path = "CGColor+OpaquePlaygroundLoggable.swift"; sourceTree = "<group>"; };
		5E2756711FC51FF400B69C83 /* CGImage+CustomOpaqueLoggable.swift */ = {isa = PBXFileReference; lastKnownFileType = sourcecode.swift; path = "CGImage+CustomOpaqueLoggable.swift"; sourceTree = "<group>"; };
		5E2756731FC5205F00B69C83 /* CGImage+OpaqueImageRepresentable.swift */ = {isa = PBXFileReference; lastKnownFileType = sourcecode.swift; path = "CGImage+OpaqueImageRepresentable.swift"; sourceTree = "<group>"; };
		5E2756761FCF3C9700B69C83 /* CIColor+CustomOpaqueLoggable.swift */ = {isa = PBXFileReference; lastKnownFileType = sourcecode.swift; path = "CIColor+CustomOpaqueLoggable.swift"; sourceTree = "<group>"; };
		5E2756781FCF3D3200B69C83 /* CIImage+CustomOpaqueLoggable.swift */ = {isa = PBXFileReference; lastKnownFileType = sourcecode.swift; path = "CIImage+CustomOpaqueLoggable.swift"; sourceTree = "<group>"; };
		5E27567B1FCF423400B69C83 /* NSColor+CustomOpaqueLoggable.swift */ = {isa = PBXFileReference; lastKnownFileType = sourcecode.swift; path = "NSColor+CustomOpaqueLoggable.swift"; sourceTree = "<group>"; };
		5E27567D1FCF429900B69C83 /* NSCursor+CustomOpaqueLoggable.swift */ = {isa = PBXFileReference; lastKnownFileType = sourcecode.swift; path = "NSCursor+CustomOpaqueLoggable.swift"; sourceTree = "<group>"; };
		5E27567F1FCF435300B69C83 /* NSBezierPath+CustomOpaqueLoggable.swift */ = {isa = PBXFileReference; lastKnownFileType = sourcecode.swift; path = "NSBezierPath+CustomOpaqueLoggable.swift"; sourceTree = "<group>"; };
		5E2756811FCF439D00B69C83 /* NSImage+CustomOpaqueLoggable.swift */ = {isa = PBXFileReference; lastKnownFileType = sourcecode.swift; path = "NSImage+CustomOpaqueLoggable.swift"; sourceTree = "<group>"; };
		5E2756831FCF43DD00B69C83 /* NSView+CustomOpaqueLoggable.swift */ = {isa = PBXFileReference; lastKnownFileType = sourcecode.swift; path = "NSView+CustomOpaqueLoggable.swift"; sourceTree = "<group>"; };
		5E2756861FCF451900B69C83 /* UIBezierPath+CustomOpaqueLoggable.swift */ = {isa = PBXFileReference; lastKnownFileType = sourcecode.swift; path = "UIBezierPath+CustomOpaqueLoggable.swift"; sourceTree = "<group>"; };
		5E2756881FCF454D00B69C83 /* UIColor+CustomOpaqueLoggable.swift */ = {isa = PBXFileReference; lastKnownFileType = sourcecode.swift; path = "UIColor+CustomOpaqueLoggable.swift"; sourceTree = "<group>"; };
		5E27568A1FCF458900B69C83 /* UIImage+CustomOpaqueLoggable.swift */ = {isa = PBXFileReference; lastKnownFileType = sourcecode.swift; path = "UIImage+CustomOpaqueLoggable.swift"; sourceTree = "<group>"; };
		5E27568C1FCF45AE00B69C83 /* UIView+CustomOpaqueLoggable.swift */ = {isa = PBXFileReference; lastKnownFileType = sourcecode.swift; path = "UIView+CustomOpaqueLoggable.swift"; sourceTree = "<group>"; };
		5E27568E1FCF964400B69C83 /* NSBitmapImageRep+CustomOpaqueLoggable.swift */ = {isa = PBXFileReference; lastKnownFileType = sourcecode.swift; path = "NSBitmapImageRep+CustomOpaqueLoggable.swift"; sourceTree = "<group>"; };
		5E2756901FCF967300B69C83 /* NSBitmapImageRep+OpaqueImageRepresentable.swift */ = {isa = PBXFileReference; lastKnownFileType = sourcecode.swift; path = "NSBitmapImageRep+OpaqueImageRepresentable.swift"; sourceTree = "<group>"; };
		5E2756931FCF9CB000B69C83 /* SpriteKitOpaqueLoggable.swift */ = {isa = PBXFileReference; lastKnownFileType = sourcecode.swift; path = SpriteKitOpaqueLoggable.swift; sourceTree = "<group>"; };
		5E48E0A92042925B00C7712D /* LogEntryTests.swift */ = {isa = PBXFileReference; lastKnownFileType = sourcecode.swift; path = LogEntryTests.swift; sourceTree = "<group>"; };
		5E4AF1AE1FDDC12A00B7C9D9 /* LegacyEntrypoints.swift */ = {isa = PBXFileReference; lastKnownFileType = sourcecode.swift; path = LegacyEntrypoints.swift; sourceTree = "<group>"; };
		5E5D777F2040BD7D00EBC3A9 /* LogPolicyTests.swift */ = {isa = PBXFileReference; lastKnownFileType = sourcecode.swift; path = LogPolicyTests.swift; sourceTree = "<group>"; };
		5E5D77832040F5E900EBC3A9 /* LoggingError.swift */ = {isa = PBXFileReference; lastKnownFileType = sourcecode.swift; path = LoggingError.swift; sourceTree = "<group>"; };
		5E5F600A20409D4E007EF0A8 /* LogPolicy.swift */ = {isa = PBXFileReference; lastKnownFileType = sourcecode.swift; path = LogPolicy.swift; sourceTree = "<group>"; };
		5E5FE50A202D13C800E28C3C /* PGLConcurrentMap.swift */ = {isa = PBXFileReference; lastKnownFileType = sourcecode.swift; path = PGLConcurrentMap.swift; sourceTree = "<group>"; };
		5EB651BF213A01D0001CC984 /* LegacyEntrypointTests.swift */ = {isa = PBXFileReference; lastKnownFileType = sourcecode.swift; path = LegacyEntrypointTests.swift; sourceTree = "<group>"; };
		5EB651C3213A081A001CC984 /* LoggerEntrypointTests.swift */ = {isa = PBXFileReference; lastKnownFileType = sourcecode.swift; path = LoggerEntrypointTests.swift; sourceTree = "<group>"; };
		5ECE8F901FFCD2A70034D9BC /* LegacyPlaygroundLoggerTests.swift */ = {isa = PBXFileReference; lastKnownFileType = sourcecode.swift; path = LegacyPlaygroundLoggerTests.swift; sourceTree = "<group>"; };
		5EE3867320352F3200D625F0 /* CGFloat+CustomOpaqueLoggable.swift */ = {isa = PBXFileReference; lastKnownFileType = sourcecode.swift; path = "CGFloat+CustomOpaqueLoggable.swift"; sourceTree = "<group>"; };
		5EF581512041384700AC14FE /* CustomPlaygroundDisplayConvertibleTests.swift */ = {isa = PBXFileReference; lastKnownFileType = sourcecode.swift; path = CustomPlaygroundDisplayConvertibleTests.swift; sourceTree = "<group>"; };
		5EF64037204145A80007BDD2 /* NSAttributedString+PGLKeyedArchivingUtilities.h */ = {isa = PBXFileReference; lastKnownFileType = sourcecode.c.h; path = "NSAttributedString+PGLKeyedArchivingUtilities.h"; sourceTree = "<group>"; };
		5EF64038204145A80007BDD2 /* NSAttributedString+PGLKeyedArchivingUtilities.m */ = {isa = PBXFileReference; lastKnownFileType = sourcecode.c.objc; path = "NSAttributedString+PGLKeyedArchivingUtilities.m"; sourceTree = "<group>"; };
		5EF6403B204148B80007BDD2 /* NSBezierPath+PGLKeyedArchivingUtilities.h */ = {isa = PBXFileReference; lastKnownFileType = sourcecode.c.h; path = "NSBezierPath+PGLKeyedArchivingUtilities.h"; sourceTree = "<group>"; };
		5EF6403C204148B80007BDD2 /* NSBezierPath+PGLKeyedArchivingUtilities.m */ = {isa = PBXFileReference; lastKnownFileType = sourcecode.c.objc; path = "NSBezierPath+PGLKeyedArchivingUtilities.m"; sourceTree = "<group>"; };
		5EF6403F204149DE0007BDD2 /* UIBezierPath+PGLKeyedArchivingUtilities.h */ = {isa = PBXFileReference; lastKnownFileType = sourcecode.c.h; path = "UIBezierPath+PGLKeyedArchivingUtilities.h"; sourceTree = "<group>"; };
		5EF64040204149DE0007BDD2 /* UIBezierPath+PGLKeyedArchivingUtilities.m */ = {isa = PBXFileReference; lastKnownFileType = sourcecode.c.objc; path = "UIBezierPath+PGLKeyedArchivingUtilities.m"; sourceTree = "<group>"; };
		5EFB2A5121211BC300BA43D3 /* PGLThreadIsLogging.h */ = {isa = PBXFileReference; lastKnownFileType = sourcecode.c.h; path = PGLThreadIsLogging.h; sourceTree = "<group>"; };
		5EFB2A5221211BC300BA43D3 /* PGLThreadIsLogging.m */ = {isa = PBXFileReference; lastKnownFileType = sourcecode.c.objc; path = PGLThreadIsLogging.m; sourceTree = "<group>"; };
		5EFE9189203F6CC400E21BAA /* PlaygroundLoggerTests_iOS.xctest */ = {isa = PBXFileReference; explicitFileType = wrapper.cfbundle; includeInIndex = 0; path = PlaygroundLoggerTests_iOS.xctest; sourceTree = BUILT_PRODUCTS_DIR; };
		5EFE918D203F6CC400E21BAA /* Info.plist */ = {isa = PBXFileReference; lastKnownFileType = text.plist.xml; path = Info.plist; sourceTree = "<group>"; };
		5EFE9198203F6DD700E21BAA /* PlaygroundLoggerTestHost_iOS.app */ = {isa = PBXFileReference; explicitFileType = wrapper.application; includeInIndex = 0; path = PlaygroundLoggerTestHost_iOS.app; sourceTree = BUILT_PRODUCTS_DIR; };
		5EFE919A203F6DD700E21BAA /* AppDelegate.swift */ = {isa = PBXFileReference; lastKnownFileType = sourcecode.swift; path = AppDelegate.swift; sourceTree = "<group>"; };
		5EFE919C203F6DD700E21BAA /* ViewController.swift */ = {isa = PBXFileReference; lastKnownFileType = sourcecode.swift; path = ViewController.swift; sourceTree = "<group>"; };
		5EFE919F203F6DD700E21BAA /* Base */ = {isa = PBXFileReference; lastKnownFileType = file.storyboard; name = Base; path = Base.lproj/Main.storyboard; sourceTree = "<group>"; };
		5EFE91A4203F6DD900E21BAA /* Base */ = {isa = PBXFileReference; lastKnownFileType = file.storyboard; name = Base; path = Base.lproj/LaunchScreen.storyboard; sourceTree = "<group>"; };
		5EFE91A6203F6DD900E21BAA /* Info.plist */ = {isa = PBXFileReference; lastKnownFileType = text.plist.xml; path = Info.plist; sourceTree = "<group>"; };
		5EFE91B0203F6E8D00E21BAA /* PlaygroundLoggerTestHost_tvOS.app */ = {isa = PBXFileReference; explicitFileType = wrapper.application; includeInIndex = 0; path = PlaygroundLoggerTestHost_tvOS.app; sourceTree = BUILT_PRODUCTS_DIR; };
		5EFE91B2203F6E8D00E21BAA /* AppDelegate.swift */ = {isa = PBXFileReference; lastKnownFileType = sourcecode.swift; path = AppDelegate.swift; sourceTree = "<group>"; };
		5EFE91B4203F6E8D00E21BAA /* ViewController.swift */ = {isa = PBXFileReference; lastKnownFileType = sourcecode.swift; path = ViewController.swift; sourceTree = "<group>"; };
		5EFE91B7203F6E8D00E21BAA /* Base */ = {isa = PBXFileReference; lastKnownFileType = file.storyboard; name = Base; path = Base.lproj/Main.storyboard; sourceTree = "<group>"; };
		5EFE91BB203F6E8E00E21BAA /* Info.plist */ = {isa = PBXFileReference; lastKnownFileType = text.plist.xml; path = Info.plist; sourceTree = "<group>"; };
		5EFE91CD203F6F6900E21BAA /* PlaygroundLoggerTests_tvOS.xctest */ = {isa = PBXFileReference; explicitFileType = wrapper.cfbundle; includeInIndex = 0; path = PlaygroundLoggerTests_tvOS.xctest; sourceTree = BUILT_PRODUCTS_DIR; };
		5EFE91D1203F6F6A00E21BAA /* Info.plist */ = {isa = PBXFileReference; lastKnownFileType = text.plist.xml; path = Info.plist; sourceTree = "<group>"; };
/* End PBXFileReference section */

/* Begin PBXFrameworksBuildPhase section */
		5E2646231FB64876002DC6B6 /* Frameworks */ = {
			isa = PBXFrameworksBuildPhase;
			buildActionMask = 2147483647;
			files = (
			);
			runOnlyForDeploymentPostprocessing = 0;
		};
		5E26462D1FB64876002DC6B6 /* Frameworks */ = {
			isa = PBXFrameworksBuildPhase;
			buildActionMask = 2147483647;
			files = (
				5E2646311FB64876002DC6B6 /* PlaygroundLogger.framework in Frameworks */,
			);
			runOnlyForDeploymentPostprocessing = 0;
		};
		5EFE9186203F6CC400E21BAA /* Frameworks */ = {
			isa = PBXFrameworksBuildPhase;
			buildActionMask = 2147483647;
			files = (
			);
			runOnlyForDeploymentPostprocessing = 0;
		};
		5EFE9195203F6DD700E21BAA /* Frameworks */ = {
			isa = PBXFrameworksBuildPhase;
			buildActionMask = 2147483647;
			files = (
			);
			runOnlyForDeploymentPostprocessing = 0;
		};
		5EFE91AD203F6E8D00E21BAA /* Frameworks */ = {
			isa = PBXFrameworksBuildPhase;
			buildActionMask = 2147483647;
			files = (
			);
			runOnlyForDeploymentPostprocessing = 0;
		};
		5EFE91CA203F6F6900E21BAA /* Frameworks */ = {
			isa = PBXFrameworksBuildPhase;
			buildActionMask = 2147483647;
			files = (
			);
			runOnlyForDeploymentPostprocessing = 0;
		};
/* End PBXFrameworksBuildPhase section */

/* Begin PBXGroup section */
		5E11805820414E0C00B73EE9 /* Config Files */ = {
			isa = PBXGroup;
			children = (
				5E11805920414E2700B73EE9 /* Debug.xcconfig */,
				5E11805A20414E2700B73EE9 /* Release.xcconfig */,
			);
			name = "Config Files";
			sourceTree = "<group>";
		};
		5E26461D1FB64876002DC6B6 = {
			isa = PBXGroup;
			children = (
				5E2646291FB64876002DC6B6 /* PlaygroundLogger */,
				5E2646341FB64876002DC6B6 /* PlaygroundLoggerTests */,
				5E2646411FB649D0002DC6B6 /* PlaygroundLoggerTests_macOS */,
				5EFE918A203F6CC400E21BAA /* PlaygroundLoggerTests_iOS */,
				5EFE91CE203F6F6A00E21BAA /* PlaygroundLoggerTests_tvOS */,
				5EFE9199203F6DD700E21BAA /* PlaygroundLoggerTestHost_iOS */,
				5EFE91B1203F6E8D00E21BAA /* PlaygroundLoggerTestHost_tvOS */,
				5E11805820414E0C00B73EE9 /* Config Files */,
				5E2646281FB64876002DC6B6 /* Products */,
				5EFB2A352121145E00BA43D3 /* Frameworks */,
			);
			sourceTree = "<group>";
		};
		5E2646281FB64876002DC6B6 /* Products */ = {
			isa = PBXGroup;
			children = (
				5E2646271FB64876002DC6B6 /* PlaygroundLogger.framework */,
				5E2646301FB64876002DC6B6 /* PlaygroundLoggerTests_macOS.xctest */,
				5EFE9189203F6CC400E21BAA /* PlaygroundLoggerTests_iOS.xctest */,
				5EFE9198203F6DD700E21BAA /* PlaygroundLoggerTestHost_iOS.app */,
				5EFE91B0203F6E8D00E21BAA /* PlaygroundLoggerTestHost_tvOS.app */,
				5EFE91CD203F6F6900E21BAA /* PlaygroundLoggerTests_tvOS.xctest */,
			);
			name = Products;
			sourceTree = "<group>";
		};
		5E2646291FB64876002DC6B6 /* PlaygroundLogger */ = {
			isa = PBXGroup;
			children = (
				5E26462A1FB64876002DC6B6 /* PlaygroundLogger.h */,
				5E2646511FB65026002DC6B6 /* LoggerInitialization.swift */,
				5E2646421FB64B2A002DC6B6 /* LoggerEntrypoints.swift */,
				5E2755D81FB6836800B69C83 /* LogEncoder.swift */,
				5E2755CE1FB657F200B69C83 /* LogEntry.swift */,
				5E2755DA1FB7069300B69C83 /* LogEntry+Reflection.swift */,
				5E2755D61FB682DE00B69C83 /* LogEntry+Encoding.swift */,
				5E2755D01FB6619800B69C83 /* LogPacket.swift */,
				5E2755D41FB6807F00B69C83 /* LogPacket+Encoding.swift */,
				5E5F600A20409D4E007EF0A8 /* LogPolicy.swift */,
				5E2755D21FB672DC00B69C83 /* SendData.swift */,
				5E184714202BB72700F01AD1 /* TypeName.swift */,
				5E27561B1FC4854C00B69C83 /* Opaque Representations */,
				5E2756511FC4EC4100B69C83 /* Custom Loggable */,
				5E27564D1FC4E54A00B69C83 /* Legacy Support */,
				5E4AF1AB1FDDBDCD00B7C9D9 /* Utilities */,
				5E26462B1FB64876002DC6B6 /* Info.plist */,
			);
			path = PlaygroundLogger;
			sourceTree = "<group>";
		};
		5E2646341FB64876002DC6B6 /* PlaygroundLoggerTests */ = {
			isa = PBXGroup;
			children = (
				5EF581512041384700AC14FE /* CustomPlaygroundDisplayConvertibleTests.swift */,
				5E48E0A92042925B00C7712D /* LogEntryTests.swift */,
				5E5D777F2040BD7D00EBC3A9 /* LogPolicyTests.swift */,
				5EB651C3213A081A001CC984 /* LoggerEntrypointTests.swift */,
				5EB651BF213A01D0001CC984 /* LegacyEntrypointTests.swift */,
				5ECE8F901FFCD2A70034D9BC /* LegacyPlaygroundLoggerTests.swift */,
				5E1069A123CFD68100C79FC2 /* PGLNilObject.h */,
				5E1069A223CFD68100C79FC2 /* PGLNilObject.m */,
				5E10699E23CFD68100C79FC2 /* PlaygroundLoggerTests-Bridging-Header.h */,
			);
			path = PlaygroundLoggerTests;
			sourceTree = "<group>";
		};
		5E2646411FB649D0002DC6B6 /* PlaygroundLoggerTests_macOS */ = {
			isa = PBXGroup;
			children = (
				5E2646371FB64876002DC6B6 /* Info.plist */,
			);
			path = PlaygroundLoggerTests_macOS;
			sourceTree = "<group>";
		};
		5E27561B1FC4854C00B69C83 /* Opaque Representations */ = {
			isa = PBXGroup;
			children = (
				5E27561F1FC485AA00B69C83 /* TaggedOpaqueRepresentation.swift */,
				5E27562E1FC48DDE00B69C83 /* KeyedArchiveOpaqueRepresentation.swift */,
				5E2756451FC4DC0C00B69C83 /* ImageOpaqueRepresentation.swift */,
				5E27561C1FC4857900B69C83 /* Swift */,
				5E27562B1FC48D0B00B69C83 /* CoreGraphics */,
				5E2756301FC48FAE00B69C83 /* Foundation */,
				5E2756371FC4CCC100B69C83 /* AppKit */,
				5E2756401FC4D3A000B69C83 /* UIKit */,
			);
			name = "Opaque Representations";
			path = OpaqueRepresentations;
			sourceTree = "<group>";
		};
		5E27561C1FC4857900B69C83 /* Swift */ = {
			isa = PBXGroup;
			children = (
				5E2756231FC4886A00B69C83 /* String+TaggedOpaqueRepresentation.swift */,
				5E27561D1FC4859300B69C83 /* Int64+TaggedOpaqueRepresentation.swift */,
				5E2756211FC4873000B69C83 /* UInt64+TaggedOpaqueRepresentation.swift */,
				5E2756251FC488DC00B69C83 /* Float+TaggedOpaqueRepresentation.swift */,
				5E2756271FC4895100B69C83 /* Double+TaggedOpaqueRepresentation.swift */,
				5E2756291FC48C7D00B69C83 /* Bool+TaggedOpaqueRepresentation.swift */,
			);
			path = Swift;
			sourceTree = "<group>";
		};
		5E27562B1FC48D0B00B69C83 /* CoreGraphics */ = {
			isa = PBXGroup;
			children = (
				5E27562C1FC48D2800B69C83 /* CGGeometry+KeyedArchiveOpaqueRepresentation.swift */,
				5E27563C1FC4D17F00B69C83 /* CGColor+KeyedArchiveOpaqueRepresentation.swift */,
				5E2756731FC5205F00B69C83 /* CGImage+OpaqueImageRepresentable.swift */,
			);
			path = CoreGraphics;
			sourceTree = "<group>";
		};
		5E2756301FC48FAE00B69C83 /* Foundation */ = {
			isa = PBXGroup;
			children = (
				5E2756311FC48FD300B69C83 /* NSRange+KeyedArchiveOpaqueRepresentation.swift */,
				5E2756331FC490AF00B69C83 /* NSAttributedString+KeyedArchiveOpaqueRepresentation.swift */,
				5EF64037204145A80007BDD2 /* NSAttributedString+PGLKeyedArchivingUtilities.h */,
				5EF64038204145A80007BDD2 /* NSAttributedString+PGLKeyedArchivingUtilities.m */,
				5E2756351FC4CC2600B69C83 /* URL+TaggedOpaqueRepresentation.swift */,
			);
			path = Foundation;
			sourceTree = "<group>";
		};
		5E2756371FC4CCC100B69C83 /* AppKit */ = {
			isa = PBXGroup;
			children = (
				5E27563E1FC4D31D00B69C83 /* NSBezierPath+KeyedArchiveOpaqueRepresentation.swift */,
				5EF6403B204148B80007BDD2 /* NSBezierPath+PGLKeyedArchivingUtilities.h */,
				5EF6403C204148B80007BDD2 /* NSBezierPath+PGLKeyedArchivingUtilities.m */,
				5E2756901FCF967300B69C83 /* NSBitmapImageRep+OpaqueImageRepresentable.swift */,
				5E2756431FC4D60600B69C83 /* NSImage+OpaqueImageRepresentable.swift */,
				5E2756471FC4DE1500B69C83 /* NSView+OpaqueImageRepresentable.swift */,
			);
			path = AppKit;
			sourceTree = "<group>";
		};
		5E2756401FC4D3A000B69C83 /* UIKit */ = {
			isa = PBXGroup;
			children = (
				5E2756411FC4D3BF00B69C83 /* UIBezierPath+KeyedArchiveOpaqueRepresentation.swift */,
				5EF6403F204149DE0007BDD2 /* UIBezierPath+PGLKeyedArchivingUtilities.h */,
				5EF64040204149DE0007BDD2 /* UIBezierPath+PGLKeyedArchivingUtilities.m */,
				5E2756491FC4DF0200B69C83 /* UIImage+OpaqueImageRepresentable.swift */,
				5E27564B1FC4E07600B69C83 /* UIView+OpaqueImageRepresentable.swift */,
			);
			path = UIKit;
			sourceTree = "<group>";
		};
		5E27564D1FC4E54A00B69C83 /* Legacy Support */ = {
			isa = PBXGroup;
			children = (
				5E27564E1FC4E58300B69C83 /* PlaygroundQuickLook+OpaqueRepresentationSupport.swift */,
				5E4AF1AE1FDDC12A00B7C9D9 /* LegacyEntrypoints.swift */,
			);
			name = "Legacy Support";
			path = LegacySupport;
			sourceTree = "<group>";
		};
		5E2756511FC4EC4100B69C83 /* Custom Loggable */ = {
			isa = PBXGroup;
			children = (
				5E2756521FC4EC6200B69C83 /* CustomOpaqueLoggable.swift */,
				5E2756541FC4F24B00B69C83 /* Swift */,
				5E27565F1FC51B8200B69C83 /* Foundation */,
				5E27566C1FC51F5300B69C83 /* CoreGraphics */,
				5E2756751FCF3C7100B69C83 /* CoreImage */,
				5E27567A1FCF420700B69C83 /* AppKit */,
				5E2756851FCF44FC00B69C83 /* UIKit */,
				5E2756921FCF9C5F00B69C83 /* SpriteKit */,
			);
			name = "Custom Loggable";
			path = CustomLoggable;
			sourceTree = "<group>";
		};
		5E2756541FC4F24B00B69C83 /* Swift */ = {
			isa = PBXGroup;
			children = (
				5E2756551FC4F25E00B69C83 /* String+CustomOpaqueLoggable.swift */,
				5E2756571FC4F2C900B69C83 /* Integers+CustomOpaqueLoggable.swift */,
				5E2756591FC4F35300B69C83 /* FloatingPoint+CustomOpaqueLoggable.swift */,
				5E27565B1FC4F3B200B69C83 /* Bool+CustomOpaqueLoggable.swift */,
				5E27565D1FC4F3E600B69C83 /* UnsafePointers+CustomPlaygroundLoggable.swift */,
			);
			path = Swift;
			sourceTree = "<group>";
		};
		5E27565F1FC51B8200B69C83 /* Foundation */ = {
			isa = PBXGroup;
			children = (
				5E2756601FC51BAE00B69C83 /* Date+CustomOpaqueLoggable.swift */,
				5E27566A1FC51D2B00B69C83 /* NSAttributedString+CustomOpaqueLoggable.swift */,
				5E2756681FC51CBD00B69C83 /* NSNumber+CustomOpaqueLoggable.swift */,
				5E2756661FC51C9C00B69C83 /* NSRange+CustomOpaqueLoggable.swift */,
				5E2756641FC51C7700B69C83 /* NSString+CustomOpaqueLoggable.swift */,
				5E2756621FC51C3E00B69C83 /* URL+CustomOpaqueLoggable.swift */,
			);
			path = Foundation;
			sourceTree = "<group>";
		};
		5E27566C1FC51F5300B69C83 /* CoreGraphics */ = {
			isa = PBXGroup;
			children = (
				5E27566D1FC51F7E00B69C83 /* CGGeometry+CustomOpaqueLoggable.swift */,
				5E27566F1FC51FCB00B69C83 /* CGColor+OpaquePlaygroundLoggable.swift */,
				5E2756711FC51FF400B69C83 /* CGImage+CustomOpaqueLoggable.swift */,
				5EE3867320352F3200D625F0 /* CGFloat+CustomOpaqueLoggable.swift */,
			);
			path = CoreGraphics;
			sourceTree = "<group>";
		};
		5E2756751FCF3C7100B69C83 /* CoreImage */ = {
			isa = PBXGroup;
			children = (
				5E2756761FCF3C9700B69C83 /* CIColor+CustomOpaqueLoggable.swift */,
				5E2756781FCF3D3200B69C83 /* CIImage+CustomOpaqueLoggable.swift */,
			);
			path = CoreImage;
			sourceTree = "<group>";
		};
		5E27567A1FCF420700B69C83 /* AppKit */ = {
			isa = PBXGroup;
			children = (
				5E27567F1FCF435300B69C83 /* NSBezierPath+CustomOpaqueLoggable.swift */,
				5E27568E1FCF964400B69C83 /* NSBitmapImageRep+CustomOpaqueLoggable.swift */,
				5E27567B1FCF423400B69C83 /* NSColor+CustomOpaqueLoggable.swift */,
				5E27567D1FCF429900B69C83 /* NSCursor+CustomOpaqueLoggable.swift */,
				5E2756811FCF439D00B69C83 /* NSImage+CustomOpaqueLoggable.swift */,
				5E2756831FCF43DD00B69C83 /* NSView+CustomOpaqueLoggable.swift */,
			);
			path = AppKit;
			sourceTree = "<group>";
		};
		5E2756851FCF44FC00B69C83 /* UIKit */ = {
			isa = PBXGroup;
			children = (
				5E2756861FCF451900B69C83 /* UIBezierPath+CustomOpaqueLoggable.swift */,
				5E2756881FCF454D00B69C83 /* UIColor+CustomOpaqueLoggable.swift */,
				5E27568A1FCF458900B69C83 /* UIImage+CustomOpaqueLoggable.swift */,
				5E27568C1FCF45AE00B69C83 /* UIView+CustomOpaqueLoggable.swift */,
			);
			path = UIKit;
			sourceTree = "<group>";
		};
		5E2756921FCF9C5F00B69C83 /* SpriteKit */ = {
			isa = PBXGroup;
			children = (
				5E2756931FCF9CB000B69C83 /* SpriteKitOpaqueLoggable.swift */,
			);
			path = SpriteKit;
			sourceTree = "<group>";
		};
		5E4AF1AB1FDDBDCD00B7C9D9 /* Utilities */ = {
			isa = PBXGroup;
			children = (
				5E5D77832040F5E900EBC3A9 /* LoggingError.swift */,
				5E184716202BB80200F01AD1 /* PGLConcurrentMap.h */,
				5E184717202BB80200F01AD1 /* PGLConcurrentMap_MRR.m */,
				5E5FE50A202D13C800E28C3C /* PGLConcurrentMap.swift */,
				5EFB2A5121211BC300BA43D3 /* PGLThreadIsLogging.h */,
				5EFB2A5221211BC300BA43D3 /* PGLThreadIsLogging.m */,
			);
			path = Utilities;
			sourceTree = "<group>";
		};
		5EFB2A352121145E00BA43D3 /* Frameworks */ = {
			isa = PBXGroup;
			children = (
			);
			name = Frameworks;
			sourceTree = "<group>";
		};
		5EFE918A203F6CC400E21BAA /* PlaygroundLoggerTests_iOS */ = {
			isa = PBXGroup;
			children = (
				5EFE918D203F6CC400E21BAA /* Info.plist */,
			);
			path = PlaygroundLoggerTests_iOS;
			sourceTree = "<group>";
		};
		5EFE9199203F6DD700E21BAA /* PlaygroundLoggerTestHost_iOS */ = {
			isa = PBXGroup;
			children = (
				5EFE919A203F6DD700E21BAA /* AppDelegate.swift */,
				5EFE919C203F6DD700E21BAA /* ViewController.swift */,
				5EFE919E203F6DD700E21BAA /* Main.storyboard */,
				5EFE91A3203F6DD900E21BAA /* LaunchScreen.storyboard */,
				5EFE91A6203F6DD900E21BAA /* Info.plist */,
			);
			path = PlaygroundLoggerTestHost_iOS;
			sourceTree = "<group>";
		};
		5EFE91B1203F6E8D00E21BAA /* PlaygroundLoggerTestHost_tvOS */ = {
			isa = PBXGroup;
			children = (
				5EFE91B2203F6E8D00E21BAA /* AppDelegate.swift */,
				5EFE91B4203F6E8D00E21BAA /* ViewController.swift */,
				5EFE91B6203F6E8D00E21BAA /* Main.storyboard */,
				5EFE91BB203F6E8E00E21BAA /* Info.plist */,
			);
			path = PlaygroundLoggerTestHost_tvOS;
			sourceTree = "<group>";
		};
		5EFE91CE203F6F6A00E21BAA /* PlaygroundLoggerTests_tvOS */ = {
			isa = PBXGroup;
			children = (
				5EFE91D1203F6F6A00E21BAA /* Info.plist */,
			);
			path = PlaygroundLoggerTests_tvOS;
			sourceTree = "<group>";
		};
/* End PBXGroup section */

/* Begin PBXHeadersBuildPhase section */
		5E2646241FB64876002DC6B6 /* Headers */ = {
			isa = PBXHeadersBuildPhase;
			buildActionMask = 2147483647;
			files = (
				5E184718202BB80200F01AD1 /* PGLConcurrentMap.h in Headers */,
				5EF64041204149DE0007BDD2 /* UIBezierPath+PGLKeyedArchivingUtilities.h in Headers */,
				5EFB2A5321211BC300BA43D3 /* PGLThreadIsLogging.h in Headers */,
				5EF6403D204148B80007BDD2 /* NSBezierPath+PGLKeyedArchivingUtilities.h in Headers */,
				5EF64039204145A80007BDD2 /* NSAttributedString+PGLKeyedArchivingUtilities.h in Headers */,
				5E2646381FB64876002DC6B6 /* PlaygroundLogger.h in Headers */,
			);
			runOnlyForDeploymentPostprocessing = 0;
		};
/* End PBXHeadersBuildPhase section */

/* Begin PBXNativeTarget section */
		5E2646261FB64876002DC6B6 /* PlaygroundLogger */ = {
			isa = PBXNativeTarget;
			buildConfigurationList = 5E26463B1FB64876002DC6B6 /* Build configuration list for PBXNativeTarget "PlaygroundLogger" */;
			buildPhases = (
				5E2646221FB64876002DC6B6 /* Sources */,
				5E2646231FB64876002DC6B6 /* Frameworks */,
				5E2646241FB64876002DC6B6 /* Headers */,
				5E2646251FB64876002DC6B6 /* Resources */,
			);
			buildRules = (
			);
			dependencies = (
			);
			name = PlaygroundLogger;
			productName = PlaygroundLogger;
			productReference = 5E2646271FB64876002DC6B6 /* PlaygroundLogger.framework */;
			productType = "com.apple.product-type.framework";
		};
		5E26462F1FB64876002DC6B6 /* PlaygroundLoggerTests_macOS */ = {
			isa = PBXNativeTarget;
			buildConfigurationList = 5E26463E1FB64876002DC6B6 /* Build configuration list for PBXNativeTarget "PlaygroundLoggerTests_macOS" */;
			buildPhases = (
				5E26462C1FB64876002DC6B6 /* Sources */,
				5E26462D1FB64876002DC6B6 /* Frameworks */,
				5E26462E1FB64876002DC6B6 /* Resources */,
			);
			buildRules = (
			);
			dependencies = (
				5E2646331FB64876002DC6B6 /* PBXTargetDependency */,
			);
			name = PlaygroundLoggerTests_macOS;
			productName = PlaygroundLoggerTests;
			productReference = 5E2646301FB64876002DC6B6 /* PlaygroundLoggerTests_macOS.xctest */;
			productType = "com.apple.product-type.bundle.unit-test";
		};
		5EFE9188203F6CC400E21BAA /* PlaygroundLoggerTests_iOS */ = {
			isa = PBXNativeTarget;
			buildConfigurationList = 5EFE9190203F6CC400E21BAA /* Build configuration list for PBXNativeTarget "PlaygroundLoggerTests_iOS" */;
			buildPhases = (
				5EFE9185203F6CC400E21BAA /* Sources */,
				5EFE9186203F6CC400E21BAA /* Frameworks */,
				5EFE9187203F6CC400E21BAA /* Resources */,
			);
			buildRules = (
			);
			dependencies = (
				5EFE9192203F6CE500E21BAA /* PBXTargetDependency */,
				5EFE91AB203F6DE100E21BAA /* PBXTargetDependency */,
			);
			name = PlaygroundLoggerTests_iOS;
			productName = PlaygroundLoggerTests_iOS;
			productReference = 5EFE9189203F6CC400E21BAA /* PlaygroundLoggerTests_iOS.xctest */;
			productType = "com.apple.product-type.bundle.unit-test";
		};
		5EFE9197203F6DD700E21BAA /* PlaygroundLoggerTestHost_iOS */ = {
			isa = PBXNativeTarget;
			buildConfigurationList = 5EFE91A7203F6DD900E21BAA /* Build configuration list for PBXNativeTarget "PlaygroundLoggerTestHost_iOS" */;
			buildPhases = (
				5EFE9194203F6DD700E21BAA /* Sources */,
				5EFE9195203F6DD700E21BAA /* Frameworks */,
				5EFE9196203F6DD700E21BAA /* Resources */,
				5EFE91C3203F6EDD00E21BAA /* Embed Frameworks */,
			);
			buildRules = (
			);
			dependencies = (
				5EFE91C2203F6EDD00E21BAA /* PBXTargetDependency */,
			);
			name = PlaygroundLoggerTestHost_iOS;
			productName = PlaygroundLoggerTestHost_iOS;
			productReference = 5EFE9198203F6DD700E21BAA /* PlaygroundLoggerTestHost_iOS.app */;
			productType = "com.apple.product-type.application";
		};
		5EFE91AF203F6E8D00E21BAA /* PlaygroundLoggerTestHost_tvOS */ = {
			isa = PBXNativeTarget;
			buildConfigurationList = 5EFE91BE203F6E8E00E21BAA /* Build configuration list for PBXNativeTarget "PlaygroundLoggerTestHost_tvOS" */;
			buildPhases = (
				5EFE91AC203F6E8D00E21BAA /* Sources */,
				5EFE91AD203F6E8D00E21BAA /* Frameworks */,
				5EFE91AE203F6E8D00E21BAA /* Resources */,
				5EFE91C8203F6EEC00E21BAA /* Embed Frameworks */,
			);
			buildRules = (
			);
			dependencies = (
				5EFE91C7203F6EEC00E21BAA /* PBXTargetDependency */,
			);
			name = PlaygroundLoggerTestHost_tvOS;
			productName = PlaygroundLoggerTestHost_tvOS;
			productReference = 5EFE91B0203F6E8D00E21BAA /* PlaygroundLoggerTestHost_tvOS.app */;
			productType = "com.apple.product-type.application";
		};
		5EFE91CC203F6F6900E21BAA /* PlaygroundLoggerTests_tvOS */ = {
			isa = PBXNativeTarget;
			buildConfigurationList = 5EFE91D4203F6F6A00E21BAA /* Build configuration list for PBXNativeTarget "PlaygroundLoggerTests_tvOS" */;
			buildPhases = (
				5EFE91C9203F6F6900E21BAA /* Sources */,
				5EFE91CA203F6F6900E21BAA /* Frameworks */,
				5EFE91CB203F6F6900E21BAA /* Resources */,
			);
			buildRules = (
			);
			dependencies = (
				5EFE91D9203F6FF800E21BAA /* PBXTargetDependency */,
				5EFE91D3203F6F6A00E21BAA /* PBXTargetDependency */,
			);
			name = PlaygroundLoggerTests_tvOS;
			productName = PlaygroundLoggerTests_tvOS;
			productReference = 5EFE91CD203F6F6900E21BAA /* PlaygroundLoggerTests_tvOS.xctest */;
			productType = "com.apple.product-type.bundle.unit-test";
		};
/* End PBXNativeTarget section */

/* Begin PBXProject section */
		5E26461E1FB64876002DC6B6 /* Project object */ = {
			isa = PBXProject;
			attributes = {
				LastSwiftUpdateCheck = 1000;
				LastUpgradeCheck = 1340;
				ORGANIZATIONNAME = "Apple Inc. and the Swift project authors";
				TargetAttributes = {
					5E2646261FB64876002DC6B6 = {
						CreatedOnToolsVersion = 9.1;
						LastSwiftMigration = 1130;
						ProvisioningStyle = Automatic;
					};
					5E26462F1FB64876002DC6B6 = {
						CreatedOnToolsVersion = 9.1;
						LastSwiftMigration = 1130;
						ProvisioningStyle = Automatic;
					};
					5EFE9188203F6CC400E21BAA = {
						CreatedOnToolsVersion = 9.3;
						LastSwiftMigration = 1130;
						ProvisioningStyle = Automatic;
						TestTargetID = 5EFE9197203F6DD700E21BAA;
					};
					5EFE9197203F6DD700E21BAA = {
						CreatedOnToolsVersion = 9.3;
						LastSwiftMigration = 1130;
						ProvisioningStyle = Automatic;
					};
					5EFE91AF203F6E8D00E21BAA = {
						CreatedOnToolsVersion = 9.3;
						LastSwiftMigration = 1130;
						ProvisioningStyle = Automatic;
					};
					5EFE91CC203F6F6900E21BAA = {
						CreatedOnToolsVersion = 9.3;
						LastSwiftMigration = 1130;
						ProvisioningStyle = Automatic;
						TestTargetID = 5EFE91AF203F6E8D00E21BAA;
					};
				};
			};
			buildConfigurationList = 5E2646211FB64876002DC6B6 /* Build configuration list for PBXProject "PlaygroundLogger" */;
			compatibilityVersion = "Xcode 8.0";
			developmentRegion = en;
			hasScannedForEncodings = 0;
			knownRegions = (
				en,
				Base,
			);
			mainGroup = 5E26461D1FB64876002DC6B6;
			productRefGroup = 5E2646281FB64876002DC6B6 /* Products */;
			projectDirPath = "";
			projectRoot = "";
			targets = (
				5E2646261FB64876002DC6B6 /* PlaygroundLogger */,
				5E26462F1FB64876002DC6B6 /* PlaygroundLoggerTests_macOS */,
				5EFE9188203F6CC400E21BAA /* PlaygroundLoggerTests_iOS */,
				5EFE91CC203F6F6900E21BAA /* PlaygroundLoggerTests_tvOS */,
				5EFE9197203F6DD700E21BAA /* PlaygroundLoggerTestHost_iOS */,
				5EFE91AF203F6E8D00E21BAA /* PlaygroundLoggerTestHost_tvOS */,
			);
		};
/* End PBXProject section */

/* Begin PBXResourcesBuildPhase section */
		5E2646251FB64876002DC6B6 /* Resources */ = {
			isa = PBXResourcesBuildPhase;
			buildActionMask = 2147483647;
			files = (
			);
			runOnlyForDeploymentPostprocessing = 0;
		};
		5E26462E1FB64876002DC6B6 /* Resources */ = {
			isa = PBXResourcesBuildPhase;
			buildActionMask = 2147483647;
			files = (
			);
			runOnlyForDeploymentPostprocessing = 0;
		};
		5EFE9187203F6CC400E21BAA /* Resources */ = {
			isa = PBXResourcesBuildPhase;
			buildActionMask = 2147483647;
			files = (
			);
			runOnlyForDeploymentPostprocessing = 0;
		};
		5EFE9196203F6DD700E21BAA /* Resources */ = {
			isa = PBXResourcesBuildPhase;
			buildActionMask = 2147483647;
			files = (
				5EFE91A5203F6DD900E21BAA /* LaunchScreen.storyboard in Resources */,
				5EFE91A0203F6DD700E21BAA /* Main.storyboard in Resources */,
			);
			runOnlyForDeploymentPostprocessing = 0;
		};
		5EFE91AE203F6E8D00E21BAA /* Resources */ = {
			isa = PBXResourcesBuildPhase;
			buildActionMask = 2147483647;
			files = (
				5EFE91B8203F6E8D00E21BAA /* Main.storyboard in Resources */,
			);
			runOnlyForDeploymentPostprocessing = 0;
		};
		5EFE91CB203F6F6900E21BAA /* Resources */ = {
			isa = PBXResourcesBuildPhase;
			buildActionMask = 2147483647;
			files = (
			);
			runOnlyForDeploymentPostprocessing = 0;
		};
/* End PBXResourcesBuildPhase section */

/* Begin PBXSourcesBuildPhase section */
		5E2646221FB64876002DC6B6 /* Sources */ = {
			isa = PBXSourcesBuildPhase;
			buildActionMask = 2147483647;
			files = (
				5E2756321FC48FD300B69C83 /* NSRange+KeyedArchiveOpaqueRepresentation.swift in Sources */,
				5EE3867420352F3200D625F0 /* CGFloat+CustomOpaqueLoggable.swift in Sources */,
				5E27565A1FC4F35300B69C83 /* FloatingPoint+CustomOpaqueLoggable.swift in Sources */,
				5E2756241FC4886A00B69C83 /* String+TaggedOpaqueRepresentation.swift in Sources */,
				5E27563D1FC4D17F00B69C83 /* CGColor+KeyedArchiveOpaqueRepresentation.swift in Sources */,
				5E2756531FC4EC6200B69C83 /* CustomOpaqueLoggable.swift in Sources */,
				5E2756671FC51C9C00B69C83 /* NSRange+CustomOpaqueLoggable.swift in Sources */,
				5EF6403A204145A80007BDD2 /* NSAttributedString+PGLKeyedArchivingUtilities.m in Sources */,
				5E27562A1FC48C7D00B69C83 /* Bool+TaggedOpaqueRepresentation.swift in Sources */,
				5E2755D11FB6619800B69C83 /* LogPacket.swift in Sources */,
				5E2756651FC51C7700B69C83 /* NSString+CustomOpaqueLoggable.swift in Sources */,
				5E27565C1FC4F3B200B69C83 /* Bool+CustomOpaqueLoggable.swift in Sources */,
				5E27564F1FC4E58300B69C83 /* PlaygroundQuickLook+OpaqueRepresentationSupport.swift in Sources */,
				5E2756261FC488DC00B69C83 /* Float+TaggedOpaqueRepresentation.swift in Sources */,
				5E2756721FC51FF400B69C83 /* CGImage+CustomOpaqueLoggable.swift in Sources */,
				5E2756801FCF435300B69C83 /* NSBezierPath+CustomOpaqueLoggable.swift in Sources */,
				5E4AF1AF1FDDC12A00B7C9D9 /* LegacyEntrypoints.swift in Sources */,
				5E27568F1FCF964400B69C83 /* NSBitmapImageRep+CustomOpaqueLoggable.swift in Sources */,
				5E27568D1FCF45AE00B69C83 /* UIView+CustomOpaqueLoggable.swift in Sources */,
				5E184719202BB80200F01AD1 /* PGLConcurrentMap_MRR.m in Sources */,
				5E27566B1FC51D2B00B69C83 /* NSAttributedString+CustomOpaqueLoggable.swift in Sources */,
				5E2755D71FB682DE00B69C83 /* LogEntry+Encoding.swift in Sources */,
				5E2755DB1FB7069300B69C83 /* LogEntry+Reflection.swift in Sources */,
				5E2756361FC4CC2600B69C83 /* URL+TaggedOpaqueRepresentation.swift in Sources */,
				5E27562D1FC48D2800B69C83 /* CGGeometry+KeyedArchiveOpaqueRepresentation.swift in Sources */,
				5E2756561FC4F25E00B69C83 /* String+CustomOpaqueLoggable.swift in Sources */,
				5E2756441FC4D60600B69C83 /* NSImage+OpaqueImageRepresentable.swift in Sources */,
				5E2756691FC51CBD00B69C83 /* NSNumber+CustomOpaqueLoggable.swift in Sources */,
				5E2756581FC4F2C900B69C83 /* Integers+CustomOpaqueLoggable.swift in Sources */,
				5E27564A1FC4DF0200B69C83 /* UIImage+OpaqueImageRepresentable.swift in Sources */,
				5E2756771FCF3C9700B69C83 /* CIColor+CustomOpaqueLoggable.swift in Sources */,
				5E2756941FCF9CB000B69C83 /* SpriteKitOpaqueLoggable.swift in Sources */,
				5E2756911FCF967300B69C83 /* NSBitmapImageRep+OpaqueImageRepresentable.swift in Sources */,
				5E5FE50B202D13C800E28C3C /* PGLConcurrentMap.swift in Sources */,
				5E2756891FCF454D00B69C83 /* UIColor+CustomOpaqueLoggable.swift in Sources */,
				5E27566E1FC51F7E00B69C83 /* CGGeometry+CustomOpaqueLoggable.swift in Sources */,
				5E2756201FC485AA00B69C83 /* TaggedOpaqueRepresentation.swift in Sources */,
				5E2646431FB64B2A002DC6B6 /* LoggerEntrypoints.swift in Sources */,
				5E5D77842040F5E900EBC3A9 /* LoggingError.swift in Sources */,
				5E2646521FB65026002DC6B6 /* LoggerInitialization.swift in Sources */,
				5E2755D51FB6807F00B69C83 /* LogPacket+Encoding.swift in Sources */,
				5E2756461FC4DC0C00B69C83 /* ImageOpaqueRepresentation.swift in Sources */,
				5E27563F1FC4D31D00B69C83 /* NSBezierPath+KeyedArchiveOpaqueRepresentation.swift in Sources */,
				5E2756421FC4D3BF00B69C83 /* UIBezierPath+KeyedArchiveOpaqueRepresentation.swift in Sources */,
				5E2756741FC5205F00B69C83 /* CGImage+OpaqueImageRepresentable.swift in Sources */,
				5EF6403E204148B80007BDD2 /* NSBezierPath+PGLKeyedArchivingUtilities.m in Sources */,
				5E27567C1FCF423400B69C83 /* NSColor+CustomOpaqueLoggable.swift in Sources */,
				5E2756821FCF439D00B69C83 /* NSImage+CustomOpaqueLoggable.swift in Sources */,
				5E2755D91FB6836800B69C83 /* LogEncoder.swift in Sources */,
				5E184715202BB72700F01AD1 /* TypeName.swift in Sources */,
				5E5F600B20409D4E007EF0A8 /* LogPolicy.swift in Sources */,
				5E2756791FCF3D3200B69C83 /* CIImage+CustomOpaqueLoggable.swift in Sources */,
				5E2756871FCF451900B69C83 /* UIBezierPath+CustomOpaqueLoggable.swift in Sources */,
				5E2756841FCF43DD00B69C83 /* NSView+CustomOpaqueLoggable.swift in Sources */,
				5E27565E1FC4F3E600B69C83 /* UnsafePointers+CustomPlaygroundLoggable.swift in Sources */,
				5E2756611FC51BAE00B69C83 /* Date+CustomOpaqueLoggable.swift in Sources */,
				5E27564C1FC4E07600B69C83 /* UIView+OpaqueImageRepresentable.swift in Sources */,
				5E27568B1FCF458900B69C83 /* UIImage+CustomOpaqueLoggable.swift in Sources */,
				5E2756701FC51FCB00B69C83 /* CGColor+OpaquePlaygroundLoggable.swift in Sources */,
				5E2756341FC490AF00B69C83 /* NSAttributedString+KeyedArchiveOpaqueRepresentation.swift in Sources */,
				5E2756631FC51C3E00B69C83 /* URL+CustomOpaqueLoggable.swift in Sources */,
				5EF64042204149DE0007BDD2 /* UIBezierPath+PGLKeyedArchivingUtilities.m in Sources */,
				5E2755CF1FB657F200B69C83 /* LogEntry.swift in Sources */,
				5E2756221FC4873000B69C83 /* UInt64+TaggedOpaqueRepresentation.swift in Sources */,
				5E2756281FC4895100B69C83 /* Double+TaggedOpaqueRepresentation.swift in Sources */,
				5EFB2A5421211BC300BA43D3 /* PGLThreadIsLogging.m in Sources */,
				5E2756481FC4DE1500B69C83 /* NSView+OpaqueImageRepresentable.swift in Sources */,
				5E2755D31FB672DC00B69C83 /* SendData.swift in Sources */,
				5E27567E1FCF429900B69C83 /* NSCursor+CustomOpaqueLoggable.swift in Sources */,
				5E27561E1FC4859300B69C83 /* Int64+TaggedOpaqueRepresentation.swift in Sources */,
				5E27562F1FC48DDE00B69C83 /* KeyedArchiveOpaqueRepresentation.swift in Sources */,
			);
			runOnlyForDeploymentPostprocessing = 0;
		};
		5E26462C1FB64876002DC6B6 /* Sources */ = {
			isa = PBXSourcesBuildPhase;
			buildActionMask = 2147483647;
			files = (
				5EB651C0213A01D0001CC984 /* LegacyEntrypointTests.swift in Sources */,
				5EB651C4213A081A001CC984 /* LoggerEntrypointTests.swift in Sources */,
				5E5D77802040BD7D00EBC3A9 /* LogPolicyTests.swift in Sources */,
				5E48E0AA2042925B00C7712D /* LogEntryTests.swift in Sources */,
				5EF581532041387C00AC14FE /* CustomPlaygroundDisplayConvertibleTests.swift in Sources */,
				5E1069A323CFD68100C79FC2 /* PGLNilObject.m in Sources */,
				5ECE8F911FFCD2A70034D9BC /* LegacyPlaygroundLoggerTests.swift in Sources */,
			);
			runOnlyForDeploymentPostprocessing = 0;
		};
		5EFE9185203F6CC400E21BAA /* Sources */ = {
			isa = PBXSourcesBuildPhase;
			buildActionMask = 2147483647;
			files = (
				5EB651C1213A01D0001CC984 /* LegacyEntrypointTests.swift in Sources */,
				5EB651C5213A081A001CC984 /* LoggerEntrypointTests.swift in Sources */,
				5E5D77812040BD7D00EBC3A9 /* LogPolicyTests.swift in Sources */,
				5E48E0AB2042925B00C7712D /* LogEntryTests.swift in Sources */,
				5EF581542041387C00AC14FE /* CustomPlaygroundDisplayConvertibleTests.swift in Sources */,
				5E1069A423CFD68100C79FC2 /* PGLNilObject.m in Sources */,
				5EFE9193203F6CF900E21BAA /* LegacyPlaygroundLoggerTests.swift in Sources */,
			);
			runOnlyForDeploymentPostprocessing = 0;
		};
		5EFE9194203F6DD700E21BAA /* Sources */ = {
			isa = PBXSourcesBuildPhase;
			buildActionMask = 2147483647;
			files = (
				5EFE919D203F6DD700E21BAA /* ViewController.swift in Sources */,
				5EFE919B203F6DD700E21BAA /* AppDelegate.swift in Sources */,
			);
			runOnlyForDeploymentPostprocessing = 0;
		};
		5EFE91AC203F6E8D00E21BAA /* Sources */ = {
			isa = PBXSourcesBuildPhase;
			buildActionMask = 2147483647;
			files = (
				5EFE91B5203F6E8D00E21BAA /* ViewController.swift in Sources */,
				5EFE91B3203F6E8D00E21BAA /* AppDelegate.swift in Sources */,
			);
			runOnlyForDeploymentPostprocessing = 0;
		};
		5EFE91C9203F6F6900E21BAA /* Sources */ = {
			isa = PBXSourcesBuildPhase;
			buildActionMask = 2147483647;
			files = (
				5EB651C2213A01D0001CC984 /* LegacyEntrypointTests.swift in Sources */,
				5EB651C6213A081A001CC984 /* LoggerEntrypointTests.swift in Sources */,
				5E5D77822040BD7D00EBC3A9 /* LogPolicyTests.swift in Sources */,
				5E48E0AC2042925B00C7712D /* LogEntryTests.swift in Sources */,
				5EF581552041387C00AC14FE /* CustomPlaygroundDisplayConvertibleTests.swift in Sources */,
				5E1069A523CFD68100C79FC2 /* PGLNilObject.m in Sources */,
				5EFE91D7203F6F8100E21BAA /* LegacyPlaygroundLoggerTests.swift in Sources */,
			);
			runOnlyForDeploymentPostprocessing = 0;
		};
/* End PBXSourcesBuildPhase section */

/* Begin PBXTargetDependency section */
		5E2646331FB64876002DC6B6 /* PBXTargetDependency */ = {
			isa = PBXTargetDependency;
			target = 5E2646261FB64876002DC6B6 /* PlaygroundLogger */;
			targetProxy = 5E2646321FB64876002DC6B6 /* PBXContainerItemProxy */;
		};
		5EFE9192203F6CE500E21BAA /* PBXTargetDependency */ = {
			isa = PBXTargetDependency;
			target = 5E2646261FB64876002DC6B6 /* PlaygroundLogger */;
			targetProxy = 5EFE9191203F6CE500E21BAA /* PBXContainerItemProxy */;
		};
		5EFE91AB203F6DE100E21BAA /* PBXTargetDependency */ = {
			isa = PBXTargetDependency;
			target = 5EFE9197203F6DD700E21BAA /* PlaygroundLoggerTestHost_iOS */;
			targetProxy = 5EFE91AA203F6DE100E21BAA /* PBXContainerItemProxy */;
		};
		5EFE91C2203F6EDD00E21BAA /* PBXTargetDependency */ = {
			isa = PBXTargetDependency;
			target = 5E2646261FB64876002DC6B6 /* PlaygroundLogger */;
			targetProxy = 5EFE91C1203F6EDD00E21BAA /* PBXContainerItemProxy */;
		};
		5EFE91C7203F6EEC00E21BAA /* PBXTargetDependency */ = {
			isa = PBXTargetDependency;
			target = 5E2646261FB64876002DC6B6 /* PlaygroundLogger */;
			targetProxy = 5EFE91C6203F6EEC00E21BAA /* PBXContainerItemProxy */;
		};
		5EFE91D3203F6F6A00E21BAA /* PBXTargetDependency */ = {
			isa = PBXTargetDependency;
			target = 5EFE91AF203F6E8D00E21BAA /* PlaygroundLoggerTestHost_tvOS */;
			targetProxy = 5EFE91D2203F6F6A00E21BAA /* PBXContainerItemProxy */;
		};
		5EFE91D9203F6FF800E21BAA /* PBXTargetDependency */ = {
			isa = PBXTargetDependency;
			target = 5E2646261FB64876002DC6B6 /* PlaygroundLogger */;
			targetProxy = 5EFE91D8203F6FF800E21BAA /* PBXContainerItemProxy */;
		};
/* End PBXTargetDependency section */

/* Begin PBXVariantGroup section */
		5EFE919E203F6DD700E21BAA /* Main.storyboard */ = {
			isa = PBXVariantGroup;
			children = (
				5EFE919F203F6DD700E21BAA /* Base */,
			);
			name = Main.storyboard;
			sourceTree = "<group>";
		};
		5EFE91A3203F6DD900E21BAA /* LaunchScreen.storyboard */ = {
			isa = PBXVariantGroup;
			children = (
				5EFE91A4203F6DD900E21BAA /* Base */,
			);
			name = LaunchScreen.storyboard;
			sourceTree = "<group>";
		};
		5EFE91B6203F6E8D00E21BAA /* Main.storyboard */ = {
			isa = PBXVariantGroup;
			children = (
				5EFE91B7203F6E8D00E21BAA /* Base */,
			);
			name = Main.storyboard;
			sourceTree = "<group>";
		};
/* End PBXVariantGroup section */

/* Begin XCBuildConfiguration section */
		5E2646391FB64876002DC6B6 /* Debug */ = {
			isa = XCBuildConfiguration;
			baseConfigurationReference = 5E11805920414E2700B73EE9 /* Debug.xcconfig */;
			buildSettings = {
				ALWAYS_SEARCH_USER_PATHS = NO;
				CLANG_ANALYZER_NONNULL = YES;
				CLANG_ANALYZER_NUMBER_OBJECT_CONVERSION = YES_AGGRESSIVE;
				CLANG_CXX_LANGUAGE_STANDARD = "gnu++14";
				CLANG_CXX_LIBRARY = "libc++";
				CLANG_ENABLE_OBJC_ARC = YES;
				CLANG_WARN_BLOCK_CAPTURE_AUTORELEASING = YES;
				CLANG_WARN_BOOL_CONVERSION = YES;
				CLANG_WARN_COMMA = YES;
				CLANG_WARN_CONSTANT_CONVERSION = YES;
				CLANG_WARN_DEPRECATED_OBJC_IMPLEMENTATIONS = YES;
				CLANG_WARN_DIRECT_OBJC_ISA_USAGE = YES_ERROR;
				CLANG_WARN_DOCUMENTATION_COMMENTS = YES;
				CLANG_WARN_EMPTY_BODY = YES;
				CLANG_WARN_ENUM_CONVERSION = YES;
				CLANG_WARN_INFINITE_RECURSION = YES;
				CLANG_WARN_INT_CONVERSION = YES;
				CLANG_WARN_NON_LITERAL_NULL_CONVERSION = YES;
				CLANG_WARN_OBJC_IMPLICIT_RETAIN_SELF = YES;
				CLANG_WARN_OBJC_LITERAL_CONVERSION = YES;
				CLANG_WARN_OBJC_ROOT_CLASS = YES_ERROR;
				CLANG_WARN_QUOTED_INCLUDE_IN_FRAMEWORK_HEADER = YES;
				CLANG_WARN_RANGE_LOOP_ANALYSIS = YES;
				CLANG_WARN_STRICT_PROTOTYPES = YES;
				CLANG_WARN_SUSPICIOUS_MOVE = YES;
				CLANG_WARN_UNGUARDED_AVAILABILITY = YES_AGGRESSIVE;
				CLANG_WARN_UNREACHABLE_CODE = YES;
				CLANG_WARN__DUPLICATE_METHOD_MATCH = YES;
				CODE_SIGN_IDENTITY = "-";
				COPY_PHASE_STRIP = NO;
				DEBUG_INFORMATION_FORMAT = dwarf;
				ENABLE_STRICT_OBJC_MSGSEND = YES;
				GCC_C_LANGUAGE_STANDARD = gnu11;
				GCC_DYNAMIC_NO_PIC = NO;
				GCC_NO_COMMON_BLOCKS = YES;
				GCC_PREPROCESSOR_DEFINITIONS = (
					"DEBUG=1",
					"$(inherited)",
				);
				GCC_WARN_64_TO_32_BIT_CONVERSION = YES;
				GCC_WARN_ABOUT_RETURN_TYPE = YES_ERROR;
				GCC_WARN_UNDECLARED_SELECTOR = YES;
				GCC_WARN_UNINITIALIZED_AUTOS = YES_AGGRESSIVE;
				GCC_WARN_UNUSED_FUNCTION = YES;
				GCC_WARN_UNUSED_VARIABLE = YES;
				MTL_ENABLE_DEBUG_INFO = YES;
				SDKROOT = macosx;
				SWIFT_ACTIVE_COMPILATION_CONDITIONS = DEBUG;
				SWIFT_VERSION = 5.0;
			};
			name = Debug;
		};
		5E26463A1FB64876002DC6B6 /* Release */ = {
			isa = XCBuildConfiguration;
			baseConfigurationReference = 5E11805A20414E2700B73EE9 /* Release.xcconfig */;
			buildSettings = {
				ALWAYS_SEARCH_USER_PATHS = NO;
				CLANG_ANALYZER_NONNULL = YES;
				CLANG_ANALYZER_NUMBER_OBJECT_CONVERSION = YES_AGGRESSIVE;
				CLANG_CXX_LANGUAGE_STANDARD = "gnu++14";
				CLANG_CXX_LIBRARY = "libc++";
				CLANG_ENABLE_OBJC_ARC = YES;
				CLANG_WARN_BLOCK_CAPTURE_AUTORELEASING = YES;
				CLANG_WARN_BOOL_CONVERSION = YES;
				CLANG_WARN_COMMA = YES;
				CLANG_WARN_CONSTANT_CONVERSION = YES;
				CLANG_WARN_DEPRECATED_OBJC_IMPLEMENTATIONS = YES;
				CLANG_WARN_DIRECT_OBJC_ISA_USAGE = YES_ERROR;
				CLANG_WARN_DOCUMENTATION_COMMENTS = YES;
				CLANG_WARN_EMPTY_BODY = YES;
				CLANG_WARN_ENUM_CONVERSION = YES;
				CLANG_WARN_INFINITE_RECURSION = YES;
				CLANG_WARN_INT_CONVERSION = YES;
				CLANG_WARN_NON_LITERAL_NULL_CONVERSION = YES;
				CLANG_WARN_OBJC_IMPLICIT_RETAIN_SELF = YES;
				CLANG_WARN_OBJC_LITERAL_CONVERSION = YES;
				CLANG_WARN_OBJC_ROOT_CLASS = YES_ERROR;
				CLANG_WARN_QUOTED_INCLUDE_IN_FRAMEWORK_HEADER = YES;
				CLANG_WARN_RANGE_LOOP_ANALYSIS = YES;
				CLANG_WARN_STRICT_PROTOTYPES = YES;
				CLANG_WARN_SUSPICIOUS_MOVE = YES;
				CLANG_WARN_UNGUARDED_AVAILABILITY = YES_AGGRESSIVE;
				CLANG_WARN_UNREACHABLE_CODE = YES;
				CLANG_WARN__DUPLICATE_METHOD_MATCH = YES;
				CODE_SIGN_IDENTITY = "-";
				COPY_PHASE_STRIP = NO;
				DEBUG_INFORMATION_FORMAT = "dwarf-with-dsym";
				ENABLE_NS_ASSERTIONS = NO;
				ENABLE_STRICT_OBJC_MSGSEND = YES;
				GCC_C_LANGUAGE_STANDARD = gnu11;
				GCC_NO_COMMON_BLOCKS = YES;
				GCC_WARN_64_TO_32_BIT_CONVERSION = YES;
				GCC_WARN_ABOUT_RETURN_TYPE = YES_ERROR;
				GCC_WARN_UNDECLARED_SELECTOR = YES;
				GCC_WARN_UNINITIALIZED_AUTOS = YES_AGGRESSIVE;
				GCC_WARN_UNUSED_FUNCTION = YES;
				GCC_WARN_UNUSED_VARIABLE = YES;
				MTL_ENABLE_DEBUG_INFO = NO;
				SDKROOT = macosx;
				SWIFT_VERSION = 5.0;
			};
			name = Release;
		};
		5E26463C1FB64876002DC6B6 /* Debug */ = {
			isa = XCBuildConfiguration;
			buildSettings = {
				BUILD_LIBRARY_FOR_DISTRIBUTION = YES;
				CODE_SIGN_IDENTITY = "";
				CODE_SIGN_STYLE = Automatic;
				COMBINE_HIDPI_IMAGES = YES;
				DEFINES_MODULE = YES;
				DYLIB_COMPATIBILITY_VERSION = 1;
				DYLIB_CURRENT_VERSION = 1;
				DYLIB_INSTALL_NAME_BASE = "@rpath";
				FRAMEWORK_VERSION = A;
				INFOPLIST_FILE = PlaygroundLogger/Info.plist;
				INSTALL_PATH = "$(PGS_PRIVATEFRAMEWORKS_DIR_FOR_INSTALL)";
				LD_RUNPATH_SEARCH_PATHS = "@loader_path/../../../";
				PRODUCT_BUNDLE_IDENTIFIER = org.swift.PlaygroundLogger;
				PRODUCT_NAME = "$(TARGET_NAME:c99extidentifier)";
				SKIP_INSTALL = NO;
				SUPPORTED_PLATFORMS = "macosx iphonesimulator iphoneos appletvsimulator appletvos";
				SWIFT_INSTALL_OBJC_HEADER = NO;
			};
			name = Debug;
		};
		5E26463D1FB64876002DC6B6 /* Release */ = {
			isa = XCBuildConfiguration;
			buildSettings = {
				BUILD_LIBRARY_FOR_DISTRIBUTION = YES;
				CODE_SIGN_IDENTITY = "";
				CODE_SIGN_STYLE = Automatic;
				COMBINE_HIDPI_IMAGES = YES;
				DEFINES_MODULE = YES;
				DYLIB_COMPATIBILITY_VERSION = 1;
				DYLIB_CURRENT_VERSION = 1;
				DYLIB_INSTALL_NAME_BASE = "@rpath";
				FRAMEWORK_VERSION = A;
				INFOPLIST_FILE = PlaygroundLogger/Info.plist;
				INSTALL_PATH = "$(PGS_PRIVATEFRAMEWORKS_DIR_FOR_INSTALL)";
				LD_RUNPATH_SEARCH_PATHS = "@loader_path/../../../";
				PRODUCT_BUNDLE_IDENTIFIER = org.swift.PlaygroundLogger;
				PRODUCT_NAME = "$(TARGET_NAME:c99extidentifier)";
				SKIP_INSTALL = NO;
				SUPPORTED_PLATFORMS = "macosx iphonesimulator iphoneos appletvsimulator appletvos";
				SWIFT_INSTALL_OBJC_HEADER = NO;
			};
			name = Release;
		};
		5E26463F1FB64876002DC6B6 /* Debug */ = {
			isa = XCBuildConfiguration;
			buildSettings = {
				ALWAYS_EMBED_SWIFT_STANDARD_LIBRARIES = YES;
				CLANG_ENABLE_MODULES = YES;
				CODE_SIGN_STYLE = Automatic;
				COMBINE_HIDPI_IMAGES = YES;
				INFOPLIST_FILE = PlaygroundLoggerTests_macOS/Info.plist;
				LD_RUNPATH_SEARCH_PATHS = "$(inherited) @executable_path/../Frameworks @loader_path/../Frameworks";
				PRODUCT_BUNDLE_IDENTIFIER = "org.swift.PlaygroundLoggerTests-macOS";
				PRODUCT_MODULE_NAME = PlaygroundLoggerTests;
				PRODUCT_NAME = "$(TARGET_NAME)";
				SWIFT_OBJC_BRIDGING_HEADER = "PlaygroundLoggerTests/PlaygroundLoggerTests-Bridging-Header.h";
			};
			name = Debug;
		};
		5E2646401FB64876002DC6B6 /* Release */ = {
			isa = XCBuildConfiguration;
			buildSettings = {
				ALWAYS_EMBED_SWIFT_STANDARD_LIBRARIES = YES;
				CLANG_ENABLE_MODULES = YES;
				CODE_SIGN_STYLE = Automatic;
				COMBINE_HIDPI_IMAGES = YES;
				INFOPLIST_FILE = PlaygroundLoggerTests_macOS/Info.plist;
				LD_RUNPATH_SEARCH_PATHS = "$(inherited) @executable_path/../Frameworks @loader_path/../Frameworks";
				PRODUCT_BUNDLE_IDENTIFIER = "org.swift.PlaygroundLoggerTests-macOS";
				PRODUCT_MODULE_NAME = PlaygroundLoggerTests;
				PRODUCT_NAME = "$(TARGET_NAME)";
				SWIFT_OBJC_BRIDGING_HEADER = "PlaygroundLoggerTests/PlaygroundLoggerTests-Bridging-Header.h";
			};
			name = Release;
		};
		5EFE918E203F6CC400E21BAA /* Debug */ = {
			isa = XCBuildConfiguration;
			buildSettings = {
				CLANG_ENABLE_MODULES = YES;
				CLANG_ENABLE_OBJC_WEAK = YES;
				CLANG_WARN_DEPRECATED_OBJC_IMPLEMENTATIONS = YES;
				CLANG_WARN_OBJC_IMPLICIT_RETAIN_SELF = YES;
				CODE_SIGN_IDENTITY = "-";
				CODE_SIGN_STYLE = Automatic;
				INFOPLIST_FILE = PlaygroundLoggerTests_iOS/Info.plist;
				LD_RUNPATH_SEARCH_PATHS = "$(inherited) @executable_path/Frameworks @loader_path/Frameworks";
				PRODUCT_BUNDLE_IDENTIFIER = "org.swift.PlaygroundLoggerTests-iOS";
				PRODUCT_MODULE_NAME = PlaygroundLoggerTests;
				PRODUCT_NAME = "$(TARGET_NAME)";
				SDKROOT = iphoneos;
				SWIFT_OBJC_BRIDGING_HEADER = "PlaygroundLoggerTests/PlaygroundLoggerTests-Bridging-Header.h";
				TARGETED_DEVICE_FAMILY = "1,2";
				TEST_HOST = "$(BUILT_PRODUCTS_DIR)/PlaygroundLoggerTestHost_iOS.app/PlaygroundLoggerTestHost_iOS";
			};
			name = Debug;
		};
		5EFE918F203F6CC400E21BAA /* Release */ = {
			isa = XCBuildConfiguration;
			buildSettings = {
				CLANG_ENABLE_MODULES = YES;
				CLANG_ENABLE_OBJC_WEAK = YES;
				CLANG_WARN_DEPRECATED_OBJC_IMPLEMENTATIONS = YES;
				CLANG_WARN_OBJC_IMPLICIT_RETAIN_SELF = YES;
				CODE_SIGN_IDENTITY = "-";
				CODE_SIGN_STYLE = Automatic;
				INFOPLIST_FILE = PlaygroundLoggerTests_iOS/Info.plist;
				LD_RUNPATH_SEARCH_PATHS = "$(inherited) @executable_path/Frameworks @loader_path/Frameworks";
				PRODUCT_BUNDLE_IDENTIFIER = "org.swift.PlaygroundLoggerTests-iOS";
				PRODUCT_MODULE_NAME = PlaygroundLoggerTests;
				PRODUCT_NAME = "$(TARGET_NAME)";
				SDKROOT = iphoneos;
				SWIFT_OBJC_BRIDGING_HEADER = "PlaygroundLoggerTests/PlaygroundLoggerTests-Bridging-Header.h";
				TARGETED_DEVICE_FAMILY = "1,2";
				TEST_HOST = "$(BUILT_PRODUCTS_DIR)/PlaygroundLoggerTestHost_iOS.app/PlaygroundLoggerTestHost_iOS";
				VALIDATE_PRODUCT = YES;
			};
			name = Release;
		};
		5EFE91A8203F6DD900E21BAA /* Debug */ = {
			isa = XCBuildConfiguration;
			buildSettings = {
				ALWAYS_EMBED_SWIFT_STANDARD_LIBRARIES = YES;
				CLANG_ENABLE_OBJC_WEAK = YES;
				CLANG_WARN_DEPRECATED_OBJC_IMPLEMENTATIONS = YES;
				CLANG_WARN_OBJC_IMPLICIT_RETAIN_SELF = YES;
				CODE_SIGN_IDENTITY = "-";
				CODE_SIGN_STYLE = Automatic;
				INFOPLIST_FILE = PlaygroundLoggerTestHost_iOS/Info.plist;
				LD_RUNPATH_SEARCH_PATHS = "$(inherited) @executable_path/Frameworks";
				PRODUCT_BUNDLE_IDENTIFIER = "org.swift.PlaygroundLoggerTestHost-iOS";
				PRODUCT_NAME = "$(TARGET_NAME)";
				SDKROOT = iphoneos;
				TARGETED_DEVICE_FAMILY = "1,2";
			};
			name = Debug;
		};
		5EFE91A9203F6DD900E21BAA /* Release */ = {
			isa = XCBuildConfiguration;
			buildSettings = {
				ALWAYS_EMBED_SWIFT_STANDARD_LIBRARIES = YES;
				CLANG_ENABLE_OBJC_WEAK = YES;
				CLANG_WARN_DEPRECATED_OBJC_IMPLEMENTATIONS = YES;
				CLANG_WARN_OBJC_IMPLICIT_RETAIN_SELF = YES;
				CODE_SIGN_IDENTITY = "-";
				CODE_SIGN_STYLE = Automatic;
				INFOPLIST_FILE = PlaygroundLoggerTestHost_iOS/Info.plist;
				LD_RUNPATH_SEARCH_PATHS = "$(inherited) @executable_path/Frameworks";
				PRODUCT_BUNDLE_IDENTIFIER = "org.swift.PlaygroundLoggerTestHost-iOS";
				PRODUCT_NAME = "$(TARGET_NAME)";
				SDKROOT = iphoneos;
				TARGETED_DEVICE_FAMILY = "1,2";
				VALIDATE_PRODUCT = YES;
			};
			name = Release;
		};
		5EFE91BC203F6E8E00E21BAA /* Debug */ = {
			isa = XCBuildConfiguration;
			buildSettings = {
				ALWAYS_EMBED_SWIFT_STANDARD_LIBRARIES = YES;
				CLANG_ENABLE_OBJC_WEAK = YES;
				CLANG_WARN_DEPRECATED_OBJC_IMPLEMENTATIONS = YES;
				CLANG_WARN_OBJC_IMPLICIT_RETAIN_SELF = YES;
				CODE_SIGN_IDENTITY = "-";
				CODE_SIGN_STYLE = Automatic;
				INFOPLIST_FILE = PlaygroundLoggerTestHost_tvOS/Info.plist;
				LD_RUNPATH_SEARCH_PATHS = "$(inherited) @executable_path/Frameworks";
				PRODUCT_BUNDLE_IDENTIFIER = "org.swift.PlaygroundLoggerTestHost-tvOS";
				PRODUCT_NAME = "$(TARGET_NAME)";
				SDKROOT = appletvos;
				TARGETED_DEVICE_FAMILY = 3;
			};
			name = Debug;
		};
		5EFE91BD203F6E8E00E21BAA /* Release */ = {
			isa = XCBuildConfiguration;
			buildSettings = {
				ALWAYS_EMBED_SWIFT_STANDARD_LIBRARIES = YES;
				CLANG_ENABLE_OBJC_WEAK = YES;
				CLANG_WARN_DEPRECATED_OBJC_IMPLEMENTATIONS = YES;
				CLANG_WARN_OBJC_IMPLICIT_RETAIN_SELF = YES;
				CODE_SIGN_IDENTITY = "-";
				CODE_SIGN_STYLE = Automatic;
				INFOPLIST_FILE = PlaygroundLoggerTestHost_tvOS/Info.plist;
				LD_RUNPATH_SEARCH_PATHS = "$(inherited) @executable_path/Frameworks";
				PRODUCT_BUNDLE_IDENTIFIER = "org.swift.PlaygroundLoggerTestHost-tvOS";
				PRODUCT_NAME = "$(TARGET_NAME)";
				SDKROOT = appletvos;
				TARGETED_DEVICE_FAMILY = 3;
				VALIDATE_PRODUCT = YES;
			};
			name = Release;
		};
		5EFE91D5203F6F6A00E21BAA /* Debug */ = {
			isa = XCBuildConfiguration;
			buildSettings = {
				CLANG_ENABLE_MODULES = YES;
				CLANG_ENABLE_OBJC_WEAK = YES;
				CLANG_WARN_DEPRECATED_OBJC_IMPLEMENTATIONS = YES;
				CLANG_WARN_OBJC_IMPLICIT_RETAIN_SELF = YES;
				CODE_SIGN_IDENTITY = "-";
				CODE_SIGN_STYLE = Automatic;
				INFOPLIST_FILE = PlaygroundLoggerTests_tvOS/Info.plist;
				LD_RUNPATH_SEARCH_PATHS = "$(inherited) @executable_path/Frameworks @loader_path/Frameworks";
				PRODUCT_BUNDLE_IDENTIFIER = "org.swift.PlaygroundLoggerTests-tvOS";
				PRODUCT_MODULE_NAME = PlaygroundLoggerTests;
				PRODUCT_NAME = "$(TARGET_NAME)";
				SDKROOT = appletvos;
				SWIFT_OBJC_BRIDGING_HEADER = "PlaygroundLoggerTests/PlaygroundLoggerTests-Bridging-Header.h";
				TARGETED_DEVICE_FAMILY = 3;
				TEST_HOST = "$(BUILT_PRODUCTS_DIR)/PlaygroundLoggerTestHost_tvOS.app/PlaygroundLoggerTestHost_tvOS";
			};
			name = Debug;
		};
		5EFE91D6203F6F6A00E21BAA /* Release */ = {
			isa = XCBuildConfiguration;
			buildSettings = {
				CLANG_ENABLE_MODULES = YES;
				CLANG_ENABLE_OBJC_WEAK = YES;
				CLANG_WARN_DEPRECATED_OBJC_IMPLEMENTATIONS = YES;
				CLANG_WARN_OBJC_IMPLICIT_RETAIN_SELF = YES;
				CODE_SIGN_IDENTITY = "-";
				CODE_SIGN_STYLE = Automatic;
				INFOPLIST_FILE = PlaygroundLoggerTests_tvOS/Info.plist;
				LD_RUNPATH_SEARCH_PATHS = "$(inherited) @executable_path/Frameworks @loader_path/Frameworks";
				PRODUCT_BUNDLE_IDENTIFIER = "org.swift.PlaygroundLoggerTests-tvOS";
				PRODUCT_MODULE_NAME = PlaygroundLoggerTests;
				PRODUCT_NAME = "$(TARGET_NAME)";
				SDKROOT = appletvos;
				SWIFT_OBJC_BRIDGING_HEADER = "PlaygroundLoggerTests/PlaygroundLoggerTests-Bridging-Header.h";
				TARGETED_DEVICE_FAMILY = 3;
				TEST_HOST = "$(BUILT_PRODUCTS_DIR)/PlaygroundLoggerTestHost_tvOS.app/PlaygroundLoggerTestHost_tvOS";
				VALIDATE_PRODUCT = YES;
			};
			name = Release;
		};
/* End XCBuildConfiguration section */

/* Begin XCConfigurationList section */
		5E2646211FB64876002DC6B6 /* Build configuration list for PBXProject "PlaygroundLogger" */ = {
			isa = XCConfigurationList;
			buildConfigurations = (
				5E2646391FB64876002DC6B6 /* Debug */,
				5E26463A1FB64876002DC6B6 /* Release */,
			);
			defaultConfigurationIsVisible = 0;
			defaultConfigurationName = Release;
		};
		5E26463B1FB64876002DC6B6 /* Build configuration list for PBXNativeTarget "PlaygroundLogger" */ = {
			isa = XCConfigurationList;
			buildConfigurations = (
				5E26463C1FB64876002DC6B6 /* Debug */,
				5E26463D1FB64876002DC6B6 /* Release */,
			);
			defaultConfigurationIsVisible = 0;
			defaultConfigurationName = Release;
		};
		5E26463E1FB64876002DC6B6 /* Build configuration list for PBXNativeTarget "PlaygroundLoggerTests_macOS" */ = {
			isa = XCConfigurationList;
			buildConfigurations = (
				5E26463F1FB64876002DC6B6 /* Debug */,
				5E2646401FB64876002DC6B6 /* Release */,
			);
			defaultConfigurationIsVisible = 0;
			defaultConfigurationName = Release;
		};
		5EFE9190203F6CC400E21BAA /* Build configuration list for PBXNativeTarget "PlaygroundLoggerTests_iOS" */ = {
			isa = XCConfigurationList;
			buildConfigurations = (
				5EFE918E203F6CC400E21BAA /* Debug */,
				5EFE918F203F6CC400E21BAA /* Release */,
			);
			defaultConfigurationIsVisible = 0;
			defaultConfigurationName = Release;
		};
		5EFE91A7203F6DD900E21BAA /* Build configuration list for PBXNativeTarget "PlaygroundLoggerTestHost_iOS" */ = {
			isa = XCConfigurationList;
			buildConfigurations = (
				5EFE91A8203F6DD900E21BAA /* Debug */,
				5EFE91A9203F6DD900E21BAA /* Release */,
			);
			defaultConfigurationIsVisible = 0;
			defaultConfigurationName = Release;
		};
		5EFE91BE203F6E8E00E21BAA /* Build configuration list for PBXNativeTarget "PlaygroundLoggerTestHost_tvOS" */ = {
			isa = XCConfigurationList;
			buildConfigurations = (
				5EFE91BC203F6E8E00E21BAA /* Debug */,
				5EFE91BD203F6E8E00E21BAA /* Release */,
			);
			defaultConfigurationIsVisible = 0;
			defaultConfigurationName = Release;
		};
		5EFE91D4203F6F6A00E21BAA /* Build configuration list for PBXNativeTarget "PlaygroundLoggerTests_tvOS" */ = {
			isa = XCConfigurationList;
			buildConfigurations = (
				5EFE91D5203F6F6A00E21BAA /* Debug */,
				5EFE91D6203F6F6A00E21BAA /* Release */,
			);
			defaultConfigurationIsVisible = 0;
			defaultConfigurationName = Release;
		};
/* End XCConfigurationList section */
	};
	rootObject = 5E26461E1FB64876002DC6B6 /* Project object */;
}
