// !$*UTF8*$!
{
	archiveVersion = 1;
	classes = {
	};
	objectVersion = 48;
	objects = {

/* Begin PBXBuildFile section */
		5E2646311FB64876002DC6B6 /* PlaygroundLogger.framework in Frameworks */ = {isa = PBXBuildFile; fileRef = 5E2646271FB64876002DC6B6 /* PlaygroundLogger.framework */; };
		5E2646361FB64876002DC6B6 /* PlaygroundLoggerTests.swift in Sources */ = {isa = PBXBuildFile; fileRef = 5E2646351FB64876002DC6B6 /* PlaygroundLoggerTests.swift */; };
		5E2646381FB64876002DC6B6 /* PlaygroundLogger.h in Headers */ = {isa = PBXBuildFile; fileRef = 5E26462A1FB64876002DC6B6 /* PlaygroundLogger.h */; settings = {ATTRIBUTES = (Public, ); }; };
		5E2646431FB64B2A002DC6B6 /* LoggerEntrypoints.swift in Sources */ = {isa = PBXBuildFile; fileRef = 5E2646421FB64B2A002DC6B6 /* LoggerEntrypoints.swift */; };
		5E2646521FB65026002DC6B6 /* LoggerInitialization.swift in Sources */ = {isa = PBXBuildFile; fileRef = 5E2646511FB65026002DC6B6 /* LoggerInitialization.swift */; };
		5E2755CF1FB657F200B69C83 /* LogEntry.swift in Sources */ = {isa = PBXBuildFile; fileRef = 5E2755CE1FB657F200B69C83 /* LogEntry.swift */; };
		5E2755D11FB6619800B69C83 /* LogPacket.swift in Sources */ = {isa = PBXBuildFile; fileRef = 5E2755D01FB6619800B69C83 /* LogPacket.swift */; };
		5E2755D31FB672DC00B69C83 /* SendData.swift in Sources */ = {isa = PBXBuildFile; fileRef = 5E2755D21FB672DC00B69C83 /* SendData.swift */; };
		5E2755D51FB6807F00B69C83 /* LogPacket+Encoding.swift in Sources */ = {isa = PBXBuildFile; fileRef = 5E2755D41FB6807F00B69C83 /* LogPacket+Encoding.swift */; };
		5E2755D71FB682DE00B69C83 /* LogEntry+Encoding.swift in Sources */ = {isa = PBXBuildFile; fileRef = 5E2755D61FB682DE00B69C83 /* LogEntry+Encoding.swift */; };
		5E2755D91FB6836800B69C83 /* LogEncoder.swift in Sources */ = {isa = PBXBuildFile; fileRef = 5E2755D81FB6836800B69C83 /* LogEncoder.swift */; };
		5E2755DB1FB7069300B69C83 /* LogEntry+Reflection.swift in Sources */ = {isa = PBXBuildFile; fileRef = 5E2755DA1FB7069300B69C83 /* LogEntry+Reflection.swift */; };
		5E27561E1FC4859300B69C83 /* Int64+TaggedOpaqueRepresentation.swift in Sources */ = {isa = PBXBuildFile; fileRef = 5E27561D1FC4859300B69C83 /* Int64+TaggedOpaqueRepresentation.swift */; };
		5E2756201FC485AA00B69C83 /* TaggedOpaqueRepresentation.swift in Sources */ = {isa = PBXBuildFile; fileRef = 5E27561F1FC485AA00B69C83 /* TaggedOpaqueRepresentation.swift */; };
		5E2756221FC4873000B69C83 /* UInt64+TaggedOpaqueRepresentation.swift in Sources */ = {isa = PBXBuildFile; fileRef = 5E2756211FC4873000B69C83 /* UInt64+TaggedOpaqueRepresentation.swift */; };
		5E2756241FC4886A00B69C83 /* String+TaggedOpaqueRepresentation.swift in Sources */ = {isa = PBXBuildFile; fileRef = 5E2756231FC4886A00B69C83 /* String+TaggedOpaqueRepresentation.swift */; };
		5E2756261FC488DC00B69C83 /* Float+TaggedOpaqueRepresentation.swift in Sources */ = {isa = PBXBuildFile; fileRef = 5E2756251FC488DC00B69C83 /* Float+TaggedOpaqueRepresentation.swift */; };
		5E2756281FC4895100B69C83 /* Double+TaggedOpaqueRepresentation.swift in Sources */ = {isa = PBXBuildFile; fileRef = 5E2756271FC4895100B69C83 /* Double+TaggedOpaqueRepresentation.swift */; };
		5E27562A1FC48C7D00B69C83 /* Bool+TaggedOpaqueRepresentation.swift in Sources */ = {isa = PBXBuildFile; fileRef = 5E2756291FC48C7D00B69C83 /* Bool+TaggedOpaqueRepresentation.swift */; };
		5E27562D1FC48D2800B69C83 /* CGGeometry+KeyedArchiveOpaqueRepresentation.swift in Sources */ = {isa = PBXBuildFile; fileRef = 5E27562C1FC48D2800B69C83 /* CGGeometry+KeyedArchiveOpaqueRepresentation.swift */; };
		5E27562F1FC48DDE00B69C83 /* KeyedArchiveOpaqueRepresentation.swift in Sources */ = {isa = PBXBuildFile; fileRef = 5E27562E1FC48DDE00B69C83 /* KeyedArchiveOpaqueRepresentation.swift */; };
		5E2756321FC48FD300B69C83 /* NSRange+KeyedArchiveOpaqueRepresentation.swift in Sources */ = {isa = PBXBuildFile; fileRef = 5E2756311FC48FD300B69C83 /* NSRange+KeyedArchiveOpaqueRepresentation.swift */; };
		5E2756341FC490AF00B69C83 /* NSAttributedString+KeyedArchiveOpaqueRepresentation.swift in Sources */ = {isa = PBXBuildFile; fileRef = 5E2756331FC490AF00B69C83 /* NSAttributedString+KeyedArchiveOpaqueRepresentation.swift */; };
		5E2756361FC4CC2600B69C83 /* URL+TaggedOpaqueRepresentation.swift in Sources */ = {isa = PBXBuildFile; fileRef = 5E2756351FC4CC2600B69C83 /* URL+TaggedOpaqueRepresentation.swift */; };
		5E27563D1FC4D17F00B69C83 /* CGColor+KeyedArchiveOpaqueRepresentation.swift in Sources */ = {isa = PBXBuildFile; fileRef = 5E27563C1FC4D17F00B69C83 /* CGColor+KeyedArchiveOpaqueRepresentation.swift */; };
		5E27563F1FC4D31D00B69C83 /* NSBezierPath+KeyedArchiveOpaqueRepresentation.swift in Sources */ = {isa = PBXBuildFile; fileRef = 5E27563E1FC4D31D00B69C83 /* NSBezierPath+KeyedArchiveOpaqueRepresentation.swift */; };
		5E2756421FC4D3BF00B69C83 /* UIBezierPath+KeyedArchiveOpaqueRepresentation.swift in Sources */ = {isa = PBXBuildFile; fileRef = 5E2756411FC4D3BF00B69C83 /* UIBezierPath+KeyedArchiveOpaqueRepresentation.swift */; };
		5E2756441FC4D60600B69C83 /* NSImage+OpaqueImageRepresentable.swift in Sources */ = {isa = PBXBuildFile; fileRef = 5E2756431FC4D60600B69C83 /* NSImage+OpaqueImageRepresentable.swift */; };
		5E2756461FC4DC0C00B69C83 /* ImageOpaqueRepresentation.swift in Sources */ = {isa = PBXBuildFile; fileRef = 5E2756451FC4DC0C00B69C83 /* ImageOpaqueRepresentation.swift */; };
		5E2756481FC4DE1500B69C83 /* NSView+OpaqueImageRepresentable.swift in Sources */ = {isa = PBXBuildFile; fileRef = 5E2756471FC4DE1500B69C83 /* NSView+OpaqueImageRepresentable.swift */; };
		5E27564A1FC4DF0200B69C83 /* UIImage+OpaqueImageRepresentable.swift in Sources */ = {isa = PBXBuildFile; fileRef = 5E2756491FC4DF0200B69C83 /* UIImage+OpaqueImageRepresentable.swift */; };
		5E27564C1FC4E07600B69C83 /* UIView+OpaqueImageRepresentable.swift in Sources */ = {isa = PBXBuildFile; fileRef = 5E27564B1FC4E07600B69C83 /* UIView+OpaqueImageRepresentable.swift */; };
		5E27564F1FC4E58300B69C83 /* PlaygroundQuickLook+OpaqueRepresentationSupport.swift in Sources */ = {isa = PBXBuildFile; fileRef = 5E27564E1FC4E58300B69C83 /* PlaygroundQuickLook+OpaqueRepresentationSupport.swift */; };
		5E2756531FC4EC6200B69C83 /* CustomOpaqueLoggable.swift in Sources */ = {isa = PBXBuildFile; fileRef = 5E2756521FC4EC6200B69C83 /* CustomOpaqueLoggable.swift */; };
		5E2756561FC4F25E00B69C83 /* String+CustomOpaqueLoggable.swift in Sources */ = {isa = PBXBuildFile; fileRef = 5E2756551FC4F25E00B69C83 /* String+CustomOpaqueLoggable.swift */; };
		5E2756581FC4F2C900B69C83 /* Integers+CustomOpaqueLoggable.swift in Sources */ = {isa = PBXBuildFile; fileRef = 5E2756571FC4F2C900B69C83 /* Integers+CustomOpaqueLoggable.swift */; };
		5E27565A1FC4F35300B69C83 /* FloatingPoint+CustomOpaqueLoggable.swift in Sources */ = {isa = PBXBuildFile; fileRef = 5E2756591FC4F35300B69C83 /* FloatingPoint+CustomOpaqueLoggable.swift */; };
		5E27565C1FC4F3B200B69C83 /* Bool+CustomOpaqueLoggable.swift in Sources */ = {isa = PBXBuildFile; fileRef = 5E27565B1FC4F3B200B69C83 /* Bool+CustomOpaqueLoggable.swift */; };
		5E27565E1FC4F3E600B69C83 /* UnsafePointers+CustomPlaygroundLoggable.swift in Sources */ = {isa = PBXBuildFile; fileRef = 5E27565D1FC4F3E600B69C83 /* UnsafePointers+CustomPlaygroundLoggable.swift */; };
		5E2756611FC51BAE00B69C83 /* Date+CustomOpaqueLoggable.swift in Sources */ = {isa = PBXBuildFile; fileRef = 5E2756601FC51BAE00B69C83 /* Date+CustomOpaqueLoggable.swift */; };
		5E2756631FC51C3E00B69C83 /* URL+CustomOpaqueLoggable.swift in Sources */ = {isa = PBXBuildFile; fileRef = 5E2756621FC51C3E00B69C83 /* URL+CustomOpaqueLoggable.swift */; };
		5E2756651FC51C7700B69C83 /* NSString+CustomOpaqueLoggable.swift in Sources */ = {isa = PBXBuildFile; fileRef = 5E2756641FC51C7700B69C83 /* NSString+CustomOpaqueLoggable.swift */; };
		5E2756671FC51C9C00B69C83 /* NSRange+CustomOpaqueLoggable.swift in Sources */ = {isa = PBXBuildFile; fileRef = 5E2756661FC51C9C00B69C83 /* NSRange+CustomOpaqueLoggable.swift */; };
		5E2756691FC51CBD00B69C83 /* NSNumber+CustomOpaqueLoggable.swift in Sources */ = {isa = PBXBuildFile; fileRef = 5E2756681FC51CBD00B69C83 /* NSNumber+CustomOpaqueLoggable.swift */; };
		5E27566B1FC51D2B00B69C83 /* NSAttributedString+CustomOpaqueLoggable.swift in Sources */ = {isa = PBXBuildFile; fileRef = 5E27566A1FC51D2B00B69C83 /* NSAttributedString+CustomOpaqueLoggable.swift */; };
		5E27566E1FC51F7E00B69C83 /* CGGeometry+CustomOpaqueLoggable.swift in Sources */ = {isa = PBXBuildFile; fileRef = 5E27566D1FC51F7E00B69C83 /* CGGeometry+CustomOpaqueLoggable.swift */; };
		5E2756701FC51FCB00B69C83 /* CGColor+OpaquePlaygroundLoggable.swift in Sources */ = {isa = PBXBuildFile; fileRef = 5E27566F1FC51FCB00B69C83 /* CGColor+OpaquePlaygroundLoggable.swift */; };
		5E2756721FC51FF400B69C83 /* CGImage+CustomOpaqueLoggable.swift in Sources */ = {isa = PBXBuildFile; fileRef = 5E2756711FC51FF400B69C83 /* CGImage+CustomOpaqueLoggable.swift */; };
		5E2756741FC5205F00B69C83 /* CGImage+OpaqueImageRepresentable.swift in Sources */ = {isa = PBXBuildFile; fileRef = 5E2756731FC5205F00B69C83 /* CGImage+OpaqueImageRepresentable.swift */; };
		5E2756771FCF3C9700B69C83 /* CIColor+CustomOpaqueLoggable.swift in Sources */ = {isa = PBXBuildFile; fileRef = 5E2756761FCF3C9700B69C83 /* CIColor+CustomOpaqueLoggable.swift */; };
		5E2756791FCF3D3200B69C83 /* CIImage+CustomOpaqueLoggable.swift in Sources */ = {isa = PBXBuildFile; fileRef = 5E2756781FCF3D3200B69C83 /* CIImage+CustomOpaqueLoggable.swift */; };
		5E27567C1FCF423400B69C83 /* NSColor+CustomOpaqueLoggable.swift in Sources */ = {isa = PBXBuildFile; fileRef = 5E27567B1FCF423400B69C83 /* NSColor+CustomOpaqueLoggable.swift */; };
		5E27567E1FCF429900B69C83 /* NSCursor+CustomOpaqueLoggable.swift in Sources */ = {isa = PBXBuildFile; fileRef = 5E27567D1FCF429900B69C83 /* NSCursor+CustomOpaqueLoggable.swift */; };
		5E2756801FCF435300B69C83 /* NSBezierPath+CustomOpaqueLoggable.swift in Sources */ = {isa = PBXBuildFile; fileRef = 5E27567F1FCF435300B69C83 /* NSBezierPath+CustomOpaqueLoggable.swift */; };
		5E2756821FCF439D00B69C83 /* NSImage+CustomOpaqueLoggable.swift in Sources */ = {isa = PBXBuildFile; fileRef = 5E2756811FCF439D00B69C83 /* NSImage+CustomOpaqueLoggable.swift */; };
		5E2756841FCF43DD00B69C83 /* NSView+CustomOpaqueLoggable.swift in Sources */ = {isa = PBXBuildFile; fileRef = 5E2756831FCF43DD00B69C83 /* NSView+CustomOpaqueLoggable.swift */; };
		5E2756871FCF451900B69C83 /* UIBezierPath+CustomOpaqueLoggable.swift in Sources */ = {isa = PBXBuildFile; fileRef = 5E2756861FCF451900B69C83 /* UIBezierPath+CustomOpaqueLoggable.swift */; };
		5E2756891FCF454D00B69C83 /* UIColor+CustomOpaqueLoggable.swift in Sources */ = {isa = PBXBuildFile; fileRef = 5E2756881FCF454D00B69C83 /* UIColor+CustomOpaqueLoggable.swift */; };
		5E27568B1FCF458900B69C83 /* UIImage+CustomOpaqueLoggable.swift in Sources */ = {isa = PBXBuildFile; fileRef = 5E27568A1FCF458900B69C83 /* UIImage+CustomOpaqueLoggable.swift */; };
		5E27568D1FCF45AE00B69C83 /* UIView+CustomOpaqueLoggable.swift in Sources */ = {isa = PBXBuildFile; fileRef = 5E27568C1FCF45AE00B69C83 /* UIView+CustomOpaqueLoggable.swift */; };
		5E27568F1FCF964400B69C83 /* NSBitmapImageRep+CustomOpaqueLoggable.swift in Sources */ = {isa = PBXBuildFile; fileRef = 5E27568E1FCF964400B69C83 /* NSBitmapImageRep+CustomOpaqueLoggable.swift */; };
		5E2756911FCF967300B69C83 /* NSBitmapImageRep+OpaqueImageRepresentable.swift in Sources */ = {isa = PBXBuildFile; fileRef = 5E2756901FCF967300B69C83 /* NSBitmapImageRep+OpaqueImageRepresentable.swift */; };
		5E2756941FCF9CB000B69C83 /* SpriteKitOpaqueLoggable.swift in Sources */ = {isa = PBXBuildFile; fileRef = 5E2756931FCF9CB000B69C83 /* SpriteKitOpaqueLoggable.swift */; };
		5E4AF1AD1FDDBDE400B7C9D9 /* Unimplemented.swift in Sources */ = {isa = PBXBuildFile; fileRef = 5E4AF1AC1FDDBDE400B7C9D9 /* Unimplemented.swift */; };
		5E4AF1AF1FDDC12A00B7C9D9 /* LegacyEntrypoints.swift in Sources */ = {isa = PBXBuildFile; fileRef = 5E4AF1AE1FDDC12A00B7C9D9 /* LegacyEntrypoints.swift */; };
		5ECE8F911FFCD2A70034D9BC /* LegacyPlaygroundLoggerTests.swift in Sources */ = {isa = PBXBuildFile; fileRef = 5ECE8F901FFCD2A70034D9BC /* LegacyPlaygroundLoggerTests.swift */; };
/* End PBXBuildFile section */

/* Begin PBXContainerItemProxy section */
		5E2646321FB64876002DC6B6 /* PBXContainerItemProxy */ = {
			isa = PBXContainerItemProxy;
			containerPortal = 5E26461E1FB64876002DC6B6 /* Project object */;
			proxyType = 1;
			remoteGlobalIDString = 5E2646261FB64876002DC6B6;
			remoteInfo = PlaygroundLogger;
		};
/* End PBXContainerItemProxy section */

/* Begin PBXFileReference section */
		5E2646271FB64876002DC6B6 /* PlaygroundLogger.framework */ = {isa = PBXFileReference; explicitFileType = wrapper.framework; includeInIndex = 0; path = PlaygroundLogger.framework; sourceTree = BUILT_PRODUCTS_DIR; };
		5E26462A1FB64876002DC6B6 /* PlaygroundLogger.h */ = {isa = PBXFileReference; lastKnownFileType = sourcecode.c.h; path = PlaygroundLogger.h; sourceTree = "<group>"; };
		5E26462B1FB64876002DC6B6 /* Info.plist */ = {isa = PBXFileReference; lastKnownFileType = text.plist.xml; path = Info.plist; sourceTree = "<group>"; };
		5E2646301FB64876002DC6B6 /* PlaygroundLoggerTests_macOS.xctest */ = {isa = PBXFileReference; explicitFileType = wrapper.cfbundle; includeInIndex = 0; path = PlaygroundLoggerTests_macOS.xctest; sourceTree = BUILT_PRODUCTS_DIR; };
		5E2646351FB64876002DC6B6 /* PlaygroundLoggerTests.swift */ = {isa = PBXFileReference; lastKnownFileType = sourcecode.swift; path = PlaygroundLoggerTests.swift; sourceTree = "<group>"; };
		5E2646371FB64876002DC6B6 /* Info.plist */ = {isa = PBXFileReference; lastKnownFileType = text.plist.xml; path = Info.plist; sourceTree = "<group>"; };
		5E2646421FB64B2A002DC6B6 /* LoggerEntrypoints.swift */ = {isa = PBXFileReference; lastKnownFileType = sourcecode.swift; path = LoggerEntrypoints.swift; sourceTree = "<group>"; };
		5E2646511FB65026002DC6B6 /* LoggerInitialization.swift */ = {isa = PBXFileReference; lastKnownFileType = sourcecode.swift; path = LoggerInitialization.swift; sourceTree = "<group>"; };
		5E2755CE1FB657F200B69C83 /* LogEntry.swift */ = {isa = PBXFileReference; lastKnownFileType = sourcecode.swift; path = LogEntry.swift; sourceTree = "<group>"; };
		5E2755D01FB6619800B69C83 /* LogPacket.swift */ = {isa = PBXFileReference; lastKnownFileType = sourcecode.swift; path = LogPacket.swift; sourceTree = "<group>"; };
		5E2755D21FB672DC00B69C83 /* SendData.swift */ = {isa = PBXFileReference; lastKnownFileType = sourcecode.swift; path = SendData.swift; sourceTree = "<group>"; };
		5E2755D41FB6807F00B69C83 /* LogPacket+Encoding.swift */ = {isa = PBXFileReference; lastKnownFileType = sourcecode.swift; path = "LogPacket+Encoding.swift"; sourceTree = "<group>"; };
		5E2755D61FB682DE00B69C83 /* LogEntry+Encoding.swift */ = {isa = PBXFileReference; lastKnownFileType = sourcecode.swift; path = "LogEntry+Encoding.swift"; sourceTree = "<group>"; };
		5E2755D81FB6836800B69C83 /* LogEncoder.swift */ = {isa = PBXFileReference; lastKnownFileType = sourcecode.swift; path = LogEncoder.swift; sourceTree = "<group>"; };
		5E2755DA1FB7069300B69C83 /* LogEntry+Reflection.swift */ = {isa = PBXFileReference; lastKnownFileType = sourcecode.swift; path = "LogEntry+Reflection.swift"; sourceTree = "<group>"; };
		5E27561D1FC4859300B69C83 /* Int64+TaggedOpaqueRepresentation.swift */ = {isa = PBXFileReference; lastKnownFileType = sourcecode.swift; path = "Int64+TaggedOpaqueRepresentation.swift"; sourceTree = "<group>"; };
		5E27561F1FC485AA00B69C83 /* TaggedOpaqueRepresentation.swift */ = {isa = PBXFileReference; lastKnownFileType = sourcecode.swift; path = TaggedOpaqueRepresentation.swift; sourceTree = "<group>"; };
		5E2756211FC4873000B69C83 /* UInt64+TaggedOpaqueRepresentation.swift */ = {isa = PBXFileReference; lastKnownFileType = sourcecode.swift; path = "UInt64+TaggedOpaqueRepresentation.swift"; sourceTree = "<group>"; };
		5E2756231FC4886A00B69C83 /* String+TaggedOpaqueRepresentation.swift */ = {isa = PBXFileReference; lastKnownFileType = sourcecode.swift; path = "String+TaggedOpaqueRepresentation.swift"; sourceTree = "<group>"; };
		5E2756251FC488DC00B69C83 /* Float+TaggedOpaqueRepresentation.swift */ = {isa = PBXFileReference; lastKnownFileType = sourcecode.swift; path = "Float+TaggedOpaqueRepresentation.swift"; sourceTree = "<group>"; };
		5E2756271FC4895100B69C83 /* Double+TaggedOpaqueRepresentation.swift */ = {isa = PBXFileReference; lastKnownFileType = sourcecode.swift; path = "Double+TaggedOpaqueRepresentation.swift"; sourceTree = "<group>"; };
		5E2756291FC48C7D00B69C83 /* Bool+TaggedOpaqueRepresentation.swift */ = {isa = PBXFileReference; lastKnownFileType = sourcecode.swift; path = "Bool+TaggedOpaqueRepresentation.swift"; sourceTree = "<group>"; };
		5E27562C1FC48D2800B69C83 /* CGGeometry+KeyedArchiveOpaqueRepresentation.swift */ = {isa = PBXFileReference; lastKnownFileType = sourcecode.swift; path = "CGGeometry+KeyedArchiveOpaqueRepresentation.swift"; sourceTree = "<group>"; };
		5E27562E1FC48DDE00B69C83 /* KeyedArchiveOpaqueRepresentation.swift */ = {isa = PBXFileReference; lastKnownFileType = sourcecode.swift; path = KeyedArchiveOpaqueRepresentation.swift; sourceTree = "<group>"; };
		5E2756311FC48FD300B69C83 /* NSRange+KeyedArchiveOpaqueRepresentation.swift */ = {isa = PBXFileReference; lastKnownFileType = sourcecode.swift; path = "NSRange+KeyedArchiveOpaqueRepresentation.swift"; sourceTree = "<group>"; };
		5E2756331FC490AF00B69C83 /* NSAttributedString+KeyedArchiveOpaqueRepresentation.swift */ = {isa = PBXFileReference; lastKnownFileType = sourcecode.swift; path = "NSAttributedString+KeyedArchiveOpaqueRepresentation.swift"; sourceTree = "<group>"; };
		5E2756351FC4CC2600B69C83 /* URL+TaggedOpaqueRepresentation.swift */ = {isa = PBXFileReference; lastKnownFileType = sourcecode.swift; path = "URL+TaggedOpaqueRepresentation.swift"; sourceTree = "<group>"; };
		5E27563C1FC4D17F00B69C83 /* CGColor+KeyedArchiveOpaqueRepresentation.swift */ = {isa = PBXFileReference; lastKnownFileType = sourcecode.swift; path = "CGColor+KeyedArchiveOpaqueRepresentation.swift"; sourceTree = "<group>"; };
		5E27563E1FC4D31D00B69C83 /* NSBezierPath+KeyedArchiveOpaqueRepresentation.swift */ = {isa = PBXFileReference; lastKnownFileType = sourcecode.swift; path = "NSBezierPath+KeyedArchiveOpaqueRepresentation.swift"; sourceTree = "<group>"; };
		5E2756411FC4D3BF00B69C83 /* UIBezierPath+KeyedArchiveOpaqueRepresentation.swift */ = {isa = PBXFileReference; lastKnownFileType = sourcecode.swift; path = "UIBezierPath+KeyedArchiveOpaqueRepresentation.swift"; sourceTree = "<group>"; };
		5E2756431FC4D60600B69C83 /* NSImage+OpaqueImageRepresentable.swift */ = {isa = PBXFileReference; lastKnownFileType = sourcecode.swift; path = "NSImage+OpaqueImageRepresentable.swift"; sourceTree = "<group>"; };
		5E2756451FC4DC0C00B69C83 /* ImageOpaqueRepresentation.swift */ = {isa = PBXFileReference; lastKnownFileType = sourcecode.swift; path = ImageOpaqueRepresentation.swift; sourceTree = "<group>"; };
		5E2756471FC4DE1500B69C83 /* NSView+OpaqueImageRepresentable.swift */ = {isa = PBXFileReference; lastKnownFileType = sourcecode.swift; path = "NSView+OpaqueImageRepresentable.swift"; sourceTree = "<group>"; };
		5E2756491FC4DF0200B69C83 /* UIImage+OpaqueImageRepresentable.swift */ = {isa = PBXFileReference; lastKnownFileType = sourcecode.swift; path = "UIImage+OpaqueImageRepresentable.swift"; sourceTree = "<group>"; };
		5E27564B1FC4E07600B69C83 /* UIView+OpaqueImageRepresentable.swift */ = {isa = PBXFileReference; lastKnownFileType = sourcecode.swift; path = "UIView+OpaqueImageRepresentable.swift"; sourceTree = "<group>"; };
		5E27564E1FC4E58300B69C83 /* PlaygroundQuickLook+OpaqueRepresentationSupport.swift */ = {isa = PBXFileReference; lastKnownFileType = sourcecode.swift; path = "PlaygroundQuickLook+OpaqueRepresentationSupport.swift"; sourceTree = "<group>"; };
		5E2756521FC4EC6200B69C83 /* CustomOpaqueLoggable.swift */ = {isa = PBXFileReference; lastKnownFileType = sourcecode.swift; path = CustomOpaqueLoggable.swift; sourceTree = "<group>"; };
		5E2756551FC4F25E00B69C83 /* String+CustomOpaqueLoggable.swift */ = {isa = PBXFileReference; lastKnownFileType = sourcecode.swift; path = "String+CustomOpaqueLoggable.swift"; sourceTree = "<group>"; };
		5E2756571FC4F2C900B69C83 /* Integers+CustomOpaqueLoggable.swift */ = {isa = PBXFileReference; lastKnownFileType = sourcecode.swift; path = "Integers+CustomOpaqueLoggable.swift"; sourceTree = "<group>"; };
		5E2756591FC4F35300B69C83 /* FloatingPoint+CustomOpaqueLoggable.swift */ = {isa = PBXFileReference; lastKnownFileType = sourcecode.swift; path = "FloatingPoint+CustomOpaqueLoggable.swift"; sourceTree = "<group>"; };
		5E27565B1FC4F3B200B69C83 /* Bool+CustomOpaqueLoggable.swift */ = {isa = PBXFileReference; lastKnownFileType = sourcecode.swift; path = "Bool+CustomOpaqueLoggable.swift"; sourceTree = "<group>"; };
		5E27565D1FC4F3E600B69C83 /* UnsafePointers+CustomPlaygroundLoggable.swift */ = {isa = PBXFileReference; lastKnownFileType = sourcecode.swift; path = "UnsafePointers+CustomPlaygroundLoggable.swift"; sourceTree = "<group>"; };
		5E2756601FC51BAE00B69C83 /* Date+CustomOpaqueLoggable.swift */ = {isa = PBXFileReference; lastKnownFileType = sourcecode.swift; path = "Date+CustomOpaqueLoggable.swift"; sourceTree = "<group>"; };
		5E2756621FC51C3E00B69C83 /* URL+CustomOpaqueLoggable.swift */ = {isa = PBXFileReference; lastKnownFileType = sourcecode.swift; path = "URL+CustomOpaqueLoggable.swift"; sourceTree = "<group>"; };
		5E2756641FC51C7700B69C83 /* NSString+CustomOpaqueLoggable.swift */ = {isa = PBXFileReference; lastKnownFileType = sourcecode.swift; path = "NSString+CustomOpaqueLoggable.swift"; sourceTree = "<group>"; };
		5E2756661FC51C9C00B69C83 /* NSRange+CustomOpaqueLoggable.swift */ = {isa = PBXFileReference; lastKnownFileType = sourcecode.swift; path = "NSRange+CustomOpaqueLoggable.swift"; sourceTree = "<group>"; };
		5E2756681FC51CBD00B69C83 /* NSNumber+CustomOpaqueLoggable.swift */ = {isa = PBXFileReference; lastKnownFileType = sourcecode.swift; path = "NSNumber+CustomOpaqueLoggable.swift"; sourceTree = "<group>"; };
		5E27566A1FC51D2B00B69C83 /* NSAttributedString+CustomOpaqueLoggable.swift */ = {isa = PBXFileReference; lastKnownFileType = sourcecode.swift; path = "NSAttributedString+CustomOpaqueLoggable.swift"; sourceTree = "<group>"; };
		5E27566D1FC51F7E00B69C83 /* CGGeometry+CustomOpaqueLoggable.swift */ = {isa = PBXFileReference; lastKnownFileType = sourcecode.swift; path = "CGGeometry+CustomOpaqueLoggable.swift"; sourceTree = "<group>"; };
		5E27566F1FC51FCB00B69C83 /* CGColor+OpaquePlaygroundLoggable.swift */ = {isa = PBXFileReference; lastKnownFileType = sourcecode.swift; path = "CGColor+OpaquePlaygroundLoggable.swift"; sourceTree = "<group>"; };
		5E2756711FC51FF400B69C83 /* CGImage+CustomOpaqueLoggable.swift */ = {isa = PBXFileReference; lastKnownFileType = sourcecode.swift; path = "CGImage+CustomOpaqueLoggable.swift"; sourceTree = "<group>"; };
		5E2756731FC5205F00B69C83 /* CGImage+OpaqueImageRepresentable.swift */ = {isa = PBXFileReference; lastKnownFileType = sourcecode.swift; path = "CGImage+OpaqueImageRepresentable.swift"; sourceTree = "<group>"; };
		5E2756761FCF3C9700B69C83 /* CIColor+CustomOpaqueLoggable.swift */ = {isa = PBXFileReference; lastKnownFileType = sourcecode.swift; path = "CIColor+CustomOpaqueLoggable.swift"; sourceTree = "<group>"; };
		5E2756781FCF3D3200B69C83 /* CIImage+CustomOpaqueLoggable.swift */ = {isa = PBXFileReference; lastKnownFileType = sourcecode.swift; path = "CIImage+CustomOpaqueLoggable.swift"; sourceTree = "<group>"; };
		5E27567B1FCF423400B69C83 /* NSColor+CustomOpaqueLoggable.swift */ = {isa = PBXFileReference; lastKnownFileType = sourcecode.swift; path = "NSColor+CustomOpaqueLoggable.swift"; sourceTree = "<group>"; };
		5E27567D1FCF429900B69C83 /* NSCursor+CustomOpaqueLoggable.swift */ = {isa = PBXFileReference; lastKnownFileType = sourcecode.swift; path = "NSCursor+CustomOpaqueLoggable.swift"; sourceTree = "<group>"; };
		5E27567F1FCF435300B69C83 /* NSBezierPath+CustomOpaqueLoggable.swift */ = {isa = PBXFileReference; lastKnownFileType = sourcecode.swift; path = "NSBezierPath+CustomOpaqueLoggable.swift"; sourceTree = "<group>"; };
		5E2756811FCF439D00B69C83 /* NSImage+CustomOpaqueLoggable.swift */ = {isa = PBXFileReference; lastKnownFileType = sourcecode.swift; path = "NSImage+CustomOpaqueLoggable.swift"; sourceTree = "<group>"; };
		5E2756831FCF43DD00B69C83 /* NSView+CustomOpaqueLoggable.swift */ = {isa = PBXFileReference; lastKnownFileType = sourcecode.swift; path = "NSView+CustomOpaqueLoggable.swift"; sourceTree = "<group>"; };
		5E2756861FCF451900B69C83 /* UIBezierPath+CustomOpaqueLoggable.swift */ = {isa = PBXFileReference; lastKnownFileType = sourcecode.swift; path = "UIBezierPath+CustomOpaqueLoggable.swift"; sourceTree = "<group>"; };
		5E2756881FCF454D00B69C83 /* UIColor+CustomOpaqueLoggable.swift */ = {isa = PBXFileReference; lastKnownFileType = sourcecode.swift; path = "UIColor+CustomOpaqueLoggable.swift"; sourceTree = "<group>"; };
		5E27568A1FCF458900B69C83 /* UIImage+CustomOpaqueLoggable.swift */ = {isa = PBXFileReference; lastKnownFileType = sourcecode.swift; path = "UIImage+CustomOpaqueLoggable.swift"; sourceTree = "<group>"; };
		5E27568C1FCF45AE00B69C83 /* UIView+CustomOpaqueLoggable.swift */ = {isa = PBXFileReference; lastKnownFileType = sourcecode.swift; path = "UIView+CustomOpaqueLoggable.swift"; sourceTree = "<group>"; };
		5E27568E1FCF964400B69C83 /* NSBitmapImageRep+CustomOpaqueLoggable.swift */ = {isa = PBXFileReference; lastKnownFileType = sourcecode.swift; path = "NSBitmapImageRep+CustomOpaqueLoggable.swift"; sourceTree = "<group>"; };
		5E2756901FCF967300B69C83 /* NSBitmapImageRep+OpaqueImageRepresentable.swift */ = {isa = PBXFileReference; lastKnownFileType = sourcecode.swift; path = "NSBitmapImageRep+OpaqueImageRepresentable.swift"; sourceTree = "<group>"; };
		5E2756931FCF9CB000B69C83 /* SpriteKitOpaqueLoggable.swift */ = {isa = PBXFileReference; lastKnownFileType = sourcecode.swift; path = SpriteKitOpaqueLoggable.swift; sourceTree = "<group>"; };
		5E4AF1AC1FDDBDE400B7C9D9 /* Unimplemented.swift */ = {isa = PBXFileReference; lastKnownFileType = sourcecode.swift; path = Unimplemented.swift; sourceTree = "<group>"; };
		5E4AF1AE1FDDC12A00B7C9D9 /* LegacyEntrypoints.swift */ = {isa = PBXFileReference; lastKnownFileType = sourcecode.swift; path = LegacyEntrypoints.swift; sourceTree = "<group>"; };
		5ECE8F901FFCD2A70034D9BC /* LegacyPlaygroundLoggerTests.swift */ = {isa = PBXFileReference; lastKnownFileType = sourcecode.swift; path = LegacyPlaygroundLoggerTests.swift; sourceTree = "<group>"; };
/* End PBXFileReference section */

/* Begin PBXFrameworksBuildPhase section */
		5E2646231FB64876002DC6B6 /* Frameworks */ = {
			isa = PBXFrameworksBuildPhase;
			buildActionMask = 2147483647;
			files = (
			);
			runOnlyForDeploymentPostprocessing = 0;
		};
		5E26462D1FB64876002DC6B6 /* Frameworks */ = {
			isa = PBXFrameworksBuildPhase;
			buildActionMask = 2147483647;
			files = (
				5E2646311FB64876002DC6B6 /* PlaygroundLogger.framework in Frameworks */,
			);
			runOnlyForDeploymentPostprocessing = 0;
		};
/* End PBXFrameworksBuildPhase section */

/* Begin PBXGroup section */
		5E26461D1FB64876002DC6B6 = {
			isa = PBXGroup;
			children = (
				5E2646291FB64876002DC6B6 /* PlaygroundLogger */,
				5E2646341FB64876002DC6B6 /* PlaygroundLoggerTests */,
				5E2646411FB649D0002DC6B6 /* PlaygroundLoggerTests_macOS */,
				5E2646281FB64876002DC6B6 /* Products */,
				5E26464F1FB64F95002DC6B6 /* Frameworks */,
			);
			sourceTree = "<group>";
		};
		5E2646281FB64876002DC6B6 /* Products */ = {
			isa = PBXGroup;
			children = (
				5E2646271FB64876002DC6B6 /* PlaygroundLogger.framework */,
				5E2646301FB64876002DC6B6 /* PlaygroundLoggerTests_macOS.xctest */,
			);
			name = Products;
			sourceTree = "<group>";
		};
		5E2646291FB64876002DC6B6 /* PlaygroundLogger */ = {
			isa = PBXGroup;
			children = (
				5E26462A1FB64876002DC6B6 /* PlaygroundLogger.h */,
				5E2646511FB65026002DC6B6 /* LoggerInitialization.swift */,
				5E2646421FB64B2A002DC6B6 /* LoggerEntrypoints.swift */,
				5E2755D81FB6836800B69C83 /* LogEncoder.swift */,
				5E2755CE1FB657F200B69C83 /* LogEntry.swift */,
				5E2755DA1FB7069300B69C83 /* LogEntry+Reflection.swift */,
				5E2755D61FB682DE00B69C83 /* LogEntry+Encoding.swift */,
				5E2755D01FB6619800B69C83 /* LogPacket.swift */,
				5E2755D41FB6807F00B69C83 /* LogPacket+Encoding.swift */,
				5E2755D21FB672DC00B69C83 /* SendData.swift */,
				5E27561B1FC4854C00B69C83 /* Opaque Representations */,
				5E2756511FC4EC4100B69C83 /* Custom Loggable */,
				5E27564D1FC4E54A00B69C83 /* Legacy Support */,
				5E4AF1AB1FDDBDCD00B7C9D9 /* Utilities */,
				5E26462B1FB64876002DC6B6 /* Info.plist */,
			);
			path = PlaygroundLogger;
			sourceTree = "<group>";
		};
		5E2646341FB64876002DC6B6 /* PlaygroundLoggerTests */ = {
			isa = PBXGroup;
			children = (
				5E2646351FB64876002DC6B6 /* PlaygroundLoggerTests.swift */,
				5ECE8F901FFCD2A70034D9BC /* LegacyPlaygroundLoggerTests.swift */,
			);
			path = PlaygroundLoggerTests;
			sourceTree = "<group>";
		};
		5E2646411FB649D0002DC6B6 /* PlaygroundLoggerTests_macOS */ = {
			isa = PBXGroup;
			children = (
				5E2646371FB64876002DC6B6 /* Info.plist */,
			);
			path = PlaygroundLoggerTests_macOS;
			sourceTree = "<group>";
		};
		5E26464F1FB64F95002DC6B6 /* Frameworks */ = {
			isa = PBXGroup;
			children = (
			);
			name = Frameworks;
			sourceTree = "<group>";
		};
		5E27561B1FC4854C00B69C83 /* Opaque Representations */ = {
			isa = PBXGroup;
			children = (
				5E27561F1FC485AA00B69C83 /* TaggedOpaqueRepresentation.swift */,
				5E27562E1FC48DDE00B69C83 /* KeyedArchiveOpaqueRepresentation.swift */,
				5E2756451FC4DC0C00B69C83 /* ImageOpaqueRepresentation.swift */,
				5E27561C1FC4857900B69C83 /* Swift */,
				5E27562B1FC48D0B00B69C83 /* CoreGraphics */,
				5E2756301FC48FAE00B69C83 /* Foundation */,
				5E2756371FC4CCC100B69C83 /* AppKit */,
				5E2756401FC4D3A000B69C83 /* UIKit */,
			);
			name = "Opaque Representations";
			path = OpaqueRepresentations;
			sourceTree = "<group>";
		};
		5E27561C1FC4857900B69C83 /* Swift */ = {
			isa = PBXGroup;
			children = (
				5E2756231FC4886A00B69C83 /* String+TaggedOpaqueRepresentation.swift */,
				5E27561D1FC4859300B69C83 /* Int64+TaggedOpaqueRepresentation.swift */,
				5E2756211FC4873000B69C83 /* UInt64+TaggedOpaqueRepresentation.swift */,
				5E2756251FC488DC00B69C83 /* Float+TaggedOpaqueRepresentation.swift */,
				5E2756271FC4895100B69C83 /* Double+TaggedOpaqueRepresentation.swift */,
				5E2756291FC48C7D00B69C83 /* Bool+TaggedOpaqueRepresentation.swift */,
			);
			path = Swift;
			sourceTree = "<group>";
		};
		5E27562B1FC48D0B00B69C83 /* CoreGraphics */ = {
			isa = PBXGroup;
			children = (
				5E27562C1FC48D2800B69C83 /* CGGeometry+KeyedArchiveOpaqueRepresentation.swift */,
				5E27563C1FC4D17F00B69C83 /* CGColor+KeyedArchiveOpaqueRepresentation.swift */,
				5E2756731FC5205F00B69C83 /* CGImage+OpaqueImageRepresentable.swift */,
			);
			path = CoreGraphics;
			sourceTree = "<group>";
		};
		5E2756301FC48FAE00B69C83 /* Foundation */ = {
			isa = PBXGroup;
			children = (
				5E2756311FC48FD300B69C83 /* NSRange+KeyedArchiveOpaqueRepresentation.swift */,
				5E2756331FC490AF00B69C83 /* NSAttributedString+KeyedArchiveOpaqueRepresentation.swift */,
				5E2756351FC4CC2600B69C83 /* URL+TaggedOpaqueRepresentation.swift */,
			);
			path = Foundation;
			sourceTree = "<group>";
		};
		5E2756371FC4CCC100B69C83 /* AppKit */ = {
			isa = PBXGroup;
			children = (
				5E27563E1FC4D31D00B69C83 /* NSBezierPath+KeyedArchiveOpaqueRepresentation.swift */,
				5E2756901FCF967300B69C83 /* NSBitmapImageRep+OpaqueImageRepresentable.swift */,
				5E2756431FC4D60600B69C83 /* NSImage+OpaqueImageRepresentable.swift */,
				5E2756471FC4DE1500B69C83 /* NSView+OpaqueImageRepresentable.swift */,
			);
			path = AppKit;
			sourceTree = "<group>";
		};
		5E2756401FC4D3A000B69C83 /* UIKit */ = {
			isa = PBXGroup;
			children = (
				5E2756411FC4D3BF00B69C83 /* UIBezierPath+KeyedArchiveOpaqueRepresentation.swift */,
				5E2756491FC4DF0200B69C83 /* UIImage+OpaqueImageRepresentable.swift */,
				5E27564B1FC4E07600B69C83 /* UIView+OpaqueImageRepresentable.swift */,
			);
			path = UIKit;
			sourceTree = "<group>";
		};
		5E27564D1FC4E54A00B69C83 /* Legacy Support */ = {
			isa = PBXGroup;
			children = (
				5E27564E1FC4E58300B69C83 /* PlaygroundQuickLook+OpaqueRepresentationSupport.swift */,
				5E4AF1AE1FDDC12A00B7C9D9 /* LegacyEntrypoints.swift */,
			);
			name = "Legacy Support";
			path = LegacySupport;
			sourceTree = "<group>";
		};
		5E2756511FC4EC4100B69C83 /* Custom Loggable */ = {
			isa = PBXGroup;
			children = (
				5E2756521FC4EC6200B69C83 /* CustomOpaqueLoggable.swift */,
				5E2756541FC4F24B00B69C83 /* Swift */,
				5E27565F1FC51B8200B69C83 /* Foundation */,
				5E27566C1FC51F5300B69C83 /* CoreGraphics */,
				5E2756751FCF3C7100B69C83 /* CoreImage */,
				5E27567A1FCF420700B69C83 /* AppKit */,
				5E2756851FCF44FC00B69C83 /* UIKit */,
				5E2756921FCF9C5F00B69C83 /* SpriteKit */,
			);
			name = "Custom Loggable";
			path = CustomLoggable;
			sourceTree = "<group>";
		};
		5E2756541FC4F24B00B69C83 /* Swift */ = {
			isa = PBXGroup;
			children = (
				5E2756551FC4F25E00B69C83 /* String+CustomOpaqueLoggable.swift */,
				5E2756571FC4F2C900B69C83 /* Integers+CustomOpaqueLoggable.swift */,
				5E2756591FC4F35300B69C83 /* FloatingPoint+CustomOpaqueLoggable.swift */,
				5E27565B1FC4F3B200B69C83 /* Bool+CustomOpaqueLoggable.swift */,
				5E27565D1FC4F3E600B69C83 /* UnsafePointers+CustomPlaygroundLoggable.swift */,
			);
			path = Swift;
			sourceTree = "<group>";
		};
		5E27565F1FC51B8200B69C83 /* Foundation */ = {
			isa = PBXGroup;
			children = (
				5E2756601FC51BAE00B69C83 /* Date+CustomOpaqueLoggable.swift */,
				5E27566A1FC51D2B00B69C83 /* NSAttributedString+CustomOpaqueLoggable.swift */,
				5E2756681FC51CBD00B69C83 /* NSNumber+CustomOpaqueLoggable.swift */,
				5E2756661FC51C9C00B69C83 /* NSRange+CustomOpaqueLoggable.swift */,
				5E2756641FC51C7700B69C83 /* NSString+CustomOpaqueLoggable.swift */,
				5E2756621FC51C3E00B69C83 /* URL+CustomOpaqueLoggable.swift */,
			);
			path = Foundation;
			sourceTree = "<group>";
		};
		5E27566C1FC51F5300B69C83 /* CoreGraphics */ = {
			isa = PBXGroup;
			children = (
				5E27566D1FC51F7E00B69C83 /* CGGeometry+CustomOpaqueLoggable.swift */,
				5E27566F1FC51FCB00B69C83 /* CGColor+OpaquePlaygroundLoggable.swift */,
				5E2756711FC51FF400B69C83 /* CGImage+CustomOpaqueLoggable.swift */,
			);
			path = CoreGraphics;
			sourceTree = "<group>";
		};
		5E2756751FCF3C7100B69C83 /* CoreImage */ = {
			isa = PBXGroup;
			children = (
				5E2756761FCF3C9700B69C83 /* CIColor+CustomOpaqueLoggable.swift */,
				5E2756781FCF3D3200B69C83 /* CIImage+CustomOpaqueLoggable.swift */,
			);
			path = CoreImage;
			sourceTree = "<group>";
		};
		5E27567A1FCF420700B69C83 /* AppKit */ = {
			isa = PBXGroup;
			children = (
				5E27567F1FCF435300B69C83 /* NSBezierPath+CustomOpaqueLoggable.swift */,
				5E27568E1FCF964400B69C83 /* NSBitmapImageRep+CustomOpaqueLoggable.swift */,
				5E27567B1FCF423400B69C83 /* NSColor+CustomOpaqueLoggable.swift */,
				5E27567D1FCF429900B69C83 /* NSCursor+CustomOpaqueLoggable.swift */,
				5E2756811FCF439D00B69C83 /* NSImage+CustomOpaqueLoggable.swift */,
				5E2756831FCF43DD00B69C83 /* NSView+CustomOpaqueLoggable.swift */,
			);
			path = AppKit;
			sourceTree = "<group>";
		};
		5E2756851FCF44FC00B69C83 /* UIKit */ = {
			isa = PBXGroup;
			children = (
				5E2756861FCF451900B69C83 /* UIBezierPath+CustomOpaqueLoggable.swift */,
				5E2756881FCF454D00B69C83 /* UIColor+CustomOpaqueLoggable.swift */,
				5E27568A1FCF458900B69C83 /* UIImage+CustomOpaqueLoggable.swift */,
				5E27568C1FCF45AE00B69C83 /* UIView+CustomOpaqueLoggable.swift */,
			);
			path = UIKit;
			sourceTree = "<group>";
		};
		5E2756921FCF9C5F00B69C83 /* SpriteKit */ = {
			isa = PBXGroup;
			children = (
				5E2756931FCF9CB000B69C83 /* SpriteKitOpaqueLoggable.swift */,
			);
			path = SpriteKit;
			sourceTree = "<group>";
		};
		5E4AF1AB1FDDBDCD00B7C9D9 /* Utilities */ = {
			isa = PBXGroup;
			children = (
				5E4AF1AC1FDDBDE400B7C9D9 /* Unimplemented.swift */,
			);
			path = Utilities;
			sourceTree = "<group>";
		};
/* End PBXGroup section */

/* Begin PBXHeadersBuildPhase section */
		5E2646241FB64876002DC6B6 /* Headers */ = {
			isa = PBXHeadersBuildPhase;
			buildActionMask = 2147483647;
			files = (
				5E2646381FB64876002DC6B6 /* PlaygroundLogger.h in Headers */,
			);
			runOnlyForDeploymentPostprocessing = 0;
		};
/* End PBXHeadersBuildPhase section */

/* Begin PBXNativeTarget section */
		5E2646261FB64876002DC6B6 /* PlaygroundLogger */ = {
			isa = PBXNativeTarget;
			buildConfigurationList = 5E26463B1FB64876002DC6B6 /* Build configuration list for PBXNativeTarget "PlaygroundLogger" */;
			buildPhases = (
				5E2646221FB64876002DC6B6 /* Sources */,
				5E2646231FB64876002DC6B6 /* Frameworks */,
				5E2646241FB64876002DC6B6 /* Headers */,
				5E2646251FB64876002DC6B6 /* Resources */,
			);
			buildRules = (
			);
			dependencies = (
			);
			name = PlaygroundLogger;
			productName = PlaygroundLogger;
			productReference = 5E2646271FB64876002DC6B6 /* PlaygroundLogger.framework */;
			productType = "com.apple.product-type.framework";
		};
		5E26462F1FB64876002DC6B6 /* PlaygroundLoggerTests_macOS */ = {
			isa = PBXNativeTarget;
			buildConfigurationList = 5E26463E1FB64876002DC6B6 /* Build configuration list for PBXNativeTarget "PlaygroundLoggerTests_macOS" */;
			buildPhases = (
				5E26462C1FB64876002DC6B6 /* Sources */,
				5E26462D1FB64876002DC6B6 /* Frameworks */,
				5E26462E1FB64876002DC6B6 /* Resources */,
			);
			buildRules = (
			);
			dependencies = (
				5E2646331FB64876002DC6B6 /* PBXTargetDependency */,
			);
			name = PlaygroundLoggerTests_macOS;
			productName = PlaygroundLoggerTests;
			productReference = 5E2646301FB64876002DC6B6 /* PlaygroundLoggerTests_macOS.xctest */;
			productType = "com.apple.product-type.bundle.unit-test";
		};
/* End PBXNativeTarget section */

/* Begin PBXProject section */
		5E26461E1FB64876002DC6B6 /* Project object */ = {
			isa = PBXProject;
			attributes = {
				LastSwiftUpdateCheck = 0910;
				LastUpgradeCheck = 0910;
				ORGANIZATIONNAME = "Apple Inc. and the Swift project authors";
				TargetAttributes = {
					5E2646261FB64876002DC6B6 = {
						CreatedOnToolsVersion = 9.1;
						LastSwiftMigration = 0910;
						ProvisioningStyle = Automatic;
					};
					5E26462F1FB64876002DC6B6 = {
						CreatedOnToolsVersion = 9.1;
						ProvisioningStyle = Automatic;
					};
				};
			};
			buildConfigurationList = 5E2646211FB64876002DC6B6 /* Build configuration list for PBXProject "PlaygroundLogger" */;
			compatibilityVersion = "Xcode 8.0";
			developmentRegion = en;
			hasScannedForEncodings = 0;
			knownRegions = (
				en,
			);
			mainGroup = 5E26461D1FB64876002DC6B6;
			productRefGroup = 5E2646281FB64876002DC6B6 /* Products */;
			projectDirPath = "";
			projectRoot = "";
			targets = (
				5E2646261FB64876002DC6B6 /* PlaygroundLogger */,
				5E26462F1FB64876002DC6B6 /* PlaygroundLoggerTests_macOS */,
			);
		};
/* End PBXProject section */

/* Begin PBXResourcesBuildPhase section */
		5E2646251FB64876002DC6B6 /* Resources */ = {
			isa = PBXResourcesBuildPhase;
			buildActionMask = 2147483647;
			files = (
			);
			runOnlyForDeploymentPostprocessing = 0;
		};
		5E26462E1FB64876002DC6B6 /* Resources */ = {
			isa = PBXResourcesBuildPhase;
			buildActionMask = 2147483647;
			files = (
			);
			runOnlyForDeploymentPostprocessing = 0;
		};
/* End PBXResourcesBuildPhase section */

/* Begin PBXSourcesBuildPhase section */
		5E2646221FB64876002DC6B6 /* Sources */ = {
			isa = PBXSourcesBuildPhase;
			buildActionMask = 2147483647;
			files = (
				5E2756321FC48FD300B69C83 /* NSRange+KeyedArchiveOpaqueRepresentation.swift in Sources */,
				5E27565A1FC4F35300B69C83 /* FloatingPoint+CustomOpaqueLoggable.swift in Sources */,
				5E2756241FC4886A00B69C83 /* String+TaggedOpaqueRepresentation.swift in Sources */,
				5E27563D1FC4D17F00B69C83 /* CGColor+KeyedArchiveOpaqueRepresentation.swift in Sources */,
				5E2756531FC4EC6200B69C83 /* CustomOpaqueLoggable.swift in Sources */,
				5E2756671FC51C9C00B69C83 /* NSRange+CustomOpaqueLoggable.swift in Sources */,
				5E27562A1FC48C7D00B69C83 /* Bool+TaggedOpaqueRepresentation.swift in Sources */,
				5E2755D11FB6619800B69C83 /* LogPacket.swift in Sources */,
				5E2756651FC51C7700B69C83 /* NSString+CustomOpaqueLoggable.swift in Sources */,
				5E27565C1FC4F3B200B69C83 /* Bool+CustomOpaqueLoggable.swift in Sources */,
				5E27564F1FC4E58300B69C83 /* PlaygroundQuickLook+OpaqueRepresentationSupport.swift in Sources */,
				5E2756261FC488DC00B69C83 /* Float+TaggedOpaqueRepresentation.swift in Sources */,
				5E2756721FC51FF400B69C83 /* CGImage+CustomOpaqueLoggable.swift in Sources */,
				5E2756801FCF435300B69C83 /* NSBezierPath+CustomOpaqueLoggable.swift in Sources */,
				5E4AF1AF1FDDC12A00B7C9D9 /* LegacyEntrypoints.swift in Sources */,
				5E27568F1FCF964400B69C83 /* NSBitmapImageRep+CustomOpaqueLoggable.swift in Sources */,
				5E27568D1FCF45AE00B69C83 /* UIView+CustomOpaqueLoggable.swift in Sources */,
				5E27566B1FC51D2B00B69C83 /* NSAttributedString+CustomOpaqueLoggable.swift in Sources */,
				5E2755D71FB682DE00B69C83 /* LogEntry+Encoding.swift in Sources */,
				5E2755DB1FB7069300B69C83 /* LogEntry+Reflection.swift in Sources */,
				5E2756361FC4CC2600B69C83 /* URL+TaggedOpaqueRepresentation.swift in Sources */,
				5E27562D1FC48D2800B69C83 /* CGGeometry+KeyedArchiveOpaqueRepresentation.swift in Sources */,
				5E2756561FC4F25E00B69C83 /* String+CustomOpaqueLoggable.swift in Sources */,
				5E2756441FC4D60600B69C83 /* NSImage+OpaqueImageRepresentable.swift in Sources */,
				5E2756691FC51CBD00B69C83 /* NSNumber+CustomOpaqueLoggable.swift in Sources */,
				5E2756581FC4F2C900B69C83 /* Integers+CustomOpaqueLoggable.swift in Sources */,
				5E27564A1FC4DF0200B69C83 /* UIImage+OpaqueImageRepresentable.swift in Sources */,
				5E2756771FCF3C9700B69C83 /* CIColor+CustomOpaqueLoggable.swift in Sources */,
				5E2756941FCF9CB000B69C83 /* SpriteKitOpaqueLoggable.swift in Sources */,
				5E2756911FCF967300B69C83 /* NSBitmapImageRep+OpaqueImageRepresentable.swift in Sources */,
				5E2756891FCF454D00B69C83 /* UIColor+CustomOpaqueLoggable.swift in Sources */,
				5E4AF1AD1FDDBDE400B7C9D9 /* Unimplemented.swift in Sources */,
				5E27566E1FC51F7E00B69C83 /* CGGeometry+CustomOpaqueLoggable.swift in Sources */,
				5E2756201FC485AA00B69C83 /* TaggedOpaqueRepresentation.swift in Sources */,
				5E2646431FB64B2A002DC6B6 /* LoggerEntrypoints.swift in Sources */,
				5E2646521FB65026002DC6B6 /* LoggerInitialization.swift in Sources */,
				5E2755D51FB6807F00B69C83 /* LogPacket+Encoding.swift in Sources */,
				5E2756461FC4DC0C00B69C83 /* ImageOpaqueRepresentation.swift in Sources */,
				5E27563F1FC4D31D00B69C83 /* NSBezierPath+KeyedArchiveOpaqueRepresentation.swift in Sources */,
				5E2756421FC4D3BF00B69C83 /* UIBezierPath+KeyedArchiveOpaqueRepresentation.swift in Sources */,
				5E2756741FC5205F00B69C83 /* CGImage+OpaqueImageRepresentable.swift in Sources */,
				5E27567C1FCF423400B69C83 /* NSColor+CustomOpaqueLoggable.swift in Sources */,
				5E2756821FCF439D00B69C83 /* NSImage+CustomOpaqueLoggable.swift in Sources */,
				5E2755D91FB6836800B69C83 /* LogEncoder.swift in Sources */,
				5E2756791FCF3D3200B69C83 /* CIImage+CustomOpaqueLoggable.swift in Sources */,
				5E2756871FCF451900B69C83 /* UIBezierPath+CustomOpaqueLoggable.swift in Sources */,
				5E2756841FCF43DD00B69C83 /* NSView+CustomOpaqueLoggable.swift in Sources */,
				5E27565E1FC4F3E600B69C83 /* UnsafePointers+CustomPlaygroundLoggable.swift in Sources */,
				5E2756611FC51BAE00B69C83 /* Date+CustomOpaqueLoggable.swift in Sources */,
				5E27564C1FC4E07600B69C83 /* UIView+OpaqueImageRepresentable.swift in Sources */,
				5E27568B1FCF458900B69C83 /* UIImage+CustomOpaqueLoggable.swift in Sources */,
				5E2756701FC51FCB00B69C83 /* CGColor+OpaquePlaygroundLoggable.swift in Sources */,
				5E2756341FC490AF00B69C83 /* NSAttributedString+KeyedArchiveOpaqueRepresentation.swift in Sources */,
				5E2756631FC51C3E00B69C83 /* URL+CustomOpaqueLoggable.swift in Sources */,
				5E2755CF1FB657F200B69C83 /* LogEntry.swift in Sources */,
				5E2756221FC4873000B69C83 /* UInt64+TaggedOpaqueRepresentation.swift in Sources */,
				5E2756281FC4895100B69C83 /* Double+TaggedOpaqueRepresentation.swift in Sources */,
				5E2756481FC4DE1500B69C83 /* NSView+OpaqueImageRepresentable.swift in Sources */,
				5E2755D31FB672DC00B69C83 /* SendData.swift in Sources */,
				5E27567E1FCF429900B69C83 /* NSCursor+CustomOpaqueLoggable.swift in Sources */,
				5E27561E1FC4859300B69C83 /* Int64+TaggedOpaqueRepresentation.swift in Sources */,
				5E27562F1FC48DDE00B69C83 /* KeyedArchiveOpaqueRepresentation.swift in Sources */,
			);
			runOnlyForDeploymentPostprocessing = 0;
		};
		5E26462C1FB64876002DC6B6 /* Sources */ = {
			isa = PBXSourcesBuildPhase;
			buildActionMask = 2147483647;
			files = (
				5E2646361FB64876002DC6B6 /* PlaygroundLoggerTests.swift in Sources */,
				5ECE8F911FFCD2A70034D9BC /* LegacyPlaygroundLoggerTests.swift in Sources */,
			);
			runOnlyForDeploymentPostprocessing = 0;
		};
/* End PBXSourcesBuildPhase section */

/* Begin PBXTargetDependency section */
		5E2646331FB64876002DC6B6 /* PBXTargetDependency */ = {
			isa = PBXTargetDependency;
			target = 5E2646261FB64876002DC6B6 /* PlaygroundLogger */;
			targetProxy = 5E2646321FB64876002DC6B6 /* PBXContainerItemProxy */;
		};
/* End PBXTargetDependency section */

/* Begin XCBuildConfiguration section */
		5E2646391FB64876002DC6B6 /* Debug */ = {
			isa = XCBuildConfiguration;
			buildSettings = {
				ALWAYS_SEARCH_USER_PATHS = NO;
				CLANG_ANALYZER_NONNULL = YES;
				CLANG_ANALYZER_NUMBER_OBJECT_CONVERSION = YES_AGGRESSIVE;
				CLANG_CXX_LANGUAGE_STANDARD = "gnu++14";
				CLANG_CXX_LIBRARY = "libc++";
				CLANG_ENABLE_MODULES = YES;
				CLANG_ENABLE_OBJC_ARC = YES;
				CLANG_WARN_BLOCK_CAPTURE_AUTORELEASING = YES;
				CLANG_WARN_BOOL_CONVERSION = YES;
				CLANG_WARN_COMMA = YES;
				CLANG_WARN_CONSTANT_CONVERSION = YES;
				CLANG_WARN_DIRECT_OBJC_ISA_USAGE = YES_ERROR;
				CLANG_WARN_DOCUMENTATION_COMMENTS = YES;
				CLANG_WARN_EMPTY_BODY = YES;
				CLANG_WARN_ENUM_CONVERSION = YES;
				CLANG_WARN_INFINITE_RECURSION = YES;
				CLANG_WARN_INT_CONVERSION = YES;
				CLANG_WARN_NON_LITERAL_NULL_CONVERSION = YES;
				CLANG_WARN_OBJC_LITERAL_CONVERSION = YES;
				CLANG_WARN_OBJC_ROOT_CLASS = YES_ERROR;
				CLANG_WARN_RANGE_LOOP_ANALYSIS = YES;
				CLANG_WARN_STRICT_PROTOTYPES = YES;
				CLANG_WARN_SUSPICIOUS_MOVE = YES;
				CLANG_WARN_UNGUARDED_AVAILABILITY = YES_AGGRESSIVE;
				CLANG_WARN_UNREACHABLE_CODE = YES;
				CLANG_WARN__DUPLICATE_METHOD_MATCH = YES;
				CODE_SIGN_IDENTITY = "-";
				COPY_PHASE_STRIP = NO;
				CURRENT_PROJECT_VERSION = 1;
				DEBUG_INFORMATION_FORMAT = dwarf;
				ENABLE_STRICT_OBJC_MSGSEND = YES;
				ENABLE_TESTABILITY = YES;
				GCC_C_LANGUAGE_STANDARD = gnu11;
				GCC_DYNAMIC_NO_PIC = NO;
				GCC_NO_COMMON_BLOCKS = YES;
				GCC_OPTIMIZATION_LEVEL = 0;
				GCC_PREPROCESSOR_DEFINITIONS = (
					"DEBUG=1",
					"$(inherited)",
				);
				GCC_WARN_64_TO_32_BIT_CONVERSION = YES;
				GCC_WARN_ABOUT_RETURN_TYPE = YES_ERROR;
				GCC_WARN_UNDECLARED_SELECTOR = YES;
				GCC_WARN_UNINITIALIZED_AUTOS = YES_AGGRESSIVE;
				GCC_WARN_UNUSED_FUNCTION = YES;
				GCC_WARN_UNUSED_VARIABLE = YES;
				IPHONEOS_DEPLOYMENT_TARGET = 10.0;
				MACOSX_DEPLOYMENT_TARGET = 10.12;
				MTL_ENABLE_DEBUG_INFO = YES;
				ONLY_ACTIVE_ARCH = YES;
				SDKROOT = macosx;
				SWIFT_ACTIVE_COMPILATION_CONDITIONS = DEBUG;
				SWIFT_OPTIMIZATION_LEVEL = "-Onone";
				TVOS_DEPLOYMENT_TARGET = 10.0;
				VERSIONING_SYSTEM = "apple-generic";
				VERSION_INFO_PREFIX = "";
			};
			name = Debug;
		};
		5E26463A1FB64876002DC6B6 /* Release */ = {
			isa = XCBuildConfiguration;
			buildSettings = {
				ALWAYS_SEARCH_USER_PATHS = NO;
				CLANG_ANALYZER_NONNULL = YES;
				CLANG_ANALYZER_NUMBER_OBJECT_CONVERSION = YES_AGGRESSIVE;
				CLANG_CXX_LANGUAGE_STANDARD = "gnu++14";
				CLANG_CXX_LIBRARY = "libc++";
				CLANG_ENABLE_MODULES = YES;
				CLANG_ENABLE_OBJC_ARC = YES;
				CLANG_WARN_BLOCK_CAPTURE_AUTORELEASING = YES;
				CLANG_WARN_BOOL_CONVERSION = YES;
				CLANG_WARN_COMMA = YES;
				CLANG_WARN_CONSTANT_CONVERSION = YES;
				CLANG_WARN_DIRECT_OBJC_ISA_USAGE = YES_ERROR;
				CLANG_WARN_DOCUMENTATION_COMMENTS = YES;
				CLANG_WARN_EMPTY_BODY = YES;
				CLANG_WARN_ENUM_CONVERSION = YES;
				CLANG_WARN_INFINITE_RECURSION = YES;
				CLANG_WARN_INT_CONVERSION = YES;
				CLANG_WARN_NON_LITERAL_NULL_CONVERSION = YES;
				CLANG_WARN_OBJC_LITERAL_CONVERSION = YES;
				CLANG_WARN_OBJC_ROOT_CLASS = YES_ERROR;
				CLANG_WARN_RANGE_LOOP_ANALYSIS = YES;
				CLANG_WARN_STRICT_PROTOTYPES = YES;
				CLANG_WARN_SUSPICIOUS_MOVE = YES;
				CLANG_WARN_UNGUARDED_AVAILABILITY = YES_AGGRESSIVE;
				CLANG_WARN_UNREACHABLE_CODE = YES;
				CLANG_WARN__DUPLICATE_METHOD_MATCH = YES;
				CODE_SIGN_IDENTITY = "-";
				COPY_PHASE_STRIP = NO;
				CURRENT_PROJECT_VERSION = 1;
				DEBUG_INFORMATION_FORMAT = "dwarf-with-dsym";
				ENABLE_NS_ASSERTIONS = NO;
				ENABLE_STRICT_OBJC_MSGSEND = YES;
				GCC_C_LANGUAGE_STANDARD = gnu11;
				GCC_NO_COMMON_BLOCKS = YES;
				GCC_WARN_64_TO_32_BIT_CONVERSION = YES;
				GCC_WARN_ABOUT_RETURN_TYPE = YES_ERROR;
				GCC_WARN_UNDECLARED_SELECTOR = YES;
				GCC_WARN_UNINITIALIZED_AUTOS = YES_AGGRESSIVE;
				GCC_WARN_UNUSED_FUNCTION = YES;
				GCC_WARN_UNUSED_VARIABLE = YES;
				IPHONEOS_DEPLOYMENT_TARGET = 10.0;
				MACOSX_DEPLOYMENT_TARGET = 10.12;
				MTL_ENABLE_DEBUG_INFO = NO;
				SDKROOT = macosx;
				SWIFT_OPTIMIZATION_LEVEL = "-Owholemodule";
				TVOS_DEPLOYMENT_TARGET = 10.0;
				VERSIONING_SYSTEM = "apple-generic";
				VERSION_INFO_PREFIX = "";
			};
			name = Release;
		};
		5E26463C1FB64876002DC6B6 /* Debug */ = {
			isa = XCBuildConfiguration;
			buildSettings = {
				CLANG_ENABLE_MODULES = YES;
				CODE_SIGN_IDENTITY = "";
				CODE_SIGN_STYLE = Automatic;
				COMBINE_HIDPI_IMAGES = YES;
				DEFINES_MODULE = YES;
				DYLIB_COMPATIBILITY_VERSION = 1;
				DYLIB_CURRENT_VERSION = 1;
				DYLIB_INSTALL_NAME_BASE = "@rpath";
				FRAMEWORK_VERSION = A;
				INFOPLIST_FILE = PlaygroundLogger/Info.plist;
				INSTALL_PATH = "$(LOCAL_LIBRARY_DIR)/Frameworks";
				LD_RUNPATH_SEARCH_PATHS = "@loader_path/../../../";
				OTHER_SWIFT_FLAGS = "-Xfrontend -debugger-support";
				PRODUCT_BUNDLE_IDENTIFIER = org.swift.PlaygroundLogger;
				PRODUCT_NAME = "$(TARGET_NAME:c99extidentifier)";
				SKIP_INSTALL = YES;
				SUPPORTED_PLATFORMS = "macosx iphonesimulator iphoneos appletvsimulator appletvos";
				SWIFT_VERSION = 4.0;
			};
			name = Debug;
		};
		5E26463D1FB64876002DC6B6 /* Release */ = {
			isa = XCBuildConfiguration;
			buildSettings = {
				CLANG_ENABLE_MODULES = YES;
				CODE_SIGN_IDENTITY = "";
				CODE_SIGN_STYLE = Automatic;
				COMBINE_HIDPI_IMAGES = YES;
				DEFINES_MODULE = YES;
				DYLIB_COMPATIBILITY_VERSION = 1;
				DYLIB_CURRENT_VERSION = 1;
				DYLIB_INSTALL_NAME_BASE = "@rpath";
				FRAMEWORK_VERSION = A;
				INFOPLIST_FILE = PlaygroundLogger/Info.plist;
				INSTALL_PATH = "$(LOCAL_LIBRARY_DIR)/Frameworks";
				LD_RUNPATH_SEARCH_PATHS = "@loader_path/../../../";
				OTHER_SWIFT_FLAGS = "-Xfrontend -debugger-support";
				PRODUCT_BUNDLE_IDENTIFIER = org.swift.PlaygroundLogger;
				PRODUCT_NAME = "$(TARGET_NAME:c99extidentifier)";
				SKIP_INSTALL = YES;
				SUPPORTED_PLATFORMS = "macosx iphonesimulator iphoneos appletvsimulator appletvos";
				SWIFT_VERSION = 4.0;
			};
			name = Release;
		};
		5E26463F1FB64876002DC6B6 /* Debug */ = {
			isa = XCBuildConfiguration;
			buildSettings = {
				ALWAYS_EMBED_SWIFT_STANDARD_LIBRARIES = YES;
				CODE_SIGN_STYLE = Automatic;
				COMBINE_HIDPI_IMAGES = YES;
				INFOPLIST_FILE = PlaygroundLoggerTests_macOS/Info.plist;
				LD_RUNPATH_SEARCH_PATHS = "$(inherited) @executable_path/../Frameworks @loader_path/../Frameworks";
				PRODUCT_BUNDLE_IDENTIFIER = org.swift.PlaygroundLoggerTests;
				PRODUCT_NAME = "$(TARGET_NAME)";
				SWIFT_VERSION = 4.0;
			};
			name = Debug;
		};
		5E2646401FB64876002DC6B6 /* Release */ = {
			isa = XCBuildConfiguration;
			buildSettings = {
				ALWAYS_EMBED_SWIFT_STANDARD_LIBRARIES = YES;
				CODE_SIGN_STYLE = Automatic;
				COMBINE_HIDPI_IMAGES = YES;
				INFOPLIST_FILE = PlaygroundLoggerTests_macOS/Info.plist;
				LD_RUNPATH_SEARCH_PATHS = "$(inherited) @executable_path/../Frameworks @loader_path/../Frameworks";
				PRODUCT_BUNDLE_IDENTIFIER = org.swift.PlaygroundLoggerTests;
				PRODUCT_NAME = "$(TARGET_NAME)";
				SWIFT_VERSION = 4.0;
			};
			name = Release;
		};
/* End XCBuildConfiguration section */

/* Begin XCConfigurationList section */
		5E2646211FB64876002DC6B6 /* Build configuration list for PBXProject "PlaygroundLogger" */ = {
			isa = XCConfigurationList;
			buildConfigurations = (
				5E2646391FB64876002DC6B6 /* Debug */,
				5E26463A1FB64876002DC6B6 /* Release */,
			);
			defaultConfigurationIsVisible = 0;
			defaultConfigurationName = Release;
		};
		5E26463B1FB64876002DC6B6 /* Build configuration list for PBXNativeTarget "PlaygroundLogger" */ = {
			isa = XCConfigurationList;
			buildConfigurations = (
				5E26463C1FB64876002DC6B6 /* Debug */,
				5E26463D1FB64876002DC6B6 /* Release */,
			);
			defaultConfigurationIsVisible = 0;
			defaultConfigurationName = Release;
		};
		5E26463E1FB64876002DC6B6 /* Build configuration list for PBXNativeTarget "PlaygroundLoggerTests_macOS" */ = {
			isa = XCConfigurationList;
			buildConfigurations = (
				5E26463F1FB64876002DC6B6 /* Debug */,
				5E2646401FB64876002DC6B6 /* Release */,
			);
			defaultConfigurationIsVisible = 0;
			defaultConfigurationName = Release;
		};
/* End XCConfigurationList section */
	};
	rootObject = 5E26461E1FB64876002DC6B6 /* Project object */;
}
